
Microsoft Visual Studio Solution File, Format Version 12.00
# Visual Studio 14
VisualStudioVersion = 14.0.24720.0
MinimumVisualStudioVersion = 10.0.40219.1
Project("{8BC9CEB8-8B4A-11D0-8D11-00A0C91BC942}") = "EngineCore", "EngineCore\SWEngine.vcxproj", "{08F5AD41-2020-48AB-8AC3-7FE0039ED65F}"
	ProjectSection(ProjectDependencies) = postProject
		{59FA8028-2346-4246-854F-14DCFAB6AB56} = {59FA8028-2346-4246-854F-14DCFAB6AB56}
		{44643D7F-1C71-41C1-B452-B2DC5E088A58} = {44643D7F-1C71-41C1-B452-B2DC5E088A58}
	EndProjectSection
EndProject
Project("{8BC9CEB8-8B4A-11D0-8D11-00A0C91BC942}") = "DX11API", "DX11API\DX11API.vcxproj", "{44643D7F-1C71-41C1-B452-B2DC5E088A58}"
EndProject
Project("{2150E333-8FDC-42A3-9474-1A3956D46DE8}") = "GraphicAPI", "GraphicAPI", "{9634F687-32C9-4597-9A29-FD49A2B9BB5F}"
EndProject
Project("{8BC9CEB8-8B4A-11D0-8D11-00A0C91BC942}") = "EngineGUI", "EngineGUI\EngineGUI.vcxproj", "{C6DAB3EE-E9A7-47FC-9B33-A8F4250C219B}"
EndProject
Project("{8BC9CEB8-8B4A-11D0-8D11-00A0C91BC942}") = "TestEngine", "TestEngine\TestEngine.vcxproj", "{AFADFC8A-7077-47D9-8B08-A489719C7801}"
	ProjectSection(ProjectDependencies) = postProject
		{59FA8028-2346-4246-854F-14DCFAB6AB56} = {59FA8028-2346-4246-854F-14DCFAB6AB56}
		{B5C0A850-91A7-4DB1-913D-9850AD23A735} = {B5C0A850-91A7-4DB1-913D-9850AD23A735}
	EndProjectSection
EndProject
Project("{FAE04EC0-301F-11D3-BF4B-00C04F79EFBC}") = "EditorApp", "..\EngineCode\EngineEditor\EditorApp\EditorApp.csproj", "{864E3AB0-8199-4D9E-9AD3-CC81476E8AED}"
EndProject
Project("{8BC9CEB8-8B4A-11D0-8D11-00A0C91BC942}") = "EditorPlugin", "EditorPlugin\EditorPlugin.vcxproj", "{D6D5F6EF-4B74-4EBE-8D8D-E76C7C423D05}"
	ProjectSection(ProjectDependencies) = postProject
		{08F5AD41-2020-48AB-8AC3-7FE0039ED65F} = {08F5AD41-2020-48AB-8AC3-7FE0039ED65F}
	EndProjectSection
EndProject
Project("{2150E333-8FDC-42A3-9474-1A3956D46DE8}") = "EngineEditor", "EngineEditor", "{0C59B1BA-0A0D-4B82-BD64-149C775C379B}"
EndProject
Project("{8BC9CEB8-8B4A-11D0-8D11-00A0C91BC942}") = "Interop.D3DImageEx", "Interop.D3DImageEx\Interop.D3DImageEx.vcxproj", "{2953F688-1281-443A-886F-95B25002C7B7}"
EndProject
Project("{2150E333-8FDC-42A3-9474-1A3956D46DE8}") = "Tools", "Tools", "{DD0F00A4-19CD-45DA-99CF-541925389744}"
EndProject
Project("{8BC9CEB8-8B4A-11D0-8D11-00A0C91BC942}") = "SerializerJSON", "SerializerJSON\SerializerJSON.vcxproj", "{D8738375-5855-4241-8CB9-63FFE08E1B96}"
EndProject
Project("{2150E333-8FDC-42A3-9474-1A3956D46DE8}") = "Tests", "Tests", "{415F8C84-7E86-4306-9173-7A5AEE6A5A67}"
EndProject
Project("{8BC9CEB8-8B4A-11D0-8D11-00A0C91BC942}") = "SerializationJSONTest", "Tests\SerializationTest\SerializationTest.vcxproj", "{63AACF6A-FB22-422D-A673-76AF22724D22}"
	ProjectSection(ProjectDependencies) = postProject
		{D8738375-5855-4241-8CB9-63FFE08E1B96} = {D8738375-5855-4241-8CB9-63FFE08E1B96}
	EndProjectSection
EndProject
Project("{8BC9CEB8-8B4A-11D0-8D11-00A0C91BC942}") = "SerializerXML", "SerializerXML\SerializerXML.vcxproj", "{49CF5D13-CF9B-4653-9586-05CB12B9A4CA}"
EndProject
Project("{8BC9CEB8-8B4A-11D0-8D11-00A0C91BC942}") = "LightmapsTool", "LightmapsTool\LightmapsTool.vcxproj", "{B5C0A850-91A7-4DB1-913D-9850AD23A735}"
	ProjectSection(ProjectDependencies) = postProject
		{59FA8028-2346-4246-854F-14DCFAB6AB56} = {59FA8028-2346-4246-854F-14DCFAB6AB56}
	EndProjectSection
EndProject
Project("{8BC9CEB8-8B4A-11D0-8D11-00A0C91BC942}") = "SerializationXMLTest", "Tests\SerializationTest\SerializationXMLTest.vcxproj", "{E2866C51-5348-4F94-AC58-C6372C1E53D7}"
	ProjectSection(ProjectDependencies) = postProject
		{49CF5D13-CF9B-4653-9586-05CB12B9A4CA} = {49CF5D13-CF9B-4653-9586-05CB12B9A4CA}
	EndProjectSection
EndProject
Project("{FAE04EC0-301F-11D3-BF4B-00C04F79EFBC}") = "Installer", "..\EngineCode\Installer\Installer.csproj", "{B7E359FE-F09B-4B83-9D4C-90B516DA2386}"
EndProject
Project("{8BC9CEB8-8B4A-11D0-8D11-00A0C91BC942}") = "PropertiesTest", "Tests\PropertiesTest\PropertiesTest.vcxproj", "{1276506A-9D46-4A96-BFD1-333765D1849A}"
	ProjectSection(ProjectDependencies) = postProject
		{59FA8028-2346-4246-854F-14DCFAB6AB56} = {59FA8028-2346-4246-854F-14DCFAB6AB56}
	EndProjectSection
EndProject
Project("{8BC9CEB8-8B4A-11D0-8D11-00A0C91BC942}") = "Reflection", "Reflection\Reflection.vcxproj", "{59FA8028-2346-4246-854F-14DCFAB6AB56}"
EndProject
Global
	GlobalSection(SolutionConfigurationPlatforms) = preSolution
		Debug|Any CPU = Debug|Any CPU
		Debug|ARM = Debug|ARM
		Debug|Mixed Platforms = Debug|Mixed Platforms
		Debug|Win32 = Debug|Win32
		Debug|x64 = Debug|x64
		Release|Any CPU = Release|Any CPU
		Release|ARM = Release|ARM
		Release|Mixed Platforms = Release|Mixed Platforms
		Release|Win32 = Release|Win32
		Release|x64 = Release|x64
	EndGlobalSection
	GlobalSection(ProjectConfigurationPlatforms) = postSolution
		{08F5AD41-2020-48AB-8AC3-7FE0039ED65F}.Debug|Any CPU.ActiveCfg = Debug|Win32
		{08F5AD41-2020-48AB-8AC3-7FE0039ED65F}.Debug|ARM.ActiveCfg = Debug|Win32
		{08F5AD41-2020-48AB-8AC3-7FE0039ED65F}.Debug|Mixed Platforms.ActiveCfg = Debug|Win32
		{08F5AD41-2020-48AB-8AC3-7FE0039ED65F}.Debug|Mixed Platforms.Build.0 = Debug|Win32
		{08F5AD41-2020-48AB-8AC3-7FE0039ED65F}.Debug|Win32.ActiveCfg = Debug|Win32
		{08F5AD41-2020-48AB-8AC3-7FE0039ED65F}.Debug|Win32.Build.0 = Debug|Win32
		{08F5AD41-2020-48AB-8AC3-7FE0039ED65F}.Debug|x64.ActiveCfg = Debug|x64
		{08F5AD41-2020-48AB-8AC3-7FE0039ED65F}.Debug|x64.Build.0 = Debug|x64
		{08F5AD41-2020-48AB-8AC3-7FE0039ED65F}.Release|Any CPU.ActiveCfg = Release|Win32
		{08F5AD41-2020-48AB-8AC3-7FE0039ED65F}.Release|ARM.ActiveCfg = Release|Win32
		{08F5AD41-2020-48AB-8AC3-7FE0039ED65F}.Release|Mixed Platforms.ActiveCfg = Release|Win32
		{08F5AD41-2020-48AB-8AC3-7FE0039ED65F}.Release|Mixed Platforms.Build.0 = Release|Win32
		{08F5AD41-2020-48AB-8AC3-7FE0039ED65F}.Release|Win32.ActiveCfg = Release|Win32
		{08F5AD41-2020-48AB-8AC3-7FE0039ED65F}.Release|Win32.Build.0 = Release|Win32
		{08F5AD41-2020-48AB-8AC3-7FE0039ED65F}.Release|x64.ActiveCfg = Release|x64
		{08F5AD41-2020-48AB-8AC3-7FE0039ED65F}.Release|x64.Build.0 = Release|x64
		{44643D7F-1C71-41C1-B452-B2DC5E088A58}.Debug|Any CPU.ActiveCfg = Debug|Win32
		{44643D7F-1C71-41C1-B452-B2DC5E088A58}.Debug|ARM.ActiveCfg = Debug|Win32
		{44643D7F-1C71-41C1-B452-B2DC5E088A58}.Debug|Mixed Platforms.ActiveCfg = Debug|Win32
		{44643D7F-1C71-41C1-B452-B2DC5E088A58}.Debug|Mixed Platforms.Build.0 = Debug|Win32
		{44643D7F-1C71-41C1-B452-B2DC5E088A58}.Debug|Win32.ActiveCfg = Debug|Win32
		{44643D7F-1C71-41C1-B452-B2DC5E088A58}.Debug|Win32.Build.0 = Debug|Win32
		{44643D7F-1C71-41C1-B452-B2DC5E088A58}.Debug|x64.ActiveCfg = Debug|x64
		{44643D7F-1C71-41C1-B452-B2DC5E088A58}.Debug|x64.Build.0 = Debug|x64
		{44643D7F-1C71-41C1-B452-B2DC5E088A58}.Release|Any CPU.ActiveCfg = Release|Win32
		{44643D7F-1C71-41C1-B452-B2DC5E088A58}.Release|ARM.ActiveCfg = Release|Win32
		{44643D7F-1C71-41C1-B452-B2DC5E088A58}.Release|Mixed Platforms.ActiveCfg = Release|Win32
		{44643D7F-1C71-41C1-B452-B2DC5E088A58}.Release|Mixed Platforms.Build.0 = Release|Win32
		{44643D7F-1C71-41C1-B452-B2DC5E088A58}.Release|Win32.ActiveCfg = Release|Win32
		{44643D7F-1C71-41C1-B452-B2DC5E088A58}.Release|Win32.Build.0 = Release|Win32
		{44643D7F-1C71-41C1-B452-B2DC5E088A58}.Release|Win32.Deploy.0 = Release|Win32
		{44643D7F-1C71-41C1-B452-B2DC5E088A58}.Release|x64.ActiveCfg = Release|x64
		{44643D7F-1C71-41C1-B452-B2DC5E088A58}.Release|x64.Build.0 = Release|x64
		{C6DAB3EE-E9A7-47FC-9B33-A8F4250C219B}.Debug|Any CPU.ActiveCfg = Debug|Win32
		{C6DAB3EE-E9A7-47FC-9B33-A8F4250C219B}.Debug|ARM.ActiveCfg = Debug|Win32
		{C6DAB3EE-E9A7-47FC-9B33-A8F4250C219B}.Debug|Mixed Platforms.ActiveCfg = Debug|Win32
		{C6DAB3EE-E9A7-47FC-9B33-A8F4250C219B}.Debug|Mixed Platforms.Build.0 = Debug|Win32
		{C6DAB3EE-E9A7-47FC-9B33-A8F4250C219B}.Debug|Win32.ActiveCfg = Debug|Win32
		{C6DAB3EE-E9A7-47FC-9B33-A8F4250C219B}.Debug|Win32.Build.0 = Debug|Win32
		{C6DAB3EE-E9A7-47FC-9B33-A8F4250C219B}.Debug|x64.ActiveCfg = Debug|x64
		{C6DAB3EE-E9A7-47FC-9B33-A8F4250C219B}.Debug|x64.Build.0 = Debug|x64
		{C6DAB3EE-E9A7-47FC-9B33-A8F4250C219B}.Release|Any CPU.ActiveCfg = Release|Win32
		{C6DAB3EE-E9A7-47FC-9B33-A8F4250C219B}.Release|ARM.ActiveCfg = Release|Win32
		{C6DAB3EE-E9A7-47FC-9B33-A8F4250C219B}.Release|Mixed Platforms.ActiveCfg = Release|Win32
		{C6DAB3EE-E9A7-47FC-9B33-A8F4250C219B}.Release|Mixed Platforms.Build.0 = Release|Win32
		{C6DAB3EE-E9A7-47FC-9B33-A8F4250C219B}.Release|Win32.ActiveCfg = Release|Win32
		{C6DAB3EE-E9A7-47FC-9B33-A8F4250C219B}.Release|Win32.Build.0 = Release|Win32
		{C6DAB3EE-E9A7-47FC-9B33-A8F4250C219B}.Release|x64.ActiveCfg = Release|x64
		{C6DAB3EE-E9A7-47FC-9B33-A8F4250C219B}.Release|x64.Build.0 = Release|x64
		{AFADFC8A-7077-47D9-8B08-A489719C7801}.Debug|Any CPU.ActiveCfg = Debug|Win32
		{AFADFC8A-7077-47D9-8B08-A489719C7801}.Debug|ARM.ActiveCfg = Debug|Win32
		{AFADFC8A-7077-47D9-8B08-A489719C7801}.Debug|Mixed Platforms.ActiveCfg = Debug|Win32
		{AFADFC8A-7077-47D9-8B08-A489719C7801}.Debug|Mixed Platforms.Build.0 = Debug|Win32
		{AFADFC8A-7077-47D9-8B08-A489719C7801}.Debug|Win32.ActiveCfg = Debug|Win32
		{AFADFC8A-7077-47D9-8B08-A489719C7801}.Debug|Win32.Build.0 = Debug|Win32
		{AFADFC8A-7077-47D9-8B08-A489719C7801}.Debug|x64.ActiveCfg = Debug|x64
		{AFADFC8A-7077-47D9-8B08-A489719C7801}.Debug|x64.Build.0 = Debug|x64
		{AFADFC8A-7077-47D9-8B08-A489719C7801}.Release|Any CPU.ActiveCfg = Release|Win32
		{AFADFC8A-7077-47D9-8B08-A489719C7801}.Release|ARM.ActiveCfg = Release|Win32
		{AFADFC8A-7077-47D9-8B08-A489719C7801}.Release|Mixed Platforms.ActiveCfg = Release|Win32
		{AFADFC8A-7077-47D9-8B08-A489719C7801}.Release|Mixed Platforms.Build.0 = Release|Win32
		{AFADFC8A-7077-47D9-8B08-A489719C7801}.Release|Win32.ActiveCfg = Release|Win32
		{AFADFC8A-7077-47D9-8B08-A489719C7801}.Release|Win32.Build.0 = Release|Win32
		{AFADFC8A-7077-47D9-8B08-A489719C7801}.Release|x64.ActiveCfg = Release|x64
		{AFADFC8A-7077-47D9-8B08-A489719C7801}.Release|x64.Build.0 = Release|x64
		{864E3AB0-8199-4D9E-9AD3-CC81476E8AED}.Debug|Any CPU.ActiveCfg = Debug|Any CPU
		{864E3AB0-8199-4D9E-9AD3-CC81476E8AED}.Debug|Any CPU.Build.0 = Debug|Any CPU
		{864E3AB0-8199-4D9E-9AD3-CC81476E8AED}.Debug|ARM.ActiveCfg = Debug|Any CPU
		{864E3AB0-8199-4D9E-9AD3-CC81476E8AED}.Debug|Mixed Platforms.ActiveCfg = Debug|Any CPU
		{864E3AB0-8199-4D9E-9AD3-CC81476E8AED}.Debug|Mixed Platforms.Build.0 = Debug|Any CPU
		{864E3AB0-8199-4D9E-9AD3-CC81476E8AED}.Debug|Win32.ActiveCfg = Debug|x86
		{864E3AB0-8199-4D9E-9AD3-CC81476E8AED}.Debug|x64.ActiveCfg = Debug|x64
		{864E3AB0-8199-4D9E-9AD3-CC81476E8AED}.Release|Any CPU.ActiveCfg = Release|Any CPU
		{864E3AB0-8199-4D9E-9AD3-CC81476E8AED}.Release|Any CPU.Build.0 = Release|Any CPU
		{864E3AB0-8199-4D9E-9AD3-CC81476E8AED}.Release|ARM.ActiveCfg = Release|Any CPU
		{864E3AB0-8199-4D9E-9AD3-CC81476E8AED}.Release|Mixed Platforms.ActiveCfg = Release|Any CPU
		{864E3AB0-8199-4D9E-9AD3-CC81476E8AED}.Release|Mixed Platforms.Build.0 = Release|Any CPU
		{864E3AB0-8199-4D9E-9AD3-CC81476E8AED}.Release|Win32.ActiveCfg = Release|x86
		{864E3AB0-8199-4D9E-9AD3-CC81476E8AED}.Release|x64.ActiveCfg = Release|x64
		{D6D5F6EF-4B74-4EBE-8D8D-E76C7C423D05}.Debug|Any CPU.ActiveCfg = Debug|Win32
		{D6D5F6EF-4B74-4EBE-8D8D-E76C7C423D05}.Debug|ARM.ActiveCfg = Debug|Win32
		{D6D5F6EF-4B74-4EBE-8D8D-E76C7C423D05}.Debug|Mixed Platforms.ActiveCfg = Debug|Win32
		{D6D5F6EF-4B74-4EBE-8D8D-E76C7C423D05}.Debug|Mixed Platforms.Build.0 = Debug|Win32
		{D6D5F6EF-4B74-4EBE-8D8D-E76C7C423D05}.Debug|Win32.ActiveCfg = Debug|Win32
		{D6D5F6EF-4B74-4EBE-8D8D-E76C7C423D05}.Debug|Win32.Build.0 = Debug|Win32
		{D6D5F6EF-4B74-4EBE-8D8D-E76C7C423D05}.Debug|x64.ActiveCfg = Debug|x64
		{D6D5F6EF-4B74-4EBE-8D8D-E76C7C423D05}.Debug|x64.Build.0 = Debug|x64
		{D6D5F6EF-4B74-4EBE-8D8D-E76C7C423D05}.Release|Any CPU.ActiveCfg = Release|Win32
		{D6D5F6EF-4B74-4EBE-8D8D-E76C7C423D05}.Release|ARM.ActiveCfg = Release|Win32
		{D6D5F6EF-4B74-4EBE-8D8D-E76C7C423D05}.Release|Mixed Platforms.ActiveCfg = Release|Win32
		{D6D5F6EF-4B74-4EBE-8D8D-E76C7C423D05}.Release|Mixed Platforms.Build.0 = Release|Win32
		{D6D5F6EF-4B74-4EBE-8D8D-E76C7C423D05}.Release|Win32.ActiveCfg = Release|Win32
		{D6D5F6EF-4B74-4EBE-8D8D-E76C7C423D05}.Release|Win32.Build.0 = Release|Win32
		{D6D5F6EF-4B74-4EBE-8D8D-E76C7C423D05}.Release|x64.ActiveCfg = Release|x64
		{D6D5F6EF-4B74-4EBE-8D8D-E76C7C423D05}.Release|x64.Build.0 = Release|x64
		{2953F688-1281-443A-886F-95B25002C7B7}.Debug|Any CPU.ActiveCfg = Debug|Win32
		{2953F688-1281-443A-886F-95B25002C7B7}.Debug|ARM.ActiveCfg = Debug|Win32
		{2953F688-1281-443A-886F-95B25002C7B7}.Debug|Mixed Platforms.ActiveCfg = Debug|Win32
		{2953F688-1281-443A-886F-95B25002C7B7}.Debug|Mixed Platforms.Build.0 = Debug|Win32
		{2953F688-1281-443A-886F-95B25002C7B7}.Debug|Win32.ActiveCfg = Debug|Win32
		{2953F688-1281-443A-886F-95B25002C7B7}.Debug|Win32.Build.0 = Debug|Win32
		{2953F688-1281-443A-886F-95B25002C7B7}.Debug|x64.ActiveCfg = Debug|x64
		{2953F688-1281-443A-886F-95B25002C7B7}.Debug|x64.Build.0 = Debug|x64
		{2953F688-1281-443A-886F-95B25002C7B7}.Release|Any CPU.ActiveCfg = Release|Win32
		{2953F688-1281-443A-886F-95B25002C7B7}.Release|ARM.ActiveCfg = Release|Win32
		{2953F688-1281-443A-886F-95B25002C7B7}.Release|Mixed Platforms.ActiveCfg = Release|Win32
		{2953F688-1281-443A-886F-95B25002C7B7}.Release|Mixed Platforms.Build.0 = Release|Win32
		{2953F688-1281-443A-886F-95B25002C7B7}.Release|Win32.ActiveCfg = Release|Win32
		{2953F688-1281-443A-886F-95B25002C7B7}.Release|Win32.Build.0 = Release|Win32
		{2953F688-1281-443A-886F-95B25002C7B7}.Release|x64.ActiveCfg = Release|x64
		{2953F688-1281-443A-886F-95B25002C7B7}.Release|x64.Build.0 = Release|x64
		{D8738375-5855-4241-8CB9-63FFE08E1B96}.Debug|Any CPU.ActiveCfg = Debug|Win32
		{D8738375-5855-4241-8CB9-63FFE08E1B96}.Debug|ARM.ActiveCfg = Debug|Win32
		{D8738375-5855-4241-8CB9-63FFE08E1B96}.Debug|Mixed Platforms.ActiveCfg = Debug|Win32
		{D8738375-5855-4241-8CB9-63FFE08E1B96}.Debug|Mixed Platforms.Build.0 = Debug|Win32
		{D8738375-5855-4241-8CB9-63FFE08E1B96}.Debug|Win32.ActiveCfg = Debug|Win32
		{D8738375-5855-4241-8CB9-63FFE08E1B96}.Debug|Win32.Build.0 = Debug|Win32
		{D8738375-5855-4241-8CB9-63FFE08E1B96}.Debug|x64.ActiveCfg = Debug|x64
		{D8738375-5855-4241-8CB9-63FFE08E1B96}.Debug|x64.Build.0 = Debug|x64
		{D8738375-5855-4241-8CB9-63FFE08E1B96}.Release|Any CPU.ActiveCfg = Release|Win32
		{D8738375-5855-4241-8CB9-63FFE08E1B96}.Release|ARM.ActiveCfg = Release|Win32
		{D8738375-5855-4241-8CB9-63FFE08E1B96}.Release|Mixed Platforms.ActiveCfg = Release|Win32
		{D8738375-5855-4241-8CB9-63FFE08E1B96}.Release|Mixed Platforms.Build.0 = Release|Win32
		{D8738375-5855-4241-8CB9-63FFE08E1B96}.Release|Win32.ActiveCfg = Release|Win32
		{D8738375-5855-4241-8CB9-63FFE08E1B96}.Release|Win32.Build.0 = Release|Win32
		{D8738375-5855-4241-8CB9-63FFE08E1B96}.Release|x64.ActiveCfg = Release|x64
		{D8738375-5855-4241-8CB9-63FFE08E1B96}.Release|x64.Build.0 = Release|x64
		{63AACF6A-FB22-422D-A673-76AF22724D22}.Debug|Any CPU.ActiveCfg = Debug|Win32
		{63AACF6A-FB22-422D-A673-76AF22724D22}.Debug|ARM.ActiveCfg = Debug|Win32
		{63AACF6A-FB22-422D-A673-76AF22724D22}.Debug|Mixed Platforms.ActiveCfg = Debug|Win32
		{63AACF6A-FB22-422D-A673-76AF22724D22}.Debug|Mixed Platforms.Build.0 = Debug|Win32
		{63AACF6A-FB22-422D-A673-76AF22724D22}.Debug|Win32.ActiveCfg = Debug|Win32
		{63AACF6A-FB22-422D-A673-76AF22724D22}.Debug|Win32.Build.0 = Debug|Win32
		{63AACF6A-FB22-422D-A673-76AF22724D22}.Debug|x64.ActiveCfg = Debug|x64
		{63AACF6A-FB22-422D-A673-76AF22724D22}.Debug|x64.Build.0 = Debug|x64
		{63AACF6A-FB22-422D-A673-76AF22724D22}.Release|Any CPU.ActiveCfg = Release|Win32
		{63AACF6A-FB22-422D-A673-76AF22724D22}.Release|ARM.ActiveCfg = Release|Win32
		{63AACF6A-FB22-422D-A673-76AF22724D22}.Release|Mixed Platforms.ActiveCfg = Release|Win32
		{63AACF6A-FB22-422D-A673-76AF22724D22}.Release|Mixed Platforms.Build.0 = Release|Win32
		{63AACF6A-FB22-422D-A673-76AF22724D22}.Release|Win32.ActiveCfg = Release|Win32
		{63AACF6A-FB22-422D-A673-76AF22724D22}.Release|Win32.Build.0 = Release|Win32
		{63AACF6A-FB22-422D-A673-76AF22724D22}.Release|x64.ActiveCfg = Release|x64
		{63AACF6A-FB22-422D-A673-76AF22724D22}.Release|x64.Build.0 = Release|x64
		{49CF5D13-CF9B-4653-9586-05CB12B9A4CA}.Debug|Any CPU.ActiveCfg = Debug|Win32
		{49CF5D13-CF9B-4653-9586-05CB12B9A4CA}.Debug|ARM.ActiveCfg = Debug|Win32
		{49CF5D13-CF9B-4653-9586-05CB12B9A4CA}.Debug|Mixed Platforms.ActiveCfg = Debug|Win32
		{49CF5D13-CF9B-4653-9586-05CB12B9A4CA}.Debug|Mixed Platforms.Build.0 = Debug|Win32
		{49CF5D13-CF9B-4653-9586-05CB12B9A4CA}.Debug|Win32.ActiveCfg = Debug|Win32
		{49CF5D13-CF9B-4653-9586-05CB12B9A4CA}.Debug|Win32.Build.0 = Debug|Win32
		{49CF5D13-CF9B-4653-9586-05CB12B9A4CA}.Debug|x64.ActiveCfg = Debug|x64
		{49CF5D13-CF9B-4653-9586-05CB12B9A4CA}.Debug|x64.Build.0 = Debug|x64
		{49CF5D13-CF9B-4653-9586-05CB12B9A4CA}.Release|Any CPU.ActiveCfg = Release|Win32
		{49CF5D13-CF9B-4653-9586-05CB12B9A4CA}.Release|ARM.ActiveCfg = Release|Win32
		{49CF5D13-CF9B-4653-9586-05CB12B9A4CA}.Release|Mixed Platforms.ActiveCfg = Release|Win32
		{49CF5D13-CF9B-4653-9586-05CB12B9A4CA}.Release|Mixed Platforms.Build.0 = Release|Win32
		{49CF5D13-CF9B-4653-9586-05CB12B9A4CA}.Release|Win32.ActiveCfg = Release|Win32
		{49CF5D13-CF9B-4653-9586-05CB12B9A4CA}.Release|Win32.Build.0 = Release|Win32
		{49CF5D13-CF9B-4653-9586-05CB12B9A4CA}.Release|x64.ActiveCfg = Release|x64
		{49CF5D13-CF9B-4653-9586-05CB12B9A4CA}.Release|x64.Build.0 = Release|x64
		{B5C0A850-91A7-4DB1-913D-9850AD23A735}.Debug|Any CPU.ActiveCfg = Debug|Win32
		{B5C0A850-91A7-4DB1-913D-9850AD23A735}.Debug|ARM.ActiveCfg = Debug|Win32
		{B5C0A850-91A7-4DB1-913D-9850AD23A735}.Debug|Mixed Platforms.ActiveCfg = Debug|Win32
		{B5C0A850-91A7-4DB1-913D-9850AD23A735}.Debug|Mixed Platforms.Build.0 = Debug|Win32
		{B5C0A850-91A7-4DB1-913D-9850AD23A735}.Debug|Win32.ActiveCfg = Debug|Win32
		{B5C0A850-91A7-4DB1-913D-9850AD23A735}.Debug|Win32.Build.0 = Debug|Win32
		{B5C0A850-91A7-4DB1-913D-9850AD23A735}.Debug|x64.ActiveCfg = Debug|x64
		{B5C0A850-91A7-4DB1-913D-9850AD23A735}.Debug|x64.Build.0 = Debug|x64
		{B5C0A850-91A7-4DB1-913D-9850AD23A735}.Release|Any CPU.ActiveCfg = Release|Win32
		{B5C0A850-91A7-4DB1-913D-9850AD23A735}.Release|ARM.ActiveCfg = Release|Win32
		{B5C0A850-91A7-4DB1-913D-9850AD23A735}.Release|Mixed Platforms.ActiveCfg = Release|Win32
		{B5C0A850-91A7-4DB1-913D-9850AD23A735}.Release|Mixed Platforms.Build.0 = Release|Win32
		{B5C0A850-91A7-4DB1-913D-9850AD23A735}.Release|Win32.ActiveCfg = Release|Win32
		{B5C0A850-91A7-4DB1-913D-9850AD23A735}.Release|Win32.Build.0 = Release|Win32
		{B5C0A850-91A7-4DB1-913D-9850AD23A735}.Release|x64.ActiveCfg = Release|x64
		{B5C0A850-91A7-4DB1-913D-9850AD23A735}.Release|x64.Build.0 = Release|x64
		{E2866C51-5348-4F94-AC58-C6372C1E53D7}.Debug|Any CPU.ActiveCfg = Debug|Win32
		{E2866C51-5348-4F94-AC58-C6372C1E53D7}.Debug|ARM.ActiveCfg = Debug|Win32
		{E2866C51-5348-4F94-AC58-C6372C1E53D7}.Debug|Mixed Platforms.ActiveCfg = Debug|Win32
		{E2866C51-5348-4F94-AC58-C6372C1E53D7}.Debug|Mixed Platforms.Build.0 = Debug|Win32
		{E2866C51-5348-4F94-AC58-C6372C1E53D7}.Debug|Win32.ActiveCfg = Debug|Win32
		{E2866C51-5348-4F94-AC58-C6372C1E53D7}.Debug|Win32.Build.0 = Debug|Win32
		{E2866C51-5348-4F94-AC58-C6372C1E53D7}.Debug|x64.ActiveCfg = Debug|x64
		{E2866C51-5348-4F94-AC58-C6372C1E53D7}.Debug|x64.Build.0 = Debug|x64
		{E2866C51-5348-4F94-AC58-C6372C1E53D7}.Release|Any CPU.ActiveCfg = Release|Win32
		{E2866C51-5348-4F94-AC58-C6372C1E53D7}.Release|ARM.ActiveCfg = Release|Win32
		{E2866C51-5348-4F94-AC58-C6372C1E53D7}.Release|Mixed Platforms.ActiveCfg = Release|Win32
		{E2866C51-5348-4F94-AC58-C6372C1E53D7}.Release|Mixed Platforms.Build.0 = Release|Win32
		{E2866C51-5348-4F94-AC58-C6372C1E53D7}.Release|Win32.ActiveCfg = Release|Win32
		{E2866C51-5348-4F94-AC58-C6372C1E53D7}.Release|Win32.Build.0 = Release|Win32
		{E2866C51-5348-4F94-AC58-C6372C1E53D7}.Release|x64.ActiveCfg = Release|x64
		{E2866C51-5348-4F94-AC58-C6372C1E53D7}.Release|x64.Build.0 = Release|x64
		{B7E359FE-F09B-4B83-9D4C-90B516DA2386}.Debug|Any CPU.ActiveCfg = Debug|Any CPU
		{B7E359FE-F09B-4B83-9D4C-90B516DA2386}.Debug|Any CPU.Build.0 = Debug|Any CPU
		{B7E359FE-F09B-4B83-9D4C-90B516DA2386}.Debug|ARM.ActiveCfg = Debug|Any CPU
		{B7E359FE-F09B-4B83-9D4C-90B516DA2386}.Debug|Mixed Platforms.ActiveCfg = Debug|Any CPU
		{B7E359FE-F09B-4B83-9D4C-90B516DA2386}.Debug|Mixed Platforms.Build.0 = Debug|Any CPU
		{B7E359FE-F09B-4B83-9D4C-90B516DA2386}.Debug|Win32.ActiveCfg = Debug|Any CPU
		{B7E359FE-F09B-4B83-9D4C-90B516DA2386}.Debug|x64.ActiveCfg = Debug|Any CPU
		{B7E359FE-F09B-4B83-9D4C-90B516DA2386}.Release|Any CPU.ActiveCfg = Release|Any CPU
		{B7E359FE-F09B-4B83-9D4C-90B516DA2386}.Release|Any CPU.Build.0 = Release|Any CPU
		{B7E359FE-F09B-4B83-9D4C-90B516DA2386}.Release|ARM.ActiveCfg = Release|Any CPU
		{B7E359FE-F09B-4B83-9D4C-90B516DA2386}.Release|Mixed Platforms.ActiveCfg = Release|Any CPU
		{B7E359FE-F09B-4B83-9D4C-90B516DA2386}.Release|Mixed Platforms.Build.0 = Release|Any CPU
		{B7E359FE-F09B-4B83-9D4C-90B516DA2386}.Release|Win32.ActiveCfg = Release|Any CPU
		{B7E359FE-F09B-4B83-9D4C-90B516DA2386}.Release|x64.ActiveCfg = Release|Any CPU
		{1276506A-9D46-4A96-BFD1-333765D1849A}.Debug|Any CPU.ActiveCfg = Debug|Win32
		{1276506A-9D46-4A96-BFD1-333765D1849A}.Debug|ARM.ActiveCfg = Debug|Win32
		{1276506A-9D46-4A96-BFD1-333765D1849A}.Debug|Mixed Platforms.ActiveCfg = Debug|Win32
		{1276506A-9D46-4A96-BFD1-333765D1849A}.Debug|Mixed Platforms.Build.0 = Debug|Win32
		{1276506A-9D46-4A96-BFD1-333765D1849A}.Debug|Win32.ActiveCfg = Debug|Win32
		{1276506A-9D46-4A96-BFD1-333765D1849A}.Debug|Win32.Build.0 = Debug|Win32
		{1276506A-9D46-4A96-BFD1-333765D1849A}.Debug|x64.ActiveCfg = Debug|x64
		{1276506A-9D46-4A96-BFD1-333765D1849A}.Debug|x64.Build.0 = Debug|x64
		{1276506A-9D46-4A96-BFD1-333765D1849A}.Release|Any CPU.ActiveCfg = Release|Win32
		{1276506A-9D46-4A96-BFD1-333765D1849A}.Release|ARM.ActiveCfg = Release|Win32
		{1276506A-9D46-4A96-BFD1-333765D1849A}.Release|Mixed Platforms.ActiveCfg = Release|Win32
		{1276506A-9D46-4A96-BFD1-333765D1849A}.Release|Mixed Platforms.Build.0 = Release|Win32
		{1276506A-9D46-4A96-BFD1-333765D1849A}.Release|Win32.ActiveCfg = Release|Win32
		{1276506A-9D46-4A96-BFD1-333765D1849A}.Release|Win32.Build.0 = Release|Win32
		{1276506A-9D46-4A96-BFD1-333765D1849A}.Release|x64.ActiveCfg = Release|x64
		{1276506A-9D46-4A96-BFD1-333765D1849A}.Release|x64.Build.0 = Release|x64
		{59FA8028-2346-4246-854F-14DCFAB6AB56}.Debug|Any CPU.ActiveCfg = Debug|Win32
		{59FA8028-2346-4246-854F-14DCFAB6AB56}.Debug|ARM.ActiveCfg = Debug|Win32
		{59FA8028-2346-4246-854F-14DCFAB6AB56}.Debug|Mixed Platforms.ActiveCfg = Debug|Win32
		{59FA8028-2346-4246-854F-14DCFAB6AB56}.Debug|Mixed Platforms.Build.0 = Debug|Win32
		{59FA8028-2346-4246-854F-14DCFAB6AB56}.Debug|Win32.ActiveCfg = Debug|Win32
		{59FA8028-2346-4246-854F-14DCFAB6AB56}.Debug|Win32.Build.0 = Debug|Win32
		{59FA8028-2346-4246-854F-14DCFAB6AB56}.Debug|x64.ActiveCfg = Debug|x64
		{59FA8028-2346-4246-854F-14DCFAB6AB56}.Debug|x64.Build.0 = Debug|x64
		{59FA8028-2346-4246-854F-14DCFAB6AB56}.Release|Any CPU.ActiveCfg = Release|Win32
		{59FA8028-2346-4246-854F-14DCFAB6AB56}.Release|ARM.ActiveCfg = Release|Win32
		{59FA8028-2346-4246-854F-14DCFAB6AB56}.Release|Mixed Platforms.ActiveCfg = Release|Win32
		{59FA8028-2346-4246-854F-14DCFAB6AB56}.Release|Mixed Platforms.Build.0 = Release|Win32
		{59FA8028-2346-4246-854F-14DCFAB6AB56}.Release|Win32.ActiveCfg = Release|Win32
		{59FA8028-2346-4246-854F-14DCFAB6AB56}.Release|Win32.Build.0 = Release|Win32
		{59FA8028-2346-4246-854F-14DCFAB6AB56}.Release|x64.ActiveCfg = Release|x64
		{59FA8028-2346-4246-854F-14DCFAB6AB56}.Release|x64.Build.0 = Release|x64
	EndGlobalSection
	GlobalSection(SolutionProperties) = preSolution
		HideSolutionNode = FALSE
	EndGlobalSection
	GlobalSection(NestedProjects) = preSolution
		{44643D7F-1C71-41C1-B452-B2DC5E088A58} = {9634F687-32C9-4597-9A29-FD49A2B9BB5F}
		{864E3AB0-8199-4D9E-9AD3-CC81476E8AED} = {0C59B1BA-0A0D-4B82-BD64-149C775C379B}
		{D6D5F6EF-4B74-4EBE-8D8D-E76C7C423D05} = {0C59B1BA-0A0D-4B82-BD64-149C775C379B}
		{2953F688-1281-443A-886F-95B25002C7B7} = {0C59B1BA-0A0D-4B82-BD64-149C775C379B}
		{D8738375-5855-4241-8CB9-63FFE08E1B96} = {DD0F00A4-19CD-45DA-99CF-541925389744}
		{63AACF6A-FB22-422D-A673-76AF22724D22} = {415F8C84-7E86-4306-9173-7A5AEE6A5A67}
		{49CF5D13-CF9B-4653-9586-05CB12B9A4CA} = {DD0F00A4-19CD-45DA-99CF-541925389744}
		{B5C0A850-91A7-4DB1-913D-9850AD23A735} = {0C59B1BA-0A0D-4B82-BD64-149C775C379B}
		{E2866C51-5348-4F94-AC58-C6372C1E53D7} = {415F8C84-7E86-4306-9173-7A5AEE6A5A67}
		{1276506A-9D46-4A96-BFD1-333765D1849A} = {415F8C84-7E86-4306-9173-7A5AEE6A5A67}
		{59FA8028-2346-4246-854F-14DCFAB6AB56} = {DD0F00A4-19CD-45DA-99CF-541925389744}
	EndGlobalSection
EndGlobal
