
Microsoft Visual Studio Solution File, Format Version 12.00
# Visual Studio 14
VisualStudioVersion = 14.0.25420.1
MinimumVisualStudioVersion = 10.0.40219.1
Project("{8BC9CEB8-8B4A-11D0-8D11-00A0C91BC942}") = "EngineCore", "EngineCore\SWEngine.vcxproj", "{08F5AD41-2020-48AB-8AC3-7FE0039ED65F}"
EndProject
Project("{8BC9CEB8-8B4A-11D0-8D11-00A0C91BC942}") = "TestEngine", "TestEngine\TestEngine.vcxproj", "{AFADFC8A-7077-47D9-8B08-A489719C7801}"
	ProjectSection(ProjectDependencies) = postProject
		{B5C0A850-91A7-4DB1-913D-9850AD23A735} = {B5C0A850-91A7-4DB1-913D-9850AD23A735}
	EndProjectSection
EndProject
Project("{FAE04EC0-301F-11D3-BF4B-00C04F79EFBC}") = "EditorApp", "..\EngineCode\EngineEditor\EditorApp\EditorApp.csproj", "{864E3AB0-8199-4D9E-9AD3-CC81476E8AED}"
EndProject
Project("{8BC9CEB8-8B4A-11D0-8D11-00A0C91BC942}") = "EditorPlugin", "EditorPlugin\EditorPlugin.vcxproj", "{D6D5F6EF-4B74-4EBE-8D8D-E76C7C423D05}"
	ProjectSection(ProjectDependencies) = postProject
		{08F5AD41-2020-48AB-8AC3-7FE0039ED65F} = {08F5AD41-2020-48AB-8AC3-7FE0039ED65F}
	EndProjectSection
EndProject
Project("{2150E333-8FDC-42A3-9474-1A3956D46DE8}") = "EngineEditor", "EngineEditor", "{0C59B1BA-0A0D-4B82-BD64-149C775C379B}"
EndProject
Project("{8BC9CEB8-8B4A-11D0-8D11-00A0C91BC942}") = "Interop.D3DImageEx", "Interop.D3DImageEx\Interop.D3DImageEx.vcxproj", "{2953F688-1281-443A-886F-95B25002C7B7}"
EndProject
Project("{2150E333-8FDC-42A3-9474-1A3956D46DE8}") = "Tools", "Tools", "{DD0F00A4-19CD-45DA-99CF-541925389744}"
EndProject
Project("{2150E333-8FDC-42A3-9474-1A3956D46DE8}") = "Tests", "Tests", "{415F8C84-7E86-4306-9173-7A5AEE6A5A67}"
EndProject
Project("{8BC9CEB8-8B4A-11D0-8D11-00A0C91BC942}") = "LightmapsTool", "LightmapsTool\LightmapsTool.vcxproj", "{B5C0A850-91A7-4DB1-913D-9850AD23A735}"
EndProject
Project("{FAE04EC0-301F-11D3-BF4B-00C04F79EFBC}") = "Installer", "..\EngineCode\Installer\Installer.csproj", "{B7E359FE-F09B-4B83-9D4C-90B516DA2386}"
EndProject
Project("{8BC9CEB8-8B4A-11D0-8D11-00A0C91BC942}") = "PropertiesTest", "Tests\PropertiesTest\PropertiesTest.vcxproj", "{1276506A-9D46-4A96-BFD1-333765D1849A}"
EndProject
Project("{8BC9CEB8-8B4A-11D0-8D11-00A0C91BC942}") = "FBXLoaderUnitTest", "FBXLoaderUnitTest\FBXLoaderUnitTest.vcxproj", "{B7F97C7C-9F14-4434-BA41-7A02A38363FE}"
EndProject
Project("{8BC9CEB8-8B4A-11D0-8D11-00A0C91BC942}") = "Geometric", "Geometric\Geometric.vcxproj", "{5476CBF5-F7F9-488F-B55C-B6331B82C54A}"
EndProject
Project("{8BC9CEB8-8B4A-11D0-8D11-00A0C91BC942}") = "GeometricsUnitTest", "Tests\GeometricsUnitTest\GeometricsUnitTest.vcxproj", "{03AE7B65-600C-4097-A952-77E60480D562}"
EndProject
Project("{2150E333-8FDC-42A3-9474-1A3956D46DE8}") = "swLibraries", "swLibraries", "{6BEB8F7D-0EFD-4D96-94FA-3C6EA302EDF5}"
EndProject
Project("{2150E333-8FDC-42A3-9474-1A3956D46DE8}") = "CommonLibrary", "CommonLibrary", "{C027050E-1E87-42B0-826E-38FCD6382E7E}"
EndProject
Project("{2150E333-8FDC-42A3-9474-1A3956D46DE8}") = "InputLibrary", "InputLibrary", "{13510A00-7425-417D-976B-682001D3FE52}"
EndProject
Project("{2150E333-8FDC-42A3-9474-1A3956D46DE8}") = "GraphicAPI", "GraphicAPI", "{D6BBA38D-CC37-4F3E-B3AC-88F99BFCBCFA}"
EndProject
Project("{2150E333-8FDC-42A3-9474-1A3956D46DE8}") = "GUI", "GUI", "{9BEFC765-25C0-4BF0-896C-587AC470F73A}"
EndProject
Project("{8BC9CEB8-8B4A-11D0-8D11-00A0C91BC942}") = "SerializerJSON", "..\EngineCode\swCommonLib\Projects\Visual2015\SerializerJSON\SerializerJSON.vcxproj", "{D8738375-5855-4241-8CB9-63FFE08E1B96}"
EndProject
Project("{2150E333-8FDC-42A3-9474-1A3956D46DE8}") = "Serialization", "Serialization", "{E69067E0-4911-4971-8702-3E7517C264E3}"
EndProject
Project("{8BC9CEB8-8B4A-11D0-8D11-00A0C91BC942}") = "SerializerXML", "..\EngineCode\swCommonLib\Projects\Visual2015\SerializerXML\SerializerXML.vcxproj", "{91CC6D16-F22C-434A-95E0-35EE857054C7}"
EndProject
Project("{8BC9CEB8-8B4A-11D0-8D11-00A0C91BC942}") = "Reflection", "..\EngineCode\swCommonLib\Projects\Visual2015\Reflection\Reflection.vcxproj", "{59FA8028-2346-4246-854F-14DCFAB6AB56}"
EndProject
Project("{8BC9CEB8-8B4A-11D0-8D11-00A0C91BC942}") = "CommonBase", "..\EngineCode\swCommonLib\Projects\Visual2015\CommonBase\CommonBase.vcxproj", "{9ABCBAB4-05B4-47C5-B5D8-F201559FD096}"
EndProject
Project("{8BC9CEB8-8B4A-11D0-8D11-00A0C91BC942}") = "Serialization", "..\EngineCode\swCommonLib\Projects\Visual2015\Serialization\Serialization.vcxproj", "{561754CB-295D-4D69-8DBC-BC069D1A636A}"
EndProject
Project("{2150E333-8FDC-42A3-9474-1A3956D46DE8}") = "Tests", "Tests", "{236BB984-A2C6-4873-9160-8D6FE7DB0B34}"
EndProject
Project("{8BC9CEB8-8B4A-11D0-8D11-00A0C91BC942}") = "SerializationXMLTest", "..\EngineCode\swCommonLib\Projects\Visual2015\Tests\Serialization\SerializationXML\SerializationXML.vcxproj", "{C3291F70-58A1-48AD-BA9A-A8A9B176EA70}"
EndProject
Project("{8BC9CEB8-8B4A-11D0-8D11-00A0C91BC942}") = "SerializationJSONTest", "..\EngineCode\swCommonLib\Projects\Visual2015\Tests\Serialization\SerializationJSON\SerializationJSON.vcxproj", "{DB1936FB-7267-4EE8-8F96-E4BB79CCE7ED}"
EndProject
Project("{8BC9CEB8-8B4A-11D0-8D11-00A0C91BC942}") = "UnitTestRTTR", "..\EngineCode\swCommonLib\Projects\Visual2015\Tests\UnitTestRTTR\UnitTestRTTR.vcxproj", "{3F6348E2-4621-45C6-AD8D-91B8BE4C9072}"
EndProject
Project("{8BC9CEB8-8B4A-11D0-8D11-00A0C91BC942}") = "ParameterAnimation", "..\EngineCode\swCommonLib\Projects\Visual2015\ParameterAnimation\ParameterAnimation.vcxproj", "{7AAE81D3-4848-4F34-A1F2-F8F9E24E5773}"
EndProject
Project("{8BC9CEB8-8B4A-11D0-8D11-00A0C91BC942}") = "PropertyAnimationTest", "..\EngineCode\swCommonLib\Projects\Visual2015\Tests\PropertyAnimationTest\PropertyAnimationTest.vcxproj", "{1EAA1FC4-3E36-4CC8-B6C5-B32EDD3962C2}"
EndProject
Project("{8BC9CEB8-8B4A-11D0-8D11-00A0C91BC942}") = "HierarchicalChunkedFormat", "..\EngineCode\swCommonLib\Projects\Visual2015\HierarchicalChunkedFormat\HierarchicalChunkedFormat.vcxproj", "{50CF2C5D-4A13-4D16-8E65-441FE7155333}"
EndProject
Project("{8BC9CEB8-8B4A-11D0-8D11-00A0C91BC942}") = "TestHCF", "..\EngineCode\swCommonLib\Projects\Visual2015\Tests\TestHCF\TestHCF.vcxproj", "{CC1DC1E6-26BB-43D3-A156-4C60DC92DDB5}"
EndProject
Project("{8BC9CEB8-8B4A-11D0-8D11-00A0C91BC942}") = "MultithreadingTest", "..\EngineCode\swCommonLib\Projects\Visual2015\Tests\MultithreadingTest\MultithreadingTest.vcxproj", "{22C79F18-F938-4A9E-A4B0-B77E8F87429D}"
EndProject
Project("{8BC9CEB8-8B4A-11D0-8D11-00A0C91BC942}") = "DX11API", "..\EngineCode\swGraphicAPI\ProjectsDir\Visual2015\DX11API\DX11API.vcxproj", "{44643D7F-1C71-41C1-B452-B2DC5E088A58}"
EndProject
Project("{8BC9CEB8-8B4A-11D0-8D11-00A0C91BC942}") = "ResourceManager", "..\EngineCode\swGraphicAPI\ProjectsDir\Visual2015\ResourceManager\ResourceManager.vcxproj", "{9F71F0DA-1D72-4E96-93B7-5AC2C9CB6EDE}"
EndProject
Project("{8BC9CEB8-8B4A-11D0-8D11-00A0C91BC942}") = "MockAPI", "..\EngineCode\swGraphicAPI\ProjectsDir\Visual2015\MockAPI\MockAPI.vcxproj", "{EEEFAB61-F404-4957-AC24-A3BF81C5E4ED}"
EndProject
Project("{8BC9CEB8-8B4A-11D0-8D11-00A0C91BC942}") = "CoreGUI", "..\EngineCode\swGUI\ProjectDir\Visual2015\CoreGUI\CoreGUI.vcxproj", "{C6DAB3EE-E9A7-47FC-9B33-A8F4250C219B}"
EndProject
Project("{2150E333-8FDC-42A3-9474-1A3956D46DE8}") = "Tests", "Tests", "{CAC5582E-F5A0-42EA-85DE-325A7C0651D8}"
EndProject
Project("{8BC9CEB8-8B4A-11D0-8D11-00A0C91BC942}") = "PrototyperGUI", "..\EngineCode\swGUI\ProjectDir\Visual2015\Tests\PrototyperGUI\PrototyperGUI.vcxproj", "{F2104B29-1AF3-4434-BA9C-78D0F2A4635F}"
EndProject
Project("{2150E333-8FDC-42A3-9474-1A3956D46DE8}") = "Native", "Native", "{80818BD9-AA06-4F52-8CF2-4A9401BFC59E}"
EndProject
Project("{8BC9CEB8-8B4A-11D0-8D11-00A0C91BC942}") = "Win32NativeGUI", "..\EngineCode\swGUI\ProjectDir\Visual2015\Win32NativeGUI\Win32NativeGUI.vcxproj", "{267292A0-C262-43E7-AFB1-1F63439FD465}"
EndProject
Project("{8BC9CEB8-8B4A-11D0-8D11-00A0C91BC942}") = "TestGUISystem", "..\EngineCode\swGUI\ProjectDir\Visual2015\Tests\TestGUISystem\TestGUISystem.vcxproj", "{16150492-838D-4376-8E74-88F569E6050D}"
EndProject
Project("{8BC9CEB8-8B4A-11D0-8D11-00A0C91BC942}") = "MockNativeGUI", "..\EngineCode\swGUI\ProjectDir\Visual2015\MockNativeGUI\MockNativeGUI.vcxproj", "{2800312A-1970-47FB-87B3-DD7E96405D85}"
EndProject
Project("{8BC9CEB8-8B4A-11D0-8D11-00A0C91BC942}") = "TestFramework", "..\EngineCode\swGUI\ProjectDir\Visual2015\TestFramework\TestFramework.vcxproj", "{187F6B99-C04B-4093-9CDF-13D8FC994817}"
EndProject
Project("{8BC9CEB8-8B4A-11D0-8D11-00A0C91BC942}") = "WPFInputProxy", "..\EngineCode\swInputLibrary\ProjectsDir\Visual2015\WPFInputProxy\WPFInputProxy.vcxproj", "{364E3CFB-CCAA-4AAF-AA03-D6E2D9749228}"
EndProject
Project("{8BC9CEB8-8B4A-11D0-8D11-00A0C91BC942}") = "WinApiInputProxy", "..\EngineCode\swInputLibrary\ProjectsDir\Visual2015\WinApiInputProxy\WinApiInputProxy.vcxproj", "{9351732D-B6EC-4DB2-BD75-F18E880B3815}"
EndProject
Project("{8BC9CEB8-8B4A-11D0-8D11-00A0C91BC942}") = "DirectInput", "..\EngineCode\swInputLibrary\ProjectsDir\Visual2015\DirectInput\DirectInput.vcxproj", "{D1075B79-925A-436F-8C53-09BD4D5787E4}"
EndProject
Project("{8BC9CEB8-8B4A-11D0-8D11-00A0C91BC942}") = "InputCore", "..\EngineCode\swInputLibrary\ProjectsDir\Visual2015\InputCore\InputCore.vcxproj", "{EBC3ABF4-E788-4242-A949-D366FC128B0E}"
EndProject
Project("{8BC9CEB8-8B4A-11D0-8D11-00A0C91BC942}") = "PropertyWrapperRTTR", "PropertyWrapperRTTR\PropertyWrapperRTTR.vcxproj", "{3AA64883-8227-4F60-8839-E97223CE680B}"
EndProject
Project("{8BC9CEB8-8B4A-11D0-8D11-00A0C91BC942}") = "TestPropertyWrapper", "Tests\TestPropertyWrapper\TestPropertyWrapper.vcxproj", "{2A3ECC0A-08FE-4E18-8282-C3F355E0789F}"
EndProject
Global
	GlobalSection(SolutionConfigurationPlatforms) = preSolution
		Debug|Any CPU = Debug|Any CPU
		Debug|ARM = Debug|ARM
		Debug|Mixed Platforms = Debug|Mixed Platforms
		Debug|Win32 = Debug|Win32
		Debug|x64 = Debug|x64
		Debug|x86 = Debug|x86
		Release|Any CPU = Release|Any CPU
		Release|ARM = Release|ARM
		Release|Mixed Platforms = Release|Mixed Platforms
		Release|Win32 = Release|Win32
		Release|x64 = Release|x64
		Release|x86 = Release|x86
	EndGlobalSection
	GlobalSection(ProjectConfigurationPlatforms) = postSolution
		{08F5AD41-2020-48AB-8AC3-7FE0039ED65F}.Debug|Any CPU.ActiveCfg = Debug|Win32
		{08F5AD41-2020-48AB-8AC3-7FE0039ED65F}.Debug|ARM.ActiveCfg = Debug|Win32
		{08F5AD41-2020-48AB-8AC3-7FE0039ED65F}.Debug|Mixed Platforms.ActiveCfg = Debug|Win32
		{08F5AD41-2020-48AB-8AC3-7FE0039ED65F}.Debug|Mixed Platforms.Build.0 = Debug|Win32
		{08F5AD41-2020-48AB-8AC3-7FE0039ED65F}.Debug|Win32.ActiveCfg = Debug|Win32
		{08F5AD41-2020-48AB-8AC3-7FE0039ED65F}.Debug|Win32.Build.0 = Debug|Win32
		{08F5AD41-2020-48AB-8AC3-7FE0039ED65F}.Debug|x64.ActiveCfg = Debug|x64
		{08F5AD41-2020-48AB-8AC3-7FE0039ED65F}.Debug|x64.Build.0 = Debug|x64
		{08F5AD41-2020-48AB-8AC3-7FE0039ED65F}.Debug|x86.ActiveCfg = Debug|Win32
		{08F5AD41-2020-48AB-8AC3-7FE0039ED65F}.Debug|x86.Build.0 = Debug|Win32
		{08F5AD41-2020-48AB-8AC3-7FE0039ED65F}.Release|Any CPU.ActiveCfg = Release|Win32
		{08F5AD41-2020-48AB-8AC3-7FE0039ED65F}.Release|ARM.ActiveCfg = Release|Win32
		{08F5AD41-2020-48AB-8AC3-7FE0039ED65F}.Release|Mixed Platforms.ActiveCfg = Release|Win32
		{08F5AD41-2020-48AB-8AC3-7FE0039ED65F}.Release|Mixed Platforms.Build.0 = Release|Win32
		{08F5AD41-2020-48AB-8AC3-7FE0039ED65F}.Release|Win32.ActiveCfg = Release|Win32
		{08F5AD41-2020-48AB-8AC3-7FE0039ED65F}.Release|Win32.Build.0 = Release|Win32
		{08F5AD41-2020-48AB-8AC3-7FE0039ED65F}.Release|x64.ActiveCfg = Release|x64
		{08F5AD41-2020-48AB-8AC3-7FE0039ED65F}.Release|x64.Build.0 = Release|x64
		{08F5AD41-2020-48AB-8AC3-7FE0039ED65F}.Release|x86.ActiveCfg = Release|Win32
		{08F5AD41-2020-48AB-8AC3-7FE0039ED65F}.Release|x86.Build.0 = Release|Win32
		{AFADFC8A-7077-47D9-8B08-A489719C7801}.Debug|Any CPU.ActiveCfg = Debug|Win32
		{AFADFC8A-7077-47D9-8B08-A489719C7801}.Debug|ARM.ActiveCfg = Debug|Win32
		{AFADFC8A-7077-47D9-8B08-A489719C7801}.Debug|Mixed Platforms.ActiveCfg = Debug|Win32
		{AFADFC8A-7077-47D9-8B08-A489719C7801}.Debug|Mixed Platforms.Build.0 = Debug|Win32
		{AFADFC8A-7077-47D9-8B08-A489719C7801}.Debug|Win32.ActiveCfg = Debug|Win32
		{AFADFC8A-7077-47D9-8B08-A489719C7801}.Debug|Win32.Build.0 = Debug|Win32
		{AFADFC8A-7077-47D9-8B08-A489719C7801}.Debug|x64.ActiveCfg = Debug|x64
		{AFADFC8A-7077-47D9-8B08-A489719C7801}.Debug|x64.Build.0 = Debug|x64
		{AFADFC8A-7077-47D9-8B08-A489719C7801}.Debug|x86.ActiveCfg = Debug|Win32
		{AFADFC8A-7077-47D9-8B08-A489719C7801}.Debug|x86.Build.0 = Debug|Win32
		{AFADFC8A-7077-47D9-8B08-A489719C7801}.Release|Any CPU.ActiveCfg = Release|Win32
		{AFADFC8A-7077-47D9-8B08-A489719C7801}.Release|ARM.ActiveCfg = Release|Win32
		{AFADFC8A-7077-47D9-8B08-A489719C7801}.Release|Mixed Platforms.ActiveCfg = Release|Win32
		{AFADFC8A-7077-47D9-8B08-A489719C7801}.Release|Mixed Platforms.Build.0 = Release|Win32
		{AFADFC8A-7077-47D9-8B08-A489719C7801}.Release|Win32.ActiveCfg = Release|Win32
		{AFADFC8A-7077-47D9-8B08-A489719C7801}.Release|Win32.Build.0 = Release|Win32
		{AFADFC8A-7077-47D9-8B08-A489719C7801}.Release|x64.ActiveCfg = Release|x64
		{AFADFC8A-7077-47D9-8B08-A489719C7801}.Release|x64.Build.0 = Release|x64
		{AFADFC8A-7077-47D9-8B08-A489719C7801}.Release|x86.ActiveCfg = Release|Win32
		{AFADFC8A-7077-47D9-8B08-A489719C7801}.Release|x86.Build.0 = Release|Win32
		{864E3AB0-8199-4D9E-9AD3-CC81476E8AED}.Debug|Any CPU.ActiveCfg = Debug|Any CPU
		{864E3AB0-8199-4D9E-9AD3-CC81476E8AED}.Debug|Any CPU.Build.0 = Debug|Any CPU
		{864E3AB0-8199-4D9E-9AD3-CC81476E8AED}.Debug|ARM.ActiveCfg = Debug|Any CPU
		{864E3AB0-8199-4D9E-9AD3-CC81476E8AED}.Debug|Mixed Platforms.ActiveCfg = Debug|Any CPU
		{864E3AB0-8199-4D9E-9AD3-CC81476E8AED}.Debug|Mixed Platforms.Build.0 = Debug|Any CPU
		{864E3AB0-8199-4D9E-9AD3-CC81476E8AED}.Debug|Win32.ActiveCfg = Debug|x86
		{864E3AB0-8199-4D9E-9AD3-CC81476E8AED}.Debug|x64.ActiveCfg = Debug|x64
		{864E3AB0-8199-4D9E-9AD3-CC81476E8AED}.Debug|x64.Build.0 = Debug|x64
		{864E3AB0-8199-4D9E-9AD3-CC81476E8AED}.Debug|x86.ActiveCfg = Debug|x86
		{864E3AB0-8199-4D9E-9AD3-CC81476E8AED}.Debug|x86.Build.0 = Debug|x86
		{864E3AB0-8199-4D9E-9AD3-CC81476E8AED}.Release|Any CPU.ActiveCfg = Release|Any CPU
		{864E3AB0-8199-4D9E-9AD3-CC81476E8AED}.Release|Any CPU.Build.0 = Release|Any CPU
		{864E3AB0-8199-4D9E-9AD3-CC81476E8AED}.Release|ARM.ActiveCfg = Release|Any CPU
		{864E3AB0-8199-4D9E-9AD3-CC81476E8AED}.Release|Mixed Platforms.ActiveCfg = Release|Any CPU
		{864E3AB0-8199-4D9E-9AD3-CC81476E8AED}.Release|Mixed Platforms.Build.0 = Release|Any CPU
		{864E3AB0-8199-4D9E-9AD3-CC81476E8AED}.Release|Win32.ActiveCfg = Release|x86
		{864E3AB0-8199-4D9E-9AD3-CC81476E8AED}.Release|x64.ActiveCfg = Release|x64
		{864E3AB0-8199-4D9E-9AD3-CC81476E8AED}.Release|x64.Build.0 = Release|x64
		{864E3AB0-8199-4D9E-9AD3-CC81476E8AED}.Release|x86.ActiveCfg = Release|x86
		{864E3AB0-8199-4D9E-9AD3-CC81476E8AED}.Release|x86.Build.0 = Release|x86
		{D6D5F6EF-4B74-4EBE-8D8D-E76C7C423D05}.Debug|Any CPU.ActiveCfg = Debug|Win32
		{D6D5F6EF-4B74-4EBE-8D8D-E76C7C423D05}.Debug|ARM.ActiveCfg = Debug|Win32
		{D6D5F6EF-4B74-4EBE-8D8D-E76C7C423D05}.Debug|Mixed Platforms.ActiveCfg = Debug|Win32
		{D6D5F6EF-4B74-4EBE-8D8D-E76C7C423D05}.Debug|Mixed Platforms.Build.0 = Debug|Win32
		{D6D5F6EF-4B74-4EBE-8D8D-E76C7C423D05}.Debug|Win32.ActiveCfg = Debug|Win32
		{D6D5F6EF-4B74-4EBE-8D8D-E76C7C423D05}.Debug|Win32.Build.0 = Debug|Win32
		{D6D5F6EF-4B74-4EBE-8D8D-E76C7C423D05}.Debug|x64.ActiveCfg = Debug|x64
		{D6D5F6EF-4B74-4EBE-8D8D-E76C7C423D05}.Debug|x64.Build.0 = Debug|x64
		{D6D5F6EF-4B74-4EBE-8D8D-E76C7C423D05}.Debug|x86.ActiveCfg = Debug|Win32
		{D6D5F6EF-4B74-4EBE-8D8D-E76C7C423D05}.Debug|x86.Build.0 = Debug|Win32
		{D6D5F6EF-4B74-4EBE-8D8D-E76C7C423D05}.Release|Any CPU.ActiveCfg = Release|Win32
		{D6D5F6EF-4B74-4EBE-8D8D-E76C7C423D05}.Release|ARM.ActiveCfg = Release|Win32
		{D6D5F6EF-4B74-4EBE-8D8D-E76C7C423D05}.Release|Mixed Platforms.ActiveCfg = Release|Win32
		{D6D5F6EF-4B74-4EBE-8D8D-E76C7C423D05}.Release|Mixed Platforms.Build.0 = Release|Win32
		{D6D5F6EF-4B74-4EBE-8D8D-E76C7C423D05}.Release|Win32.ActiveCfg = Release|Win32
		{D6D5F6EF-4B74-4EBE-8D8D-E76C7C423D05}.Release|Win32.Build.0 = Release|Win32
		{D6D5F6EF-4B74-4EBE-8D8D-E76C7C423D05}.Release|x64.ActiveCfg = Release|x64
		{D6D5F6EF-4B74-4EBE-8D8D-E76C7C423D05}.Release|x64.Build.0 = Release|x64
		{D6D5F6EF-4B74-4EBE-8D8D-E76C7C423D05}.Release|x86.ActiveCfg = Release|Win32
		{D6D5F6EF-4B74-4EBE-8D8D-E76C7C423D05}.Release|x86.Build.0 = Release|Win32
		{2953F688-1281-443A-886F-95B25002C7B7}.Debug|Any CPU.ActiveCfg = Debug|Win32
		{2953F688-1281-443A-886F-95B25002C7B7}.Debug|ARM.ActiveCfg = Debug|Win32
		{2953F688-1281-443A-886F-95B25002C7B7}.Debug|Mixed Platforms.ActiveCfg = Debug|Win32
		{2953F688-1281-443A-886F-95B25002C7B7}.Debug|Mixed Platforms.Build.0 = Debug|Win32
		{2953F688-1281-443A-886F-95B25002C7B7}.Debug|Win32.ActiveCfg = Debug|Win32
		{2953F688-1281-443A-886F-95B25002C7B7}.Debug|Win32.Build.0 = Debug|Win32
		{2953F688-1281-443A-886F-95B25002C7B7}.Debug|x64.ActiveCfg = Debug|x64
		{2953F688-1281-443A-886F-95B25002C7B7}.Debug|x64.Build.0 = Debug|x64
		{2953F688-1281-443A-886F-95B25002C7B7}.Debug|x86.ActiveCfg = Debug|Win32
		{2953F688-1281-443A-886F-95B25002C7B7}.Debug|x86.Build.0 = Debug|Win32
		{2953F688-1281-443A-886F-95B25002C7B7}.Release|Any CPU.ActiveCfg = Release|Win32
		{2953F688-1281-443A-886F-95B25002C7B7}.Release|ARM.ActiveCfg = Release|Win32
		{2953F688-1281-443A-886F-95B25002C7B7}.Release|Mixed Platforms.ActiveCfg = Release|Win32
		{2953F688-1281-443A-886F-95B25002C7B7}.Release|Mixed Platforms.Build.0 = Release|Win32
		{2953F688-1281-443A-886F-95B25002C7B7}.Release|Win32.ActiveCfg = Release|Win32
		{2953F688-1281-443A-886F-95B25002C7B7}.Release|Win32.Build.0 = Release|Win32
		{2953F688-1281-443A-886F-95B25002C7B7}.Release|x64.ActiveCfg = Release|x64
		{2953F688-1281-443A-886F-95B25002C7B7}.Release|x64.Build.0 = Release|x64
		{2953F688-1281-443A-886F-95B25002C7B7}.Release|x86.ActiveCfg = Release|Win32
		{2953F688-1281-443A-886F-95B25002C7B7}.Release|x86.Build.0 = Release|Win32
		{B5C0A850-91A7-4DB1-913D-9850AD23A735}.Debug|Any CPU.ActiveCfg = Debug|Win32
		{B5C0A850-91A7-4DB1-913D-9850AD23A735}.Debug|ARM.ActiveCfg = Debug|Win32
		{B5C0A850-91A7-4DB1-913D-9850AD23A735}.Debug|Mixed Platforms.ActiveCfg = Debug|Win32
		{B5C0A850-91A7-4DB1-913D-9850AD23A735}.Debug|Mixed Platforms.Build.0 = Debug|Win32
		{B5C0A850-91A7-4DB1-913D-9850AD23A735}.Debug|Win32.ActiveCfg = Debug|Win32
		{B5C0A850-91A7-4DB1-913D-9850AD23A735}.Debug|Win32.Build.0 = Debug|Win32
		{B5C0A850-91A7-4DB1-913D-9850AD23A735}.Debug|x64.ActiveCfg = Debug|x64
		{B5C0A850-91A7-4DB1-913D-9850AD23A735}.Debug|x64.Build.0 = Debug|x64
		{B5C0A850-91A7-4DB1-913D-9850AD23A735}.Debug|x86.ActiveCfg = Debug|Win32
		{B5C0A850-91A7-4DB1-913D-9850AD23A735}.Debug|x86.Build.0 = Debug|Win32
		{B5C0A850-91A7-4DB1-913D-9850AD23A735}.Release|Any CPU.ActiveCfg = Release|Win32
		{B5C0A850-91A7-4DB1-913D-9850AD23A735}.Release|ARM.ActiveCfg = Release|Win32
		{B5C0A850-91A7-4DB1-913D-9850AD23A735}.Release|Mixed Platforms.ActiveCfg = Release|Win32
		{B5C0A850-91A7-4DB1-913D-9850AD23A735}.Release|Mixed Platforms.Build.0 = Release|Win32
		{B5C0A850-91A7-4DB1-913D-9850AD23A735}.Release|Win32.ActiveCfg = Release|Win32
		{B5C0A850-91A7-4DB1-913D-9850AD23A735}.Release|Win32.Build.0 = Release|Win32
		{B5C0A850-91A7-4DB1-913D-9850AD23A735}.Release|x64.ActiveCfg = Release|x64
		{B5C0A850-91A7-4DB1-913D-9850AD23A735}.Release|x64.Build.0 = Release|x64
		{B5C0A850-91A7-4DB1-913D-9850AD23A735}.Release|x86.ActiveCfg = Release|Win32
		{B5C0A850-91A7-4DB1-913D-9850AD23A735}.Release|x86.Build.0 = Release|Win32
		{B7E359FE-F09B-4B83-9D4C-90B516DA2386}.Debug|Any CPU.ActiveCfg = Debug|Any CPU
		{B7E359FE-F09B-4B83-9D4C-90B516DA2386}.Debug|Any CPU.Build.0 = Debug|Any CPU
		{B7E359FE-F09B-4B83-9D4C-90B516DA2386}.Debug|ARM.ActiveCfg = Debug|Any CPU
		{B7E359FE-F09B-4B83-9D4C-90B516DA2386}.Debug|Mixed Platforms.ActiveCfg = Debug|Any CPU
		{B7E359FE-F09B-4B83-9D4C-90B516DA2386}.Debug|Mixed Platforms.Build.0 = Debug|Any CPU
		{B7E359FE-F09B-4B83-9D4C-90B516DA2386}.Debug|Win32.ActiveCfg = Debug|Any CPU
		{B7E359FE-F09B-4B83-9D4C-90B516DA2386}.Debug|x64.ActiveCfg = Debug|Any CPU
		{B7E359FE-F09B-4B83-9D4C-90B516DA2386}.Debug|x86.ActiveCfg = Debug|Any CPU
		{B7E359FE-F09B-4B83-9D4C-90B516DA2386}.Debug|x86.Build.0 = Debug|Any CPU
		{B7E359FE-F09B-4B83-9D4C-90B516DA2386}.Release|Any CPU.ActiveCfg = Release|Any CPU
		{B7E359FE-F09B-4B83-9D4C-90B516DA2386}.Release|Any CPU.Build.0 = Release|Any CPU
		{B7E359FE-F09B-4B83-9D4C-90B516DA2386}.Release|ARM.ActiveCfg = Release|Any CPU
		{B7E359FE-F09B-4B83-9D4C-90B516DA2386}.Release|Mixed Platforms.ActiveCfg = Release|Any CPU
		{B7E359FE-F09B-4B83-9D4C-90B516DA2386}.Release|Mixed Platforms.Build.0 = Release|Any CPU
		{B7E359FE-F09B-4B83-9D4C-90B516DA2386}.Release|Win32.ActiveCfg = Release|Any CPU
		{B7E359FE-F09B-4B83-9D4C-90B516DA2386}.Release|x64.ActiveCfg = Release|Any CPU
		{B7E359FE-F09B-4B83-9D4C-90B516DA2386}.Release|x86.ActiveCfg = Release|Any CPU
		{B7E359FE-F09B-4B83-9D4C-90B516DA2386}.Release|x86.Build.0 = Release|Any CPU
		{1276506A-9D46-4A96-BFD1-333765D1849A}.Debug|Any CPU.ActiveCfg = Debug|Win32
		{1276506A-9D46-4A96-BFD1-333765D1849A}.Debug|ARM.ActiveCfg = Debug|Win32
		{1276506A-9D46-4A96-BFD1-333765D1849A}.Debug|Mixed Platforms.ActiveCfg = Debug|Win32
		{1276506A-9D46-4A96-BFD1-333765D1849A}.Debug|Mixed Platforms.Build.0 = Debug|Win32
		{1276506A-9D46-4A96-BFD1-333765D1849A}.Debug|Win32.ActiveCfg = Debug|Win32
		{1276506A-9D46-4A96-BFD1-333765D1849A}.Debug|Win32.Build.0 = Debug|Win32
		{1276506A-9D46-4A96-BFD1-333765D1849A}.Debug|x64.ActiveCfg = Debug|x64
		{1276506A-9D46-4A96-BFD1-333765D1849A}.Debug|x64.Build.0 = Debug|x64
		{1276506A-9D46-4A96-BFD1-333765D1849A}.Debug|x86.ActiveCfg = Debug|Win32
		{1276506A-9D46-4A96-BFD1-333765D1849A}.Debug|x86.Build.0 = Debug|Win32
		{1276506A-9D46-4A96-BFD1-333765D1849A}.Release|Any CPU.ActiveCfg = Release|Win32
		{1276506A-9D46-4A96-BFD1-333765D1849A}.Release|ARM.ActiveCfg = Release|Win32
		{1276506A-9D46-4A96-BFD1-333765D1849A}.Release|Mixed Platforms.ActiveCfg = Release|Win32
		{1276506A-9D46-4A96-BFD1-333765D1849A}.Release|Mixed Platforms.Build.0 = Release|Win32
		{1276506A-9D46-4A96-BFD1-333765D1849A}.Release|Win32.ActiveCfg = Release|Win32
		{1276506A-9D46-4A96-BFD1-333765D1849A}.Release|Win32.Build.0 = Release|Win32
		{1276506A-9D46-4A96-BFD1-333765D1849A}.Release|x64.ActiveCfg = Release|x64
		{1276506A-9D46-4A96-BFD1-333765D1849A}.Release|x64.Build.0 = Release|x64
		{1276506A-9D46-4A96-BFD1-333765D1849A}.Release|x86.ActiveCfg = Release|Win32
		{1276506A-9D46-4A96-BFD1-333765D1849A}.Release|x86.Build.0 = Release|Win32
		{B7F97C7C-9F14-4434-BA41-7A02A38363FE}.Debug|Any CPU.ActiveCfg = Debug|Win32
		{B7F97C7C-9F14-4434-BA41-7A02A38363FE}.Debug|ARM.ActiveCfg = Debug|Win32
		{B7F97C7C-9F14-4434-BA41-7A02A38363FE}.Debug|Mixed Platforms.ActiveCfg = Debug|Win32
		{B7F97C7C-9F14-4434-BA41-7A02A38363FE}.Debug|Mixed Platforms.Build.0 = Debug|Win32
		{B7F97C7C-9F14-4434-BA41-7A02A38363FE}.Debug|Win32.ActiveCfg = Debug|Win32
		{B7F97C7C-9F14-4434-BA41-7A02A38363FE}.Debug|Win32.Build.0 = Debug|Win32
		{B7F97C7C-9F14-4434-BA41-7A02A38363FE}.Debug|x64.ActiveCfg = Debug|x64
		{B7F97C7C-9F14-4434-BA41-7A02A38363FE}.Debug|x64.Build.0 = Debug|x64
		{B7F97C7C-9F14-4434-BA41-7A02A38363FE}.Debug|x86.ActiveCfg = Debug|Win32
		{B7F97C7C-9F14-4434-BA41-7A02A38363FE}.Debug|x86.Build.0 = Debug|Win32
		{B7F97C7C-9F14-4434-BA41-7A02A38363FE}.Release|Any CPU.ActiveCfg = Release|Win32
		{B7F97C7C-9F14-4434-BA41-7A02A38363FE}.Release|ARM.ActiveCfg = Release|Win32
		{B7F97C7C-9F14-4434-BA41-7A02A38363FE}.Release|Mixed Platforms.ActiveCfg = Release|Win32
		{B7F97C7C-9F14-4434-BA41-7A02A38363FE}.Release|Mixed Platforms.Build.0 = Release|Win32
		{B7F97C7C-9F14-4434-BA41-7A02A38363FE}.Release|Win32.ActiveCfg = Release|Win32
		{B7F97C7C-9F14-4434-BA41-7A02A38363FE}.Release|Win32.Build.0 = Release|Win32
		{B7F97C7C-9F14-4434-BA41-7A02A38363FE}.Release|x64.ActiveCfg = Release|x64
		{B7F97C7C-9F14-4434-BA41-7A02A38363FE}.Release|x64.Build.0 = Release|x64
		{B7F97C7C-9F14-4434-BA41-7A02A38363FE}.Release|x86.ActiveCfg = Release|Win32
		{B7F97C7C-9F14-4434-BA41-7A02A38363FE}.Release|x86.Build.0 = Release|Win32
		{5476CBF5-F7F9-488F-B55C-B6331B82C54A}.Debug|Any CPU.ActiveCfg = Debug|Win32
		{5476CBF5-F7F9-488F-B55C-B6331B82C54A}.Debug|ARM.ActiveCfg = Debug|Win32
		{5476CBF5-F7F9-488F-B55C-B6331B82C54A}.Debug|Mixed Platforms.ActiveCfg = Debug|Win32
		{5476CBF5-F7F9-488F-B55C-B6331B82C54A}.Debug|Mixed Platforms.Build.0 = Debug|Win32
		{5476CBF5-F7F9-488F-B55C-B6331B82C54A}.Debug|Win32.ActiveCfg = Debug|Win32
		{5476CBF5-F7F9-488F-B55C-B6331B82C54A}.Debug|Win32.Build.0 = Debug|Win32
		{5476CBF5-F7F9-488F-B55C-B6331B82C54A}.Debug|x64.ActiveCfg = Debug|x64
		{5476CBF5-F7F9-488F-B55C-B6331B82C54A}.Debug|x64.Build.0 = Debug|x64
		{5476CBF5-F7F9-488F-B55C-B6331B82C54A}.Debug|x86.ActiveCfg = Debug|Win32
		{5476CBF5-F7F9-488F-B55C-B6331B82C54A}.Debug|x86.Build.0 = Debug|Win32
		{5476CBF5-F7F9-488F-B55C-B6331B82C54A}.Release|Any CPU.ActiveCfg = Release|Win32
		{5476CBF5-F7F9-488F-B55C-B6331B82C54A}.Release|ARM.ActiveCfg = Release|Win32
		{5476CBF5-F7F9-488F-B55C-B6331B82C54A}.Release|Mixed Platforms.ActiveCfg = Release|Win32
		{5476CBF5-F7F9-488F-B55C-B6331B82C54A}.Release|Mixed Platforms.Build.0 = Release|Win32
		{5476CBF5-F7F9-488F-B55C-B6331B82C54A}.Release|Win32.ActiveCfg = Release|Win32
		{5476CBF5-F7F9-488F-B55C-B6331B82C54A}.Release|Win32.Build.0 = Release|Win32
		{5476CBF5-F7F9-488F-B55C-B6331B82C54A}.Release|x64.ActiveCfg = Release|x64
		{5476CBF5-F7F9-488F-B55C-B6331B82C54A}.Release|x64.Build.0 = Release|x64
		{5476CBF5-F7F9-488F-B55C-B6331B82C54A}.Release|x86.ActiveCfg = Release|Win32
		{5476CBF5-F7F9-488F-B55C-B6331B82C54A}.Release|x86.Build.0 = Release|Win32
		{03AE7B65-600C-4097-A952-77E60480D562}.Debug|Any CPU.ActiveCfg = Debug|Win32
		{03AE7B65-600C-4097-A952-77E60480D562}.Debug|ARM.ActiveCfg = Debug|Win32
		{03AE7B65-600C-4097-A952-77E60480D562}.Debug|Mixed Platforms.ActiveCfg = Debug|Win32
		{03AE7B65-600C-4097-A952-77E60480D562}.Debug|Mixed Platforms.Build.0 = Debug|Win32
		{03AE7B65-600C-4097-A952-77E60480D562}.Debug|Win32.ActiveCfg = Debug|Win32
		{03AE7B65-600C-4097-A952-77E60480D562}.Debug|Win32.Build.0 = Debug|Win32
		{03AE7B65-600C-4097-A952-77E60480D562}.Debug|x64.ActiveCfg = Debug|x64
		{03AE7B65-600C-4097-A952-77E60480D562}.Debug|x64.Build.0 = Debug|x64
		{03AE7B65-600C-4097-A952-77E60480D562}.Debug|x86.ActiveCfg = Debug|Win32
		{03AE7B65-600C-4097-A952-77E60480D562}.Debug|x86.Build.0 = Debug|Win32
		{03AE7B65-600C-4097-A952-77E60480D562}.Release|Any CPU.ActiveCfg = Release|Win32
		{03AE7B65-600C-4097-A952-77E60480D562}.Release|ARM.ActiveCfg = Release|Win32
		{03AE7B65-600C-4097-A952-77E60480D562}.Release|Mixed Platforms.ActiveCfg = Release|Win32
		{03AE7B65-600C-4097-A952-77E60480D562}.Release|Mixed Platforms.Build.0 = Release|Win32
		{03AE7B65-600C-4097-A952-77E60480D562}.Release|Win32.ActiveCfg = Release|Win32
		{03AE7B65-600C-4097-A952-77E60480D562}.Release|Win32.Build.0 = Release|Win32
		{03AE7B65-600C-4097-A952-77E60480D562}.Release|x64.ActiveCfg = Release|x64
		{03AE7B65-600C-4097-A952-77E60480D562}.Release|x64.Build.0 = Release|x64
		{03AE7B65-600C-4097-A952-77E60480D562}.Release|x86.ActiveCfg = Release|Win32
		{03AE7B65-600C-4097-A952-77E60480D562}.Release|x86.Build.0 = Release|Win32
		{D8738375-5855-4241-8CB9-63FFE08E1B96}.Debug|Any CPU.ActiveCfg = Debug|Win32
		{D8738375-5855-4241-8CB9-63FFE08E1B96}.Debug|ARM.ActiveCfg = Debug|Win32
		{D8738375-5855-4241-8CB9-63FFE08E1B96}.Debug|Mixed Platforms.ActiveCfg = Debug|Win32
		{D8738375-5855-4241-8CB9-63FFE08E1B96}.Debug|Mixed Platforms.Build.0 = Debug|Win32
		{D8738375-5855-4241-8CB9-63FFE08E1B96}.Debug|Win32.ActiveCfg = Debug|Win32
		{D8738375-5855-4241-8CB9-63FFE08E1B96}.Debug|Win32.Build.0 = Debug|Win32
		{D8738375-5855-4241-8CB9-63FFE08E1B96}.Debug|x64.ActiveCfg = Debug|x64
		{D8738375-5855-4241-8CB9-63FFE08E1B96}.Debug|x64.Build.0 = Debug|x64
		{D8738375-5855-4241-8CB9-63FFE08E1B96}.Debug|x86.ActiveCfg = Debug|Win32
		{D8738375-5855-4241-8CB9-63FFE08E1B96}.Debug|x86.Build.0 = Debug|Win32
		{D8738375-5855-4241-8CB9-63FFE08E1B96}.Release|Any CPU.ActiveCfg = Release|Win32
		{D8738375-5855-4241-8CB9-63FFE08E1B96}.Release|ARM.ActiveCfg = Release|Win32
		{D8738375-5855-4241-8CB9-63FFE08E1B96}.Release|Mixed Platforms.ActiveCfg = Release|Win32
		{D8738375-5855-4241-8CB9-63FFE08E1B96}.Release|Mixed Platforms.Build.0 = Release|Win32
		{D8738375-5855-4241-8CB9-63FFE08E1B96}.Release|Win32.ActiveCfg = Release|Win32
		{D8738375-5855-4241-8CB9-63FFE08E1B96}.Release|Win32.Build.0 = Release|Win32
		{D8738375-5855-4241-8CB9-63FFE08E1B96}.Release|x64.ActiveCfg = Release|x64
		{D8738375-5855-4241-8CB9-63FFE08E1B96}.Release|x64.Build.0 = Release|x64
		{D8738375-5855-4241-8CB9-63FFE08E1B96}.Release|x86.ActiveCfg = Release|Win32
		{D8738375-5855-4241-8CB9-63FFE08E1B96}.Release|x86.Build.0 = Release|Win32
		{91CC6D16-F22C-434A-95E0-35EE857054C7}.Debug|Any CPU.ActiveCfg = Debug|Win32
		{91CC6D16-F22C-434A-95E0-35EE857054C7}.Debug|ARM.ActiveCfg = Debug|Win32
		{91CC6D16-F22C-434A-95E0-35EE857054C7}.Debug|Mixed Platforms.ActiveCfg = Debug|Win32
		{91CC6D16-F22C-434A-95E0-35EE857054C7}.Debug|Mixed Platforms.Build.0 = Debug|Win32
		{91CC6D16-F22C-434A-95E0-35EE857054C7}.Debug|Win32.ActiveCfg = Debug|Win32
		{91CC6D16-F22C-434A-95E0-35EE857054C7}.Debug|Win32.Build.0 = Debug|Win32
		{91CC6D16-F22C-434A-95E0-35EE857054C7}.Debug|x64.ActiveCfg = Debug|x64
		{91CC6D16-F22C-434A-95E0-35EE857054C7}.Debug|x64.Build.0 = Debug|x64
		{91CC6D16-F22C-434A-95E0-35EE857054C7}.Debug|x86.ActiveCfg = Debug|Win32
		{91CC6D16-F22C-434A-95E0-35EE857054C7}.Debug|x86.Build.0 = Debug|Win32
		{91CC6D16-F22C-434A-95E0-35EE857054C7}.Release|Any CPU.ActiveCfg = Release|Win32
		{91CC6D16-F22C-434A-95E0-35EE857054C7}.Release|ARM.ActiveCfg = Release|Win32
		{91CC6D16-F22C-434A-95E0-35EE857054C7}.Release|Mixed Platforms.ActiveCfg = Release|Win32
		{91CC6D16-F22C-434A-95E0-35EE857054C7}.Release|Mixed Platforms.Build.0 = Release|Win32
		{91CC6D16-F22C-434A-95E0-35EE857054C7}.Release|Win32.ActiveCfg = Release|Win32
		{91CC6D16-F22C-434A-95E0-35EE857054C7}.Release|Win32.Build.0 = Release|Win32
		{91CC6D16-F22C-434A-95E0-35EE857054C7}.Release|x64.ActiveCfg = Release|x64
		{91CC6D16-F22C-434A-95E0-35EE857054C7}.Release|x64.Build.0 = Release|x64
		{91CC6D16-F22C-434A-95E0-35EE857054C7}.Release|x86.ActiveCfg = Release|Win32
		{91CC6D16-F22C-434A-95E0-35EE857054C7}.Release|x86.Build.0 = Release|Win32
		{59FA8028-2346-4246-854F-14DCFAB6AB56}.Debug|Any CPU.ActiveCfg = Debug|Win32
		{59FA8028-2346-4246-854F-14DCFAB6AB56}.Debug|ARM.ActiveCfg = Debug|Win32
		{59FA8028-2346-4246-854F-14DCFAB6AB56}.Debug|Mixed Platforms.ActiveCfg = Debug|Win32
		{59FA8028-2346-4246-854F-14DCFAB6AB56}.Debug|Mixed Platforms.Build.0 = Debug|Win32
		{59FA8028-2346-4246-854F-14DCFAB6AB56}.Debug|Win32.ActiveCfg = Debug|Win32
		{59FA8028-2346-4246-854F-14DCFAB6AB56}.Debug|Win32.Build.0 = Debug|Win32
		{59FA8028-2346-4246-854F-14DCFAB6AB56}.Debug|x64.ActiveCfg = Debug|x64
		{59FA8028-2346-4246-854F-14DCFAB6AB56}.Debug|x64.Build.0 = Debug|x64
		{59FA8028-2346-4246-854F-14DCFAB6AB56}.Debug|x86.ActiveCfg = Debug|Win32
		{59FA8028-2346-4246-854F-14DCFAB6AB56}.Debug|x86.Build.0 = Debug|Win32
		{59FA8028-2346-4246-854F-14DCFAB6AB56}.Release|Any CPU.ActiveCfg = Release|Win32
		{59FA8028-2346-4246-854F-14DCFAB6AB56}.Release|ARM.ActiveCfg = Release|Win32
		{59FA8028-2346-4246-854F-14DCFAB6AB56}.Release|Mixed Platforms.ActiveCfg = Release|Win32
		{59FA8028-2346-4246-854F-14DCFAB6AB56}.Release|Mixed Platforms.Build.0 = Release|Win32
		{59FA8028-2346-4246-854F-14DCFAB6AB56}.Release|Win32.ActiveCfg = Release|Win32
		{59FA8028-2346-4246-854F-14DCFAB6AB56}.Release|Win32.Build.0 = Release|Win32
		{59FA8028-2346-4246-854F-14DCFAB6AB56}.Release|x64.ActiveCfg = Release|x64
		{59FA8028-2346-4246-854F-14DCFAB6AB56}.Release|x64.Build.0 = Release|x64
		{59FA8028-2346-4246-854F-14DCFAB6AB56}.Release|x86.ActiveCfg = Release|Win32
		{59FA8028-2346-4246-854F-14DCFAB6AB56}.Release|x86.Build.0 = Release|Win32
		{9ABCBAB4-05B4-47C5-B5D8-F201559FD096}.Debug|Any CPU.ActiveCfg = Debug|Win32
		{9ABCBAB4-05B4-47C5-B5D8-F201559FD096}.Debug|ARM.ActiveCfg = Debug|Win32
		{9ABCBAB4-05B4-47C5-B5D8-F201559FD096}.Debug|Mixed Platforms.ActiveCfg = Debug|Win32
		{9ABCBAB4-05B4-47C5-B5D8-F201559FD096}.Debug|Mixed Platforms.Build.0 = Debug|Win32
		{9ABCBAB4-05B4-47C5-B5D8-F201559FD096}.Debug|Win32.ActiveCfg = Debug|Win32
		{9ABCBAB4-05B4-47C5-B5D8-F201559FD096}.Debug|Win32.Build.0 = Debug|Win32
		{9ABCBAB4-05B4-47C5-B5D8-F201559FD096}.Debug|x64.ActiveCfg = Debug|x64
		{9ABCBAB4-05B4-47C5-B5D8-F201559FD096}.Debug|x64.Build.0 = Debug|x64
		{9ABCBAB4-05B4-47C5-B5D8-F201559FD096}.Debug|x86.ActiveCfg = Debug|Win32
		{9ABCBAB4-05B4-47C5-B5D8-F201559FD096}.Debug|x86.Build.0 = Debug|Win32
		{9ABCBAB4-05B4-47C5-B5D8-F201559FD096}.Release|Any CPU.ActiveCfg = Release|Win32
		{9ABCBAB4-05B4-47C5-B5D8-F201559FD096}.Release|ARM.ActiveCfg = Release|Win32
		{9ABCBAB4-05B4-47C5-B5D8-F201559FD096}.Release|Mixed Platforms.ActiveCfg = Release|Win32
		{9ABCBAB4-05B4-47C5-B5D8-F201559FD096}.Release|Mixed Platforms.Build.0 = Release|Win32
		{9ABCBAB4-05B4-47C5-B5D8-F201559FD096}.Release|Win32.ActiveCfg = Release|Win32
		{9ABCBAB4-05B4-47C5-B5D8-F201559FD096}.Release|Win32.Build.0 = Release|Win32
		{9ABCBAB4-05B4-47C5-B5D8-F201559FD096}.Release|x64.ActiveCfg = Release|x64
		{9ABCBAB4-05B4-47C5-B5D8-F201559FD096}.Release|x64.Build.0 = Release|x64
		{9ABCBAB4-05B4-47C5-B5D8-F201559FD096}.Release|x86.ActiveCfg = Release|Win32
		{9ABCBAB4-05B4-47C5-B5D8-F201559FD096}.Release|x86.Build.0 = Release|Win32
		{561754CB-295D-4D69-8DBC-BC069D1A636A}.Debug|Any CPU.ActiveCfg = Debug|Win32
		{561754CB-295D-4D69-8DBC-BC069D1A636A}.Debug|ARM.ActiveCfg = Debug|Win32
		{561754CB-295D-4D69-8DBC-BC069D1A636A}.Debug|Mixed Platforms.ActiveCfg = Debug|Win32
		{561754CB-295D-4D69-8DBC-BC069D1A636A}.Debug|Mixed Platforms.Build.0 = Debug|Win32
		{561754CB-295D-4D69-8DBC-BC069D1A636A}.Debug|Win32.ActiveCfg = Debug|Win32
		{561754CB-295D-4D69-8DBC-BC069D1A636A}.Debug|Win32.Build.0 = Debug|Win32
		{561754CB-295D-4D69-8DBC-BC069D1A636A}.Debug|x64.ActiveCfg = Debug|x64
		{561754CB-295D-4D69-8DBC-BC069D1A636A}.Debug|x64.Build.0 = Debug|x64
		{561754CB-295D-4D69-8DBC-BC069D1A636A}.Debug|x86.ActiveCfg = Debug|Win32
		{561754CB-295D-4D69-8DBC-BC069D1A636A}.Debug|x86.Build.0 = Debug|Win32
		{561754CB-295D-4D69-8DBC-BC069D1A636A}.Release|Any CPU.ActiveCfg = Release|Win32
		{561754CB-295D-4D69-8DBC-BC069D1A636A}.Release|ARM.ActiveCfg = Release|Win32
		{561754CB-295D-4D69-8DBC-BC069D1A636A}.Release|Mixed Platforms.ActiveCfg = Release|Win32
		{561754CB-295D-4D69-8DBC-BC069D1A636A}.Release|Mixed Platforms.Build.0 = Release|Win32
		{561754CB-295D-4D69-8DBC-BC069D1A636A}.Release|Win32.ActiveCfg = Release|Win32
		{561754CB-295D-4D69-8DBC-BC069D1A636A}.Release|Win32.Build.0 = Release|Win32
		{561754CB-295D-4D69-8DBC-BC069D1A636A}.Release|x64.ActiveCfg = Release|x64
		{561754CB-295D-4D69-8DBC-BC069D1A636A}.Release|x64.Build.0 = Release|x64
		{561754CB-295D-4D69-8DBC-BC069D1A636A}.Release|x86.ActiveCfg = Release|Win32
		{561754CB-295D-4D69-8DBC-BC069D1A636A}.Release|x86.Build.0 = Release|Win32
		{C3291F70-58A1-48AD-BA9A-A8A9B176EA70}.Debug|Any CPU.ActiveCfg = Debug|Win32
		{C3291F70-58A1-48AD-BA9A-A8A9B176EA70}.Debug|ARM.ActiveCfg = Debug|Win32
		{C3291F70-58A1-48AD-BA9A-A8A9B176EA70}.Debug|Mixed Platforms.ActiveCfg = Debug|Win32
		{C3291F70-58A1-48AD-BA9A-A8A9B176EA70}.Debug|Mixed Platforms.Build.0 = Debug|Win32
		{C3291F70-58A1-48AD-BA9A-A8A9B176EA70}.Debug|Win32.ActiveCfg = Debug|Win32
		{C3291F70-58A1-48AD-BA9A-A8A9B176EA70}.Debug|Win32.Build.0 = Debug|Win32
		{C3291F70-58A1-48AD-BA9A-A8A9B176EA70}.Debug|x64.ActiveCfg = Debug|x64
		{C3291F70-58A1-48AD-BA9A-A8A9B176EA70}.Debug|x64.Build.0 = Debug|x64
		{C3291F70-58A1-48AD-BA9A-A8A9B176EA70}.Debug|x86.ActiveCfg = Debug|Win32
		{C3291F70-58A1-48AD-BA9A-A8A9B176EA70}.Debug|x86.Build.0 = Debug|Win32
		{C3291F70-58A1-48AD-BA9A-A8A9B176EA70}.Release|Any CPU.ActiveCfg = Release|Win32
		{C3291F70-58A1-48AD-BA9A-A8A9B176EA70}.Release|ARM.ActiveCfg = Release|Win32
		{C3291F70-58A1-48AD-BA9A-A8A9B176EA70}.Release|Mixed Platforms.ActiveCfg = Release|Win32
		{C3291F70-58A1-48AD-BA9A-A8A9B176EA70}.Release|Mixed Platforms.Build.0 = Release|Win32
		{C3291F70-58A1-48AD-BA9A-A8A9B176EA70}.Release|Win32.ActiveCfg = Release|Win32
		{C3291F70-58A1-48AD-BA9A-A8A9B176EA70}.Release|Win32.Build.0 = Release|Win32
		{C3291F70-58A1-48AD-BA9A-A8A9B176EA70}.Release|x64.ActiveCfg = Release|x64
		{C3291F70-58A1-48AD-BA9A-A8A9B176EA70}.Release|x64.Build.0 = Release|x64
		{C3291F70-58A1-48AD-BA9A-A8A9B176EA70}.Release|x86.ActiveCfg = Release|Win32
		{C3291F70-58A1-48AD-BA9A-A8A9B176EA70}.Release|x86.Build.0 = Release|Win32
		{DB1936FB-7267-4EE8-8F96-E4BB79CCE7ED}.Debug|Any CPU.ActiveCfg = Debug|Win32
		{DB1936FB-7267-4EE8-8F96-E4BB79CCE7ED}.Debug|ARM.ActiveCfg = Debug|Win32
		{DB1936FB-7267-4EE8-8F96-E4BB79CCE7ED}.Debug|Mixed Platforms.ActiveCfg = Debug|Win32
		{DB1936FB-7267-4EE8-8F96-E4BB79CCE7ED}.Debug|Mixed Platforms.Build.0 = Debug|Win32
		{DB1936FB-7267-4EE8-8F96-E4BB79CCE7ED}.Debug|Win32.ActiveCfg = Debug|Win32
		{DB1936FB-7267-4EE8-8F96-E4BB79CCE7ED}.Debug|Win32.Build.0 = Debug|Win32
		{DB1936FB-7267-4EE8-8F96-E4BB79CCE7ED}.Debug|x64.ActiveCfg = Debug|x64
		{DB1936FB-7267-4EE8-8F96-E4BB79CCE7ED}.Debug|x64.Build.0 = Debug|x64
		{DB1936FB-7267-4EE8-8F96-E4BB79CCE7ED}.Debug|x86.ActiveCfg = Debug|Win32
		{DB1936FB-7267-4EE8-8F96-E4BB79CCE7ED}.Debug|x86.Build.0 = Debug|Win32
		{DB1936FB-7267-4EE8-8F96-E4BB79CCE7ED}.Release|Any CPU.ActiveCfg = Release|Win32
		{DB1936FB-7267-4EE8-8F96-E4BB79CCE7ED}.Release|ARM.ActiveCfg = Release|Win32
		{DB1936FB-7267-4EE8-8F96-E4BB79CCE7ED}.Release|Mixed Platforms.ActiveCfg = Release|Win32
		{DB1936FB-7267-4EE8-8F96-E4BB79CCE7ED}.Release|Mixed Platforms.Build.0 = Release|Win32
		{DB1936FB-7267-4EE8-8F96-E4BB79CCE7ED}.Release|Win32.ActiveCfg = Release|Win32
		{DB1936FB-7267-4EE8-8F96-E4BB79CCE7ED}.Release|Win32.Build.0 = Release|Win32
		{DB1936FB-7267-4EE8-8F96-E4BB79CCE7ED}.Release|x64.ActiveCfg = Release|x64
		{DB1936FB-7267-4EE8-8F96-E4BB79CCE7ED}.Release|x64.Build.0 = Release|x64
		{DB1936FB-7267-4EE8-8F96-E4BB79CCE7ED}.Release|x86.ActiveCfg = Release|Win32
		{DB1936FB-7267-4EE8-8F96-E4BB79CCE7ED}.Release|x86.Build.0 = Release|Win32
		{3F6348E2-4621-45C6-AD8D-91B8BE4C9072}.Debug|Any CPU.ActiveCfg = Debug|Win32
		{3F6348E2-4621-45C6-AD8D-91B8BE4C9072}.Debug|ARM.ActiveCfg = Debug|Win32
		{3F6348E2-4621-45C6-AD8D-91B8BE4C9072}.Debug|Mixed Platforms.ActiveCfg = Debug|Win32
		{3F6348E2-4621-45C6-AD8D-91B8BE4C9072}.Debug|Mixed Platforms.Build.0 = Debug|Win32
		{3F6348E2-4621-45C6-AD8D-91B8BE4C9072}.Debug|Win32.ActiveCfg = Debug|Win32
		{3F6348E2-4621-45C6-AD8D-91B8BE4C9072}.Debug|Win32.Build.0 = Debug|Win32
		{3F6348E2-4621-45C6-AD8D-91B8BE4C9072}.Debug|x64.ActiveCfg = Debug|x64
		{3F6348E2-4621-45C6-AD8D-91B8BE4C9072}.Debug|x64.Build.0 = Debug|x64
		{3F6348E2-4621-45C6-AD8D-91B8BE4C9072}.Debug|x86.ActiveCfg = Debug|Win32
		{3F6348E2-4621-45C6-AD8D-91B8BE4C9072}.Debug|x86.Build.0 = Debug|Win32
		{3F6348E2-4621-45C6-AD8D-91B8BE4C9072}.Release|Any CPU.ActiveCfg = Release|Win32
		{3F6348E2-4621-45C6-AD8D-91B8BE4C9072}.Release|ARM.ActiveCfg = Release|Win32
		{3F6348E2-4621-45C6-AD8D-91B8BE4C9072}.Release|Mixed Platforms.ActiveCfg = Release|Win32
		{3F6348E2-4621-45C6-AD8D-91B8BE4C9072}.Release|Mixed Platforms.Build.0 = Release|Win32
		{3F6348E2-4621-45C6-AD8D-91B8BE4C9072}.Release|Win32.ActiveCfg = Release|Win32
		{3F6348E2-4621-45C6-AD8D-91B8BE4C9072}.Release|Win32.Build.0 = Release|Win32
		{3F6348E2-4621-45C6-AD8D-91B8BE4C9072}.Release|x64.ActiveCfg = Release|x64
		{3F6348E2-4621-45C6-AD8D-91B8BE4C9072}.Release|x64.Build.0 = Release|x64
		{3F6348E2-4621-45C6-AD8D-91B8BE4C9072}.Release|x86.ActiveCfg = Release|Win32
		{3F6348E2-4621-45C6-AD8D-91B8BE4C9072}.Release|x86.Build.0 = Release|Win32
		{7AAE81D3-4848-4F34-A1F2-F8F9E24E5773}.Debug|Any CPU.ActiveCfg = Debug|Win32
		{7AAE81D3-4848-4F34-A1F2-F8F9E24E5773}.Debug|ARM.ActiveCfg = Debug|Win32
		{7AAE81D3-4848-4F34-A1F2-F8F9E24E5773}.Debug|Mixed Platforms.ActiveCfg = Debug|Win32
		{7AAE81D3-4848-4F34-A1F2-F8F9E24E5773}.Debug|Mixed Platforms.Build.0 = Debug|Win32
		{7AAE81D3-4848-4F34-A1F2-F8F9E24E5773}.Debug|Win32.ActiveCfg = Debug|Win32
		{7AAE81D3-4848-4F34-A1F2-F8F9E24E5773}.Debug|Win32.Build.0 = Debug|Win32
		{7AAE81D3-4848-4F34-A1F2-F8F9E24E5773}.Debug|x64.ActiveCfg = Debug|x64
		{7AAE81D3-4848-4F34-A1F2-F8F9E24E5773}.Debug|x64.Build.0 = Debug|x64
		{7AAE81D3-4848-4F34-A1F2-F8F9E24E5773}.Debug|x86.ActiveCfg = Debug|Win32
		{7AAE81D3-4848-4F34-A1F2-F8F9E24E5773}.Debug|x86.Build.0 = Debug|Win32
		{7AAE81D3-4848-4F34-A1F2-F8F9E24E5773}.Release|Any CPU.ActiveCfg = Release|Win32
		{7AAE81D3-4848-4F34-A1F2-F8F9E24E5773}.Release|ARM.ActiveCfg = Release|Win32
		{7AAE81D3-4848-4F34-A1F2-F8F9E24E5773}.Release|Mixed Platforms.ActiveCfg = Release|Win32
		{7AAE81D3-4848-4F34-A1F2-F8F9E24E5773}.Release|Mixed Platforms.Build.0 = Release|Win32
		{7AAE81D3-4848-4F34-A1F2-F8F9E24E5773}.Release|Win32.ActiveCfg = Release|Win32
		{7AAE81D3-4848-4F34-A1F2-F8F9E24E5773}.Release|Win32.Build.0 = Release|Win32
		{7AAE81D3-4848-4F34-A1F2-F8F9E24E5773}.Release|x64.ActiveCfg = Release|x64
		{7AAE81D3-4848-4F34-A1F2-F8F9E24E5773}.Release|x64.Build.0 = Release|x64
		{7AAE81D3-4848-4F34-A1F2-F8F9E24E5773}.Release|x86.ActiveCfg = Release|Win32
		{7AAE81D3-4848-4F34-A1F2-F8F9E24E5773}.Release|x86.Build.0 = Release|Win32
		{1EAA1FC4-3E36-4CC8-B6C5-B32EDD3962C2}.Debug|Any CPU.ActiveCfg = Debug|Win32
		{1EAA1FC4-3E36-4CC8-B6C5-B32EDD3962C2}.Debug|ARM.ActiveCfg = Debug|Win32
		{1EAA1FC4-3E36-4CC8-B6C5-B32EDD3962C2}.Debug|Mixed Platforms.ActiveCfg = Debug|Win32
		{1EAA1FC4-3E36-4CC8-B6C5-B32EDD3962C2}.Debug|Mixed Platforms.Build.0 = Debug|Win32
		{1EAA1FC4-3E36-4CC8-B6C5-B32EDD3962C2}.Debug|Win32.ActiveCfg = Debug|Win32
		{1EAA1FC4-3E36-4CC8-B6C5-B32EDD3962C2}.Debug|Win32.Build.0 = Debug|Win32
		{1EAA1FC4-3E36-4CC8-B6C5-B32EDD3962C2}.Debug|x64.ActiveCfg = Debug|x64
		{1EAA1FC4-3E36-4CC8-B6C5-B32EDD3962C2}.Debug|x64.Build.0 = Debug|x64
		{1EAA1FC4-3E36-4CC8-B6C5-B32EDD3962C2}.Debug|x86.ActiveCfg = Debug|Win32
		{1EAA1FC4-3E36-4CC8-B6C5-B32EDD3962C2}.Debug|x86.Build.0 = Debug|Win32
		{1EAA1FC4-3E36-4CC8-B6C5-B32EDD3962C2}.Release|Any CPU.ActiveCfg = Release|Win32
		{1EAA1FC4-3E36-4CC8-B6C5-B32EDD3962C2}.Release|ARM.ActiveCfg = Release|Win32
		{1EAA1FC4-3E36-4CC8-B6C5-B32EDD3962C2}.Release|Mixed Platforms.ActiveCfg = Release|Win32
		{1EAA1FC4-3E36-4CC8-B6C5-B32EDD3962C2}.Release|Mixed Platforms.Build.0 = Release|Win32
		{1EAA1FC4-3E36-4CC8-B6C5-B32EDD3962C2}.Release|Win32.ActiveCfg = Release|Win32
		{1EAA1FC4-3E36-4CC8-B6C5-B32EDD3962C2}.Release|Win32.Build.0 = Release|Win32
		{1EAA1FC4-3E36-4CC8-B6C5-B32EDD3962C2}.Release|x64.ActiveCfg = Release|x64
		{1EAA1FC4-3E36-4CC8-B6C5-B32EDD3962C2}.Release|x64.Build.0 = Release|x64
		{1EAA1FC4-3E36-4CC8-B6C5-B32EDD3962C2}.Release|x86.ActiveCfg = Release|Win32
		{1EAA1FC4-3E36-4CC8-B6C5-B32EDD3962C2}.Release|x86.Build.0 = Release|Win32
		{50CF2C5D-4A13-4D16-8E65-441FE7155333}.Debug|Any CPU.ActiveCfg = Debug|Win32
		{50CF2C5D-4A13-4D16-8E65-441FE7155333}.Debug|ARM.ActiveCfg = Debug|Win32
		{50CF2C5D-4A13-4D16-8E65-441FE7155333}.Debug|Mixed Platforms.ActiveCfg = Debug|Win32
		{50CF2C5D-4A13-4D16-8E65-441FE7155333}.Debug|Mixed Platforms.Build.0 = Debug|Win32
		{50CF2C5D-4A13-4D16-8E65-441FE7155333}.Debug|Win32.ActiveCfg = Debug|Win32
		{50CF2C5D-4A13-4D16-8E65-441FE7155333}.Debug|Win32.Build.0 = Debug|Win32
		{50CF2C5D-4A13-4D16-8E65-441FE7155333}.Debug|x64.ActiveCfg = Debug|x64
		{50CF2C5D-4A13-4D16-8E65-441FE7155333}.Debug|x64.Build.0 = Debug|x64
		{50CF2C5D-4A13-4D16-8E65-441FE7155333}.Debug|x86.ActiveCfg = Debug|Win32
		{50CF2C5D-4A13-4D16-8E65-441FE7155333}.Debug|x86.Build.0 = Debug|Win32
		{50CF2C5D-4A13-4D16-8E65-441FE7155333}.Release|Any CPU.ActiveCfg = Release|Win32
		{50CF2C5D-4A13-4D16-8E65-441FE7155333}.Release|ARM.ActiveCfg = Release|Win32
		{50CF2C5D-4A13-4D16-8E65-441FE7155333}.Release|Mixed Platforms.ActiveCfg = Release|Win32
		{50CF2C5D-4A13-4D16-8E65-441FE7155333}.Release|Mixed Platforms.Build.0 = Release|Win32
		{50CF2C5D-4A13-4D16-8E65-441FE7155333}.Release|Win32.ActiveCfg = Release|Win32
		{50CF2C5D-4A13-4D16-8E65-441FE7155333}.Release|Win32.Build.0 = Release|Win32
		{50CF2C5D-4A13-4D16-8E65-441FE7155333}.Release|x64.ActiveCfg = Release|x64
		{50CF2C5D-4A13-4D16-8E65-441FE7155333}.Release|x64.Build.0 = Release|x64
		{50CF2C5D-4A13-4D16-8E65-441FE7155333}.Release|x86.ActiveCfg = Release|Win32
		{50CF2C5D-4A13-4D16-8E65-441FE7155333}.Release|x86.Build.0 = Release|Win32
		{CC1DC1E6-26BB-43D3-A156-4C60DC92DDB5}.Debug|Any CPU.ActiveCfg = Debug|Win32
		{CC1DC1E6-26BB-43D3-A156-4C60DC92DDB5}.Debug|ARM.ActiveCfg = Debug|Win32
		{CC1DC1E6-26BB-43D3-A156-4C60DC92DDB5}.Debug|Mixed Platforms.ActiveCfg = Debug|Win32
		{CC1DC1E6-26BB-43D3-A156-4C60DC92DDB5}.Debug|Mixed Platforms.Build.0 = Debug|Win32
		{CC1DC1E6-26BB-43D3-A156-4C60DC92DDB5}.Debug|Win32.ActiveCfg = Debug|Win32
		{CC1DC1E6-26BB-43D3-A156-4C60DC92DDB5}.Debug|Win32.Build.0 = Debug|Win32
		{CC1DC1E6-26BB-43D3-A156-4C60DC92DDB5}.Debug|x64.ActiveCfg = Debug|x64
		{CC1DC1E6-26BB-43D3-A156-4C60DC92DDB5}.Debug|x64.Build.0 = Debug|x64
		{CC1DC1E6-26BB-43D3-A156-4C60DC92DDB5}.Debug|x86.ActiveCfg = Debug|Win32
		{CC1DC1E6-26BB-43D3-A156-4C60DC92DDB5}.Debug|x86.Build.0 = Debug|Win32
		{CC1DC1E6-26BB-43D3-A156-4C60DC92DDB5}.Release|Any CPU.ActiveCfg = Release|Win32
		{CC1DC1E6-26BB-43D3-A156-4C60DC92DDB5}.Release|ARM.ActiveCfg = Release|Win32
		{CC1DC1E6-26BB-43D3-A156-4C60DC92DDB5}.Release|Mixed Platforms.ActiveCfg = Release|Win32
		{CC1DC1E6-26BB-43D3-A156-4C60DC92DDB5}.Release|Mixed Platforms.Build.0 = Release|Win32
		{CC1DC1E6-26BB-43D3-A156-4C60DC92DDB5}.Release|Win32.ActiveCfg = Release|Win32
		{CC1DC1E6-26BB-43D3-A156-4C60DC92DDB5}.Release|Win32.Build.0 = Release|Win32
		{CC1DC1E6-26BB-43D3-A156-4C60DC92DDB5}.Release|x64.ActiveCfg = Release|x64
		{CC1DC1E6-26BB-43D3-A156-4C60DC92DDB5}.Release|x64.Build.0 = Release|x64
		{CC1DC1E6-26BB-43D3-A156-4C60DC92DDB5}.Release|x86.ActiveCfg = Release|Win32
		{CC1DC1E6-26BB-43D3-A156-4C60DC92DDB5}.Release|x86.Build.0 = Release|Win32
		{22C79F18-F938-4A9E-A4B0-B77E8F87429D}.Debug|Any CPU.ActiveCfg = Debug|Win32
		{22C79F18-F938-4A9E-A4B0-B77E8F87429D}.Debug|ARM.ActiveCfg = Debug|Win32
		{22C79F18-F938-4A9E-A4B0-B77E8F87429D}.Debug|Mixed Platforms.ActiveCfg = Debug|Win32
		{22C79F18-F938-4A9E-A4B0-B77E8F87429D}.Debug|Mixed Platforms.Build.0 = Debug|Win32
		{22C79F18-F938-4A9E-A4B0-B77E8F87429D}.Debug|Win32.ActiveCfg = Debug|Win32
		{22C79F18-F938-4A9E-A4B0-B77E8F87429D}.Debug|Win32.Build.0 = Debug|Win32
		{22C79F18-F938-4A9E-A4B0-B77E8F87429D}.Debug|x64.ActiveCfg = Debug|x64
		{22C79F18-F938-4A9E-A4B0-B77E8F87429D}.Debug|x64.Build.0 = Debug|x64
		{22C79F18-F938-4A9E-A4B0-B77E8F87429D}.Debug|x86.ActiveCfg = Debug|Win32
		{22C79F18-F938-4A9E-A4B0-B77E8F87429D}.Debug|x86.Build.0 = Debug|Win32
		{22C79F18-F938-4A9E-A4B0-B77E8F87429D}.Release|Any CPU.ActiveCfg = Release|Win32
		{22C79F18-F938-4A9E-A4B0-B77E8F87429D}.Release|ARM.ActiveCfg = Release|Win32
		{22C79F18-F938-4A9E-A4B0-B77E8F87429D}.Release|Mixed Platforms.ActiveCfg = Release|Win32
		{22C79F18-F938-4A9E-A4B0-B77E8F87429D}.Release|Mixed Platforms.Build.0 = Release|Win32
		{22C79F18-F938-4A9E-A4B0-B77E8F87429D}.Release|Win32.ActiveCfg = Release|Win32
		{22C79F18-F938-4A9E-A4B0-B77E8F87429D}.Release|Win32.Build.0 = Release|Win32
		{22C79F18-F938-4A9E-A4B0-B77E8F87429D}.Release|x64.ActiveCfg = Release|x64
		{22C79F18-F938-4A9E-A4B0-B77E8F87429D}.Release|x64.Build.0 = Release|x64
		{22C79F18-F938-4A9E-A4B0-B77E8F87429D}.Release|x86.ActiveCfg = Release|Win32
		{22C79F18-F938-4A9E-A4B0-B77E8F87429D}.Release|x86.Build.0 = Release|Win32
		{44643D7F-1C71-41C1-B452-B2DC5E088A58}.Debug|Any CPU.ActiveCfg = Debug|Win32
		{44643D7F-1C71-41C1-B452-B2DC5E088A58}.Debug|ARM.ActiveCfg = Debug|Win32
		{44643D7F-1C71-41C1-B452-B2DC5E088A58}.Debug|Mixed Platforms.ActiveCfg = Debug|Win32
		{44643D7F-1C71-41C1-B452-B2DC5E088A58}.Debug|Mixed Platforms.Build.0 = Debug|Win32
		{44643D7F-1C71-41C1-B452-B2DC5E088A58}.Debug|Win32.ActiveCfg = Debug|Win32
		{44643D7F-1C71-41C1-B452-B2DC5E088A58}.Debug|Win32.Build.0 = Debug|Win32
		{44643D7F-1C71-41C1-B452-B2DC5E088A58}.Debug|x64.ActiveCfg = Debug|x64
		{44643D7F-1C71-41C1-B452-B2DC5E088A58}.Debug|x64.Build.0 = Debug|x64
		{44643D7F-1C71-41C1-B452-B2DC5E088A58}.Debug|x86.ActiveCfg = Debug|Win32
		{44643D7F-1C71-41C1-B452-B2DC5E088A58}.Debug|x86.Build.0 = Debug|Win32
		{44643D7F-1C71-41C1-B452-B2DC5E088A58}.Release|Any CPU.ActiveCfg = Release|Win32
		{44643D7F-1C71-41C1-B452-B2DC5E088A58}.Release|ARM.ActiveCfg = Release|Win32
		{44643D7F-1C71-41C1-B452-B2DC5E088A58}.Release|Mixed Platforms.ActiveCfg = Release|Win32
		{44643D7F-1C71-41C1-B452-B2DC5E088A58}.Release|Mixed Platforms.Build.0 = Release|Win32
		{44643D7F-1C71-41C1-B452-B2DC5E088A58}.Release|Win32.ActiveCfg = Release|Win32
		{44643D7F-1C71-41C1-B452-B2DC5E088A58}.Release|Win32.Build.0 = Release|Win32
		{44643D7F-1C71-41C1-B452-B2DC5E088A58}.Release|x64.ActiveCfg = Release|x64
		{44643D7F-1C71-41C1-B452-B2DC5E088A58}.Release|x64.Build.0 = Release|x64
		{44643D7F-1C71-41C1-B452-B2DC5E088A58}.Release|x86.ActiveCfg = Release|Win32
		{44643D7F-1C71-41C1-B452-B2DC5E088A58}.Release|x86.Build.0 = Release|Win32
		{9F71F0DA-1D72-4E96-93B7-5AC2C9CB6EDE}.Debug|Any CPU.ActiveCfg = Debug|Win32
		{9F71F0DA-1D72-4E96-93B7-5AC2C9CB6EDE}.Debug|ARM.ActiveCfg = Debug|Win32
		{9F71F0DA-1D72-4E96-93B7-5AC2C9CB6EDE}.Debug|Mixed Platforms.ActiveCfg = Debug|Win32
		{9F71F0DA-1D72-4E96-93B7-5AC2C9CB6EDE}.Debug|Mixed Platforms.Build.0 = Debug|Win32
		{9F71F0DA-1D72-4E96-93B7-5AC2C9CB6EDE}.Debug|Win32.ActiveCfg = Debug|Win32
		{9F71F0DA-1D72-4E96-93B7-5AC2C9CB6EDE}.Debug|Win32.Build.0 = Debug|Win32
		{9F71F0DA-1D72-4E96-93B7-5AC2C9CB6EDE}.Debug|x64.ActiveCfg = Debug|x64
		{9F71F0DA-1D72-4E96-93B7-5AC2C9CB6EDE}.Debug|x64.Build.0 = Debug|x64
		{9F71F0DA-1D72-4E96-93B7-5AC2C9CB6EDE}.Debug|x86.ActiveCfg = Debug|Win32
		{9F71F0DA-1D72-4E96-93B7-5AC2C9CB6EDE}.Debug|x86.Build.0 = Debug|Win32
		{9F71F0DA-1D72-4E96-93B7-5AC2C9CB6EDE}.Release|Any CPU.ActiveCfg = Release|Win32
		{9F71F0DA-1D72-4E96-93B7-5AC2C9CB6EDE}.Release|ARM.ActiveCfg = Release|Win32
		{9F71F0DA-1D72-4E96-93B7-5AC2C9CB6EDE}.Release|Mixed Platforms.ActiveCfg = Release|Win32
		{9F71F0DA-1D72-4E96-93B7-5AC2C9CB6EDE}.Release|Mixed Platforms.Build.0 = Release|Win32
		{9F71F0DA-1D72-4E96-93B7-5AC2C9CB6EDE}.Release|Win32.ActiveCfg = Release|Win32
		{9F71F0DA-1D72-4E96-93B7-5AC2C9CB6EDE}.Release|Win32.Build.0 = Release|Win32
		{9F71F0DA-1D72-4E96-93B7-5AC2C9CB6EDE}.Release|x64.ActiveCfg = Release|x64
		{9F71F0DA-1D72-4E96-93B7-5AC2C9CB6EDE}.Release|x64.Build.0 = Release|x64
		{9F71F0DA-1D72-4E96-93B7-5AC2C9CB6EDE}.Release|x86.ActiveCfg = Release|Win32
		{9F71F0DA-1D72-4E96-93B7-5AC2C9CB6EDE}.Release|x86.Build.0 = Release|Win32
		{EEEFAB61-F404-4957-AC24-A3BF81C5E4ED}.Debug|Any CPU.ActiveCfg = Debug|Win32
		{EEEFAB61-F404-4957-AC24-A3BF81C5E4ED}.Debug|ARM.ActiveCfg = Debug|Win32
		{EEEFAB61-F404-4957-AC24-A3BF81C5E4ED}.Debug|Mixed Platforms.ActiveCfg = Debug|Win32
		{EEEFAB61-F404-4957-AC24-A3BF81C5E4ED}.Debug|Mixed Platforms.Build.0 = Debug|Win32
		{EEEFAB61-F404-4957-AC24-A3BF81C5E4ED}.Debug|Win32.ActiveCfg = Debug|Win32
		{EEEFAB61-F404-4957-AC24-A3BF81C5E4ED}.Debug|Win32.Build.0 = Debug|Win32
		{EEEFAB61-F404-4957-AC24-A3BF81C5E4ED}.Debug|x64.ActiveCfg = Debug|x64
		{EEEFAB61-F404-4957-AC24-A3BF81C5E4ED}.Debug|x64.Build.0 = Debug|x64
		{EEEFAB61-F404-4957-AC24-A3BF81C5E4ED}.Debug|x86.ActiveCfg = Debug|Win32
		{EEEFAB61-F404-4957-AC24-A3BF81C5E4ED}.Debug|x86.Build.0 = Debug|Win32
		{EEEFAB61-F404-4957-AC24-A3BF81C5E4ED}.Release|Any CPU.ActiveCfg = Release|Win32
		{EEEFAB61-F404-4957-AC24-A3BF81C5E4ED}.Release|ARM.ActiveCfg = Release|Win32
		{EEEFAB61-F404-4957-AC24-A3BF81C5E4ED}.Release|Mixed Platforms.ActiveCfg = Release|Win32
		{EEEFAB61-F404-4957-AC24-A3BF81C5E4ED}.Release|Mixed Platforms.Build.0 = Release|Win32
		{EEEFAB61-F404-4957-AC24-A3BF81C5E4ED}.Release|Win32.ActiveCfg = Release|Win32
		{EEEFAB61-F404-4957-AC24-A3BF81C5E4ED}.Release|Win32.Build.0 = Release|Win32
		{EEEFAB61-F404-4957-AC24-A3BF81C5E4ED}.Release|x64.ActiveCfg = Release|x64
		{EEEFAB61-F404-4957-AC24-A3BF81C5E4ED}.Release|x64.Build.0 = Release|x64
		{EEEFAB61-F404-4957-AC24-A3BF81C5E4ED}.Release|x86.ActiveCfg = Release|Win32
		{EEEFAB61-F404-4957-AC24-A3BF81C5E4ED}.Release|x86.Build.0 = Release|Win32
		{C6DAB3EE-E9A7-47FC-9B33-A8F4250C219B}.Debug|Any CPU.ActiveCfg = Debug|Win32
		{C6DAB3EE-E9A7-47FC-9B33-A8F4250C219B}.Debug|ARM.ActiveCfg = Debug|Win32
		{C6DAB3EE-E9A7-47FC-9B33-A8F4250C219B}.Debug|Mixed Platforms.ActiveCfg = Debug|Win32
		{C6DAB3EE-E9A7-47FC-9B33-A8F4250C219B}.Debug|Mixed Platforms.Build.0 = Debug|Win32
		{C6DAB3EE-E9A7-47FC-9B33-A8F4250C219B}.Debug|Win32.ActiveCfg = Debug|Win32
		{C6DAB3EE-E9A7-47FC-9B33-A8F4250C219B}.Debug|Win32.Build.0 = Debug|Win32
		{C6DAB3EE-E9A7-47FC-9B33-A8F4250C219B}.Debug|x64.ActiveCfg = Debug|x64
		{C6DAB3EE-E9A7-47FC-9B33-A8F4250C219B}.Debug|x64.Build.0 = Debug|x64
		{C6DAB3EE-E9A7-47FC-9B33-A8F4250C219B}.Debug|x86.ActiveCfg = Debug|Win32
		{C6DAB3EE-E9A7-47FC-9B33-A8F4250C219B}.Debug|x86.Build.0 = Debug|Win32
		{C6DAB3EE-E9A7-47FC-9B33-A8F4250C219B}.Release|Any CPU.ActiveCfg = Release|Win32
		{C6DAB3EE-E9A7-47FC-9B33-A8F4250C219B}.Release|ARM.ActiveCfg = Release|Win32
		{C6DAB3EE-E9A7-47FC-9B33-A8F4250C219B}.Release|Mixed Platforms.ActiveCfg = Release|Win32
		{C6DAB3EE-E9A7-47FC-9B33-A8F4250C219B}.Release|Mixed Platforms.Build.0 = Release|Win32
		{C6DAB3EE-E9A7-47FC-9B33-A8F4250C219B}.Release|Win32.ActiveCfg = Release|Win32
		{C6DAB3EE-E9A7-47FC-9B33-A8F4250C219B}.Release|Win32.Build.0 = Release|Win32
		{C6DAB3EE-E9A7-47FC-9B33-A8F4250C219B}.Release|x64.ActiveCfg = Release|x64
		{C6DAB3EE-E9A7-47FC-9B33-A8F4250C219B}.Release|x64.Build.0 = Release|x64
		{C6DAB3EE-E9A7-47FC-9B33-A8F4250C219B}.Release|x86.ActiveCfg = Release|Win32
		{C6DAB3EE-E9A7-47FC-9B33-A8F4250C219B}.Release|x86.Build.0 = Release|Win32
		{F2104B29-1AF3-4434-BA9C-78D0F2A4635F}.Debug|Any CPU.ActiveCfg = Debug|Win32
		{F2104B29-1AF3-4434-BA9C-78D0F2A4635F}.Debug|ARM.ActiveCfg = Debug|Win32
		{F2104B29-1AF3-4434-BA9C-78D0F2A4635F}.Debug|Mixed Platforms.ActiveCfg = Debug|Win32
		{F2104B29-1AF3-4434-BA9C-78D0F2A4635F}.Debug|Mixed Platforms.Build.0 = Debug|Win32
		{F2104B29-1AF3-4434-BA9C-78D0F2A4635F}.Debug|Win32.ActiveCfg = Debug|Win32
		{F2104B29-1AF3-4434-BA9C-78D0F2A4635F}.Debug|Win32.Build.0 = Debug|Win32
		{F2104B29-1AF3-4434-BA9C-78D0F2A4635F}.Debug|x64.ActiveCfg = Debug|x64
		{F2104B29-1AF3-4434-BA9C-78D0F2A4635F}.Debug|x64.Build.0 = Debug|x64
		{F2104B29-1AF3-4434-BA9C-78D0F2A4635F}.Debug|x86.ActiveCfg = Debug|Win32
		{F2104B29-1AF3-4434-BA9C-78D0F2A4635F}.Debug|x86.Build.0 = Debug|Win32
		{F2104B29-1AF3-4434-BA9C-78D0F2A4635F}.Release|Any CPU.ActiveCfg = Release|Win32
		{F2104B29-1AF3-4434-BA9C-78D0F2A4635F}.Release|ARM.ActiveCfg = Release|Win32
		{F2104B29-1AF3-4434-BA9C-78D0F2A4635F}.Release|Mixed Platforms.ActiveCfg = Release|Win32
		{F2104B29-1AF3-4434-BA9C-78D0F2A4635F}.Release|Mixed Platforms.Build.0 = Release|Win32
		{F2104B29-1AF3-4434-BA9C-78D0F2A4635F}.Release|Win32.ActiveCfg = Release|Win32
		{F2104B29-1AF3-4434-BA9C-78D0F2A4635F}.Release|Win32.Build.0 = Release|Win32
		{F2104B29-1AF3-4434-BA9C-78D0F2A4635F}.Release|x64.ActiveCfg = Release|x64
		{F2104B29-1AF3-4434-BA9C-78D0F2A4635F}.Release|x64.Build.0 = Release|x64
		{F2104B29-1AF3-4434-BA9C-78D0F2A4635F}.Release|x86.ActiveCfg = Release|Win32
		{F2104B29-1AF3-4434-BA9C-78D0F2A4635F}.Release|x86.Build.0 = Release|Win32
		{267292A0-C262-43E7-AFB1-1F63439FD465}.Debug|Any CPU.ActiveCfg = Debug|Win32
		{267292A0-C262-43E7-AFB1-1F63439FD465}.Debug|ARM.ActiveCfg = Debug|Win32
		{267292A0-C262-43E7-AFB1-1F63439FD465}.Debug|Mixed Platforms.ActiveCfg = Debug|Win32
		{267292A0-C262-43E7-AFB1-1F63439FD465}.Debug|Mixed Platforms.Build.0 = Debug|Win32
		{267292A0-C262-43E7-AFB1-1F63439FD465}.Debug|Win32.ActiveCfg = Debug|Win32
		{267292A0-C262-43E7-AFB1-1F63439FD465}.Debug|Win32.Build.0 = Debug|Win32
		{267292A0-C262-43E7-AFB1-1F63439FD465}.Debug|x64.ActiveCfg = Debug|x64
		{267292A0-C262-43E7-AFB1-1F63439FD465}.Debug|x64.Build.0 = Debug|x64
		{267292A0-C262-43E7-AFB1-1F63439FD465}.Debug|x86.ActiveCfg = Debug|Win32
		{267292A0-C262-43E7-AFB1-1F63439FD465}.Debug|x86.Build.0 = Debug|Win32
		{267292A0-C262-43E7-AFB1-1F63439FD465}.Release|Any CPU.ActiveCfg = Release|Win32
		{267292A0-C262-43E7-AFB1-1F63439FD465}.Release|ARM.ActiveCfg = Release|Win32
		{267292A0-C262-43E7-AFB1-1F63439FD465}.Release|Mixed Platforms.ActiveCfg = Release|Win32
		{267292A0-C262-43E7-AFB1-1F63439FD465}.Release|Mixed Platforms.Build.0 = Release|Win32
		{267292A0-C262-43E7-AFB1-1F63439FD465}.Release|Win32.ActiveCfg = Release|Win32
		{267292A0-C262-43E7-AFB1-1F63439FD465}.Release|Win32.Build.0 = Release|Win32
		{267292A0-C262-43E7-AFB1-1F63439FD465}.Release|x64.ActiveCfg = Release|x64
		{267292A0-C262-43E7-AFB1-1F63439FD465}.Release|x64.Build.0 = Release|x64
		{267292A0-C262-43E7-AFB1-1F63439FD465}.Release|x86.ActiveCfg = Release|Win32
		{267292A0-C262-43E7-AFB1-1F63439FD465}.Release|x86.Build.0 = Release|Win32
		{16150492-838D-4376-8E74-88F569E6050D}.Debug|Any CPU.ActiveCfg = Debug|Win32
		{16150492-838D-4376-8E74-88F569E6050D}.Debug|ARM.ActiveCfg = Debug|Win32
		{16150492-838D-4376-8E74-88F569E6050D}.Debug|Mixed Platforms.ActiveCfg = Debug|Win32
		{16150492-838D-4376-8E74-88F569E6050D}.Debug|Mixed Platforms.Build.0 = Debug|Win32
		{16150492-838D-4376-8E74-88F569E6050D}.Debug|Win32.ActiveCfg = Debug|Win32
		{16150492-838D-4376-8E74-88F569E6050D}.Debug|Win32.Build.0 = Debug|Win32
		{16150492-838D-4376-8E74-88F569E6050D}.Debug|x64.ActiveCfg = Debug|x64
		{16150492-838D-4376-8E74-88F569E6050D}.Debug|x64.Build.0 = Debug|x64
		{16150492-838D-4376-8E74-88F569E6050D}.Debug|x86.ActiveCfg = Debug|Win32
		{16150492-838D-4376-8E74-88F569E6050D}.Debug|x86.Build.0 = Debug|Win32
		{16150492-838D-4376-8E74-88F569E6050D}.Release|Any CPU.ActiveCfg = Release|Win32
		{16150492-838D-4376-8E74-88F569E6050D}.Release|ARM.ActiveCfg = Release|Win32
		{16150492-838D-4376-8E74-88F569E6050D}.Release|Mixed Platforms.ActiveCfg = Release|Win32
		{16150492-838D-4376-8E74-88F569E6050D}.Release|Mixed Platforms.Build.0 = Release|Win32
		{16150492-838D-4376-8E74-88F569E6050D}.Release|Win32.ActiveCfg = Release|Win32
		{16150492-838D-4376-8E74-88F569E6050D}.Release|Win32.Build.0 = Release|Win32
		{16150492-838D-4376-8E74-88F569E6050D}.Release|x64.ActiveCfg = Release|x64
		{16150492-838D-4376-8E74-88F569E6050D}.Release|x64.Build.0 = Release|x64
		{16150492-838D-4376-8E74-88F569E6050D}.Release|x86.ActiveCfg = Release|Win32
		{16150492-838D-4376-8E74-88F569E6050D}.Release|x86.Build.0 = Release|Win32
		{2800312A-1970-47FB-87B3-DD7E96405D85}.Debug|Any CPU.ActiveCfg = Debug|Win32
		{2800312A-1970-47FB-87B3-DD7E96405D85}.Debug|ARM.ActiveCfg = Debug|Win32
		{2800312A-1970-47FB-87B3-DD7E96405D85}.Debug|Mixed Platforms.ActiveCfg = Debug|Win32
		{2800312A-1970-47FB-87B3-DD7E96405D85}.Debug|Mixed Platforms.Build.0 = Debug|Win32
		{2800312A-1970-47FB-87B3-DD7E96405D85}.Debug|Win32.ActiveCfg = Debug|Win32
		{2800312A-1970-47FB-87B3-DD7E96405D85}.Debug|Win32.Build.0 = Debug|Win32
		{2800312A-1970-47FB-87B3-DD7E96405D85}.Debug|x64.ActiveCfg = Debug|x64
		{2800312A-1970-47FB-87B3-DD7E96405D85}.Debug|x64.Build.0 = Debug|x64
		{2800312A-1970-47FB-87B3-DD7E96405D85}.Debug|x86.ActiveCfg = Debug|Win32
		{2800312A-1970-47FB-87B3-DD7E96405D85}.Debug|x86.Build.0 = Debug|Win32
		{2800312A-1970-47FB-87B3-DD7E96405D85}.Release|Any CPU.ActiveCfg = Release|Win32
		{2800312A-1970-47FB-87B3-DD7E96405D85}.Release|ARM.ActiveCfg = Release|Win32
		{2800312A-1970-47FB-87B3-DD7E96405D85}.Release|Mixed Platforms.ActiveCfg = Release|Win32
		{2800312A-1970-47FB-87B3-DD7E96405D85}.Release|Mixed Platforms.Build.0 = Release|Win32
		{2800312A-1970-47FB-87B3-DD7E96405D85}.Release|Win32.ActiveCfg = Release|Win32
		{2800312A-1970-47FB-87B3-DD7E96405D85}.Release|Win32.Build.0 = Release|Win32
		{2800312A-1970-47FB-87B3-DD7E96405D85}.Release|x64.ActiveCfg = Release|x64
		{2800312A-1970-47FB-87B3-DD7E96405D85}.Release|x64.Build.0 = Release|x64
		{2800312A-1970-47FB-87B3-DD7E96405D85}.Release|x86.ActiveCfg = Release|Win32
		{2800312A-1970-47FB-87B3-DD7E96405D85}.Release|x86.Build.0 = Release|Win32
		{187F6B99-C04B-4093-9CDF-13D8FC994817}.Debug|Any CPU.ActiveCfg = Debug|Win32
		{187F6B99-C04B-4093-9CDF-13D8FC994817}.Debug|ARM.ActiveCfg = Debug|Win32
		{187F6B99-C04B-4093-9CDF-13D8FC994817}.Debug|Mixed Platforms.ActiveCfg = Debug|Win32
		{187F6B99-C04B-4093-9CDF-13D8FC994817}.Debug|Mixed Platforms.Build.0 = Debug|Win32
		{187F6B99-C04B-4093-9CDF-13D8FC994817}.Debug|Win32.ActiveCfg = Debug|Win32
		{187F6B99-C04B-4093-9CDF-13D8FC994817}.Debug|Win32.Build.0 = Debug|Win32
		{187F6B99-C04B-4093-9CDF-13D8FC994817}.Debug|x64.ActiveCfg = Debug|x64
		{187F6B99-C04B-4093-9CDF-13D8FC994817}.Debug|x64.Build.0 = Debug|x64
		{187F6B99-C04B-4093-9CDF-13D8FC994817}.Debug|x86.ActiveCfg = Debug|Win32
		{187F6B99-C04B-4093-9CDF-13D8FC994817}.Debug|x86.Build.0 = Debug|Win32
		{187F6B99-C04B-4093-9CDF-13D8FC994817}.Release|Any CPU.ActiveCfg = Release|Win32
		{187F6B99-C04B-4093-9CDF-13D8FC994817}.Release|ARM.ActiveCfg = Release|Win32
		{187F6B99-C04B-4093-9CDF-13D8FC994817}.Release|Mixed Platforms.ActiveCfg = Release|Win32
		{187F6B99-C04B-4093-9CDF-13D8FC994817}.Release|Mixed Platforms.Build.0 = Release|Win32
		{187F6B99-C04B-4093-9CDF-13D8FC994817}.Release|Win32.ActiveCfg = Release|Win32
		{187F6B99-C04B-4093-9CDF-13D8FC994817}.Release|Win32.Build.0 = Release|Win32
		{187F6B99-C04B-4093-9CDF-13D8FC994817}.Release|x64.ActiveCfg = Release|x64
		{187F6B99-C04B-4093-9CDF-13D8FC994817}.Release|x64.Build.0 = Release|x64
		{187F6B99-C04B-4093-9CDF-13D8FC994817}.Release|x86.ActiveCfg = Release|Win32
		{187F6B99-C04B-4093-9CDF-13D8FC994817}.Release|x86.Build.0 = Release|Win32
		{364E3CFB-CCAA-4AAF-AA03-D6E2D9749228}.Debug|Any CPU.ActiveCfg = Debug|Win32
		{364E3CFB-CCAA-4AAF-AA03-D6E2D9749228}.Debug|ARM.ActiveCfg = Debug|Win32
		{364E3CFB-CCAA-4AAF-AA03-D6E2D9749228}.Debug|Mixed Platforms.ActiveCfg = Debug|Win32
		{364E3CFB-CCAA-4AAF-AA03-D6E2D9749228}.Debug|Mixed Platforms.Build.0 = Debug|Win32
		{364E3CFB-CCAA-4AAF-AA03-D6E2D9749228}.Debug|Win32.ActiveCfg = Debug|Win32
		{364E3CFB-CCAA-4AAF-AA03-D6E2D9749228}.Debug|Win32.Build.0 = Debug|Win32
		{364E3CFB-CCAA-4AAF-AA03-D6E2D9749228}.Debug|x64.ActiveCfg = Debug|x64
		{364E3CFB-CCAA-4AAF-AA03-D6E2D9749228}.Debug|x64.Build.0 = Debug|x64
		{364E3CFB-CCAA-4AAF-AA03-D6E2D9749228}.Debug|x86.ActiveCfg = Debug|Win32
		{364E3CFB-CCAA-4AAF-AA03-D6E2D9749228}.Debug|x86.Build.0 = Debug|Win32
		{364E3CFB-CCAA-4AAF-AA03-D6E2D9749228}.Release|Any CPU.ActiveCfg = Release|Win32
		{364E3CFB-CCAA-4AAF-AA03-D6E2D9749228}.Release|ARM.ActiveCfg = Release|Win32
		{364E3CFB-CCAA-4AAF-AA03-D6E2D9749228}.Release|Mixed Platforms.ActiveCfg = Release|Win32
		{364E3CFB-CCAA-4AAF-AA03-D6E2D9749228}.Release|Mixed Platforms.Build.0 = Release|Win32
		{364E3CFB-CCAA-4AAF-AA03-D6E2D9749228}.Release|Win32.ActiveCfg = Release|Win32
		{364E3CFB-CCAA-4AAF-AA03-D6E2D9749228}.Release|Win32.Build.0 = Release|Win32
		{364E3CFB-CCAA-4AAF-AA03-D6E2D9749228}.Release|x64.ActiveCfg = Release|x64
		{364E3CFB-CCAA-4AAF-AA03-D6E2D9749228}.Release|x64.Build.0 = Release|x64
		{364E3CFB-CCAA-4AAF-AA03-D6E2D9749228}.Release|x86.ActiveCfg = Release|Win32
		{364E3CFB-CCAA-4AAF-AA03-D6E2D9749228}.Release|x86.Build.0 = Release|Win32
		{9351732D-B6EC-4DB2-BD75-F18E880B3815}.Debug|Any CPU.ActiveCfg = Debug|Win32
		{9351732D-B6EC-4DB2-BD75-F18E880B3815}.Debug|ARM.ActiveCfg = Debug|Win32
		{9351732D-B6EC-4DB2-BD75-F18E880B3815}.Debug|Mixed Platforms.ActiveCfg = Debug|Win32
		{9351732D-B6EC-4DB2-BD75-F18E880B3815}.Debug|Mixed Platforms.Build.0 = Debug|Win32
		{9351732D-B6EC-4DB2-BD75-F18E880B3815}.Debug|Win32.ActiveCfg = Debug|Win32
		{9351732D-B6EC-4DB2-BD75-F18E880B3815}.Debug|Win32.Build.0 = Debug|Win32
		{9351732D-B6EC-4DB2-BD75-F18E880B3815}.Debug|x64.ActiveCfg = Debug|x64
		{9351732D-B6EC-4DB2-BD75-F18E880B3815}.Debug|x64.Build.0 = Debug|x64
		{9351732D-B6EC-4DB2-BD75-F18E880B3815}.Debug|x86.ActiveCfg = Debug|Win32
		{9351732D-B6EC-4DB2-BD75-F18E880B3815}.Debug|x86.Build.0 = Debug|Win32
		{9351732D-B6EC-4DB2-BD75-F18E880B3815}.Release|Any CPU.ActiveCfg = Release|Win32
		{9351732D-B6EC-4DB2-BD75-F18E880B3815}.Release|ARM.ActiveCfg = Release|Win32
		{9351732D-B6EC-4DB2-BD75-F18E880B3815}.Release|Mixed Platforms.ActiveCfg = Release|Win32
		{9351732D-B6EC-4DB2-BD75-F18E880B3815}.Release|Mixed Platforms.Build.0 = Release|Win32
		{9351732D-B6EC-4DB2-BD75-F18E880B3815}.Release|Win32.ActiveCfg = Release|Win32
		{9351732D-B6EC-4DB2-BD75-F18E880B3815}.Release|Win32.Build.0 = Release|Win32
		{9351732D-B6EC-4DB2-BD75-F18E880B3815}.Release|x64.ActiveCfg = Release|x64
		{9351732D-B6EC-4DB2-BD75-F18E880B3815}.Release|x64.Build.0 = Release|x64
		{9351732D-B6EC-4DB2-BD75-F18E880B3815}.Release|x86.ActiveCfg = Release|Win32
		{9351732D-B6EC-4DB2-BD75-F18E880B3815}.Release|x86.Build.0 = Release|Win32
		{D1075B79-925A-436F-8C53-09BD4D5787E4}.Debug|Any CPU.ActiveCfg = Debug|Win32
		{D1075B79-925A-436F-8C53-09BD4D5787E4}.Debug|ARM.ActiveCfg = Debug|Win32
		{D1075B79-925A-436F-8C53-09BD4D5787E4}.Debug|Mixed Platforms.ActiveCfg = Debug|Win32
		{D1075B79-925A-436F-8C53-09BD4D5787E4}.Debug|Mixed Platforms.Build.0 = Debug|Win32
		{D1075B79-925A-436F-8C53-09BD4D5787E4}.Debug|Win32.ActiveCfg = Debug|Win32
		{D1075B79-925A-436F-8C53-09BD4D5787E4}.Debug|Win32.Build.0 = Debug|Win32
		{D1075B79-925A-436F-8C53-09BD4D5787E4}.Debug|x64.ActiveCfg = Debug|x64
		{D1075B79-925A-436F-8C53-09BD4D5787E4}.Debug|x64.Build.0 = Debug|x64
		{D1075B79-925A-436F-8C53-09BD4D5787E4}.Debug|x86.ActiveCfg = Debug|Win32
		{D1075B79-925A-436F-8C53-09BD4D5787E4}.Debug|x86.Build.0 = Debug|Win32
		{D1075B79-925A-436F-8C53-09BD4D5787E4}.Release|Any CPU.ActiveCfg = Release|Win32
		{D1075B79-925A-436F-8C53-09BD4D5787E4}.Release|ARM.ActiveCfg = Release|Win32
		{D1075B79-925A-436F-8C53-09BD4D5787E4}.Release|Mixed Platforms.ActiveCfg = Release|Win32
		{D1075B79-925A-436F-8C53-09BD4D5787E4}.Release|Mixed Platforms.Build.0 = Release|Win32
		{D1075B79-925A-436F-8C53-09BD4D5787E4}.Release|Win32.ActiveCfg = Release|Win32
		{D1075B79-925A-436F-8C53-09BD4D5787E4}.Release|Win32.Build.0 = Release|Win32
		{D1075B79-925A-436F-8C53-09BD4D5787E4}.Release|x64.ActiveCfg = Release|x64
		{D1075B79-925A-436F-8C53-09BD4D5787E4}.Release|x64.Build.0 = Release|x64
		{D1075B79-925A-436F-8C53-09BD4D5787E4}.Release|x86.ActiveCfg = Release|Win32
		{D1075B79-925A-436F-8C53-09BD4D5787E4}.Release|x86.Build.0 = Release|Win32
		{EBC3ABF4-E788-4242-A949-D366FC128B0E}.Debug|Any CPU.ActiveCfg = Debug|Win32
		{EBC3ABF4-E788-4242-A949-D366FC128B0E}.Debug|ARM.ActiveCfg = Debug|Win32
		{EBC3ABF4-E788-4242-A949-D366FC128B0E}.Debug|Mixed Platforms.ActiveCfg = Debug|Win32
		{EBC3ABF4-E788-4242-A949-D366FC128B0E}.Debug|Mixed Platforms.Build.0 = Debug|Win32
		{EBC3ABF4-E788-4242-A949-D366FC128B0E}.Debug|Win32.ActiveCfg = Debug|Win32
		{EBC3ABF4-E788-4242-A949-D366FC128B0E}.Debug|Win32.Build.0 = Debug|Win32
		{EBC3ABF4-E788-4242-A949-D366FC128B0E}.Debug|x64.ActiveCfg = Debug|x64
		{EBC3ABF4-E788-4242-A949-D366FC128B0E}.Debug|x64.Build.0 = Debug|x64
		{EBC3ABF4-E788-4242-A949-D366FC128B0E}.Debug|x86.ActiveCfg = Debug|Win32
		{EBC3ABF4-E788-4242-A949-D366FC128B0E}.Debug|x86.Build.0 = Debug|Win32
		{EBC3ABF4-E788-4242-A949-D366FC128B0E}.Release|Any CPU.ActiveCfg = Release|Win32
		{EBC3ABF4-E788-4242-A949-D366FC128B0E}.Release|ARM.ActiveCfg = Release|Win32
		{EBC3ABF4-E788-4242-A949-D366FC128B0E}.Release|Mixed Platforms.ActiveCfg = Release|Win32
		{EBC3ABF4-E788-4242-A949-D366FC128B0E}.Release|Mixed Platforms.Build.0 = Release|Win32
		{EBC3ABF4-E788-4242-A949-D366FC128B0E}.Release|Win32.ActiveCfg = Release|Win32
		{EBC3ABF4-E788-4242-A949-D366FC128B0E}.Release|Win32.Build.0 = Release|Win32
		{EBC3ABF4-E788-4242-A949-D366FC128B0E}.Release|x64.ActiveCfg = Release|x64
		{EBC3ABF4-E788-4242-A949-D366FC128B0E}.Release|x64.Build.0 = Release|x64
		{EBC3ABF4-E788-4242-A949-D366FC128B0E}.Release|x86.ActiveCfg = Release|Win32
		{EBC3ABF4-E788-4242-A949-D366FC128B0E}.Release|x86.Build.0 = Release|Win32
		{3AA64883-8227-4F60-8839-E97223CE680B}.Debug|Any CPU.ActiveCfg = Debug|Win32
		{3AA64883-8227-4F60-8839-E97223CE680B}.Debug|ARM.ActiveCfg = Debug|Win32
		{3AA64883-8227-4F60-8839-E97223CE680B}.Debug|Mixed Platforms.ActiveCfg = Debug|Win32
		{3AA64883-8227-4F60-8839-E97223CE680B}.Debug|Mixed Platforms.Build.0 = Debug|Win32
		{3AA64883-8227-4F60-8839-E97223CE680B}.Debug|Win32.ActiveCfg = Debug|Win32
		{3AA64883-8227-4F60-8839-E97223CE680B}.Debug|Win32.Build.0 = Debug|Win32
		{3AA64883-8227-4F60-8839-E97223CE680B}.Debug|x64.ActiveCfg = Debug|x64
		{3AA64883-8227-4F60-8839-E97223CE680B}.Debug|x64.Build.0 = Debug|x64
		{3AA64883-8227-4F60-8839-E97223CE680B}.Debug|x86.ActiveCfg = Debug|Win32
		{3AA64883-8227-4F60-8839-E97223CE680B}.Debug|x86.Build.0 = Debug|Win32
		{3AA64883-8227-4F60-8839-E97223CE680B}.Release|Any CPU.ActiveCfg = Release|Win32
		{3AA64883-8227-4F60-8839-E97223CE680B}.Release|ARM.ActiveCfg = Release|Win32
		{3AA64883-8227-4F60-8839-E97223CE680B}.Release|Mixed Platforms.ActiveCfg = Release|Win32
		{3AA64883-8227-4F60-8839-E97223CE680B}.Release|Mixed Platforms.Build.0 = Release|Win32
		{3AA64883-8227-4F60-8839-E97223CE680B}.Release|Win32.ActiveCfg = Release|Win32
		{3AA64883-8227-4F60-8839-E97223CE680B}.Release|Win32.Build.0 = Release|Win32
		{3AA64883-8227-4F60-8839-E97223CE680B}.Release|x64.ActiveCfg = Release|x64
		{3AA64883-8227-4F60-8839-E97223CE680B}.Release|x64.Build.0 = Release|x64
		{3AA64883-8227-4F60-8839-E97223CE680B}.Release|x86.ActiveCfg = Release|Win32
		{3AA64883-8227-4F60-8839-E97223CE680B}.Release|x86.Build.0 = Release|Win32
		{2A3ECC0A-08FE-4E18-8282-C3F355E0789F}.Debug|Any CPU.ActiveCfg = Debug|Win32
		{2A3ECC0A-08FE-4E18-8282-C3F355E0789F}.Debug|ARM.ActiveCfg = Debug|Win32
		{2A3ECC0A-08FE-4E18-8282-C3F355E0789F}.Debug|Mixed Platforms.ActiveCfg = Debug|Win32
		{2A3ECC0A-08FE-4E18-8282-C3F355E0789F}.Debug|Mixed Platforms.Build.0 = Debug|Win32
		{2A3ECC0A-08FE-4E18-8282-C3F355E0789F}.Debug|Win32.ActiveCfg = Debug|Win32
		{2A3ECC0A-08FE-4E18-8282-C3F355E0789F}.Debug|Win32.Build.0 = Debug|Win32
		{2A3ECC0A-08FE-4E18-8282-C3F355E0789F}.Debug|x64.ActiveCfg = Debug|x64
		{2A3ECC0A-08FE-4E18-8282-C3F355E0789F}.Debug|x64.Build.0 = Debug|x64
		{2A3ECC0A-08FE-4E18-8282-C3F355E0789F}.Debug|x86.ActiveCfg = Debug|Win32
		{2A3ECC0A-08FE-4E18-8282-C3F355E0789F}.Debug|x86.Build.0 = Debug|Win32
		{2A3ECC0A-08FE-4E18-8282-C3F355E0789F}.Release|Any CPU.ActiveCfg = Release|Win32
		{2A3ECC0A-08FE-4E18-8282-C3F355E0789F}.Release|ARM.ActiveCfg = Release|Win32
		{2A3ECC0A-08FE-4E18-8282-C3F355E0789F}.Release|Mixed Platforms.ActiveCfg = Release|Win32
		{2A3ECC0A-08FE-4E18-8282-C3F355E0789F}.Release|Mixed Platforms.Build.0 = Release|Win32
		{2A3ECC0A-08FE-4E18-8282-C3F355E0789F}.Release|Win32.ActiveCfg = Release|Win32
		{2A3ECC0A-08FE-4E18-8282-C3F355E0789F}.Release|Win32.Build.0 = Release|Win32
		{2A3ECC0A-08FE-4E18-8282-C3F355E0789F}.Release|x64.ActiveCfg = Release|x64
		{2A3ECC0A-08FE-4E18-8282-C3F355E0789F}.Release|x64.Build.0 = Release|x64
		{2A3ECC0A-08FE-4E18-8282-C3F355E0789F}.Release|x86.ActiveCfg = Release|Win32
		{2A3ECC0A-08FE-4E18-8282-C3F355E0789F}.Release|x86.Build.0 = Release|Win32
	EndGlobalSection
	GlobalSection(SolutionProperties) = preSolution
		HideSolutionNode = FALSE
	EndGlobalSection
	GlobalSection(NestedProjects) = preSolution
		{864E3AB0-8199-4D9E-9AD3-CC81476E8AED} = {0C59B1BA-0A0D-4B82-BD64-149C775C379B}
		{D6D5F6EF-4B74-4EBE-8D8D-E76C7C423D05} = {0C59B1BA-0A0D-4B82-BD64-149C775C379B}
		{2953F688-1281-443A-886F-95B25002C7B7} = {0C59B1BA-0A0D-4B82-BD64-149C775C379B}
		{B5C0A850-91A7-4DB1-913D-9850AD23A735} = {0C59B1BA-0A0D-4B82-BD64-149C775C379B}
		{1276506A-9D46-4A96-BFD1-333765D1849A} = {415F8C84-7E86-4306-9173-7A5AEE6A5A67}
		{B7F97C7C-9F14-4434-BA41-7A02A38363FE} = {415F8C84-7E86-4306-9173-7A5AEE6A5A67}
		{5476CBF5-F7F9-488F-B55C-B6331B82C54A} = {DD0F00A4-19CD-45DA-99CF-541925389744}
		{03AE7B65-600C-4097-A952-77E60480D562} = {415F8C84-7E86-4306-9173-7A5AEE6A5A67}
		{C027050E-1E87-42B0-826E-38FCD6382E7E} = {6BEB8F7D-0EFD-4D96-94FA-3C6EA302EDF5}
		{13510A00-7425-417D-976B-682001D3FE52} = {6BEB8F7D-0EFD-4D96-94FA-3C6EA302EDF5}
		{D6BBA38D-CC37-4F3E-B3AC-88F99BFCBCFA} = {6BEB8F7D-0EFD-4D96-94FA-3C6EA302EDF5}
		{9BEFC765-25C0-4BF0-896C-587AC470F73A} = {6BEB8F7D-0EFD-4D96-94FA-3C6EA302EDF5}
		{D8738375-5855-4241-8CB9-63FFE08E1B96} = {E69067E0-4911-4971-8702-3E7517C264E3}
		{E69067E0-4911-4971-8702-3E7517C264E3} = {C027050E-1E87-42B0-826E-38FCD6382E7E}
		{91CC6D16-F22C-434A-95E0-35EE857054C7} = {E69067E0-4911-4971-8702-3E7517C264E3}
		{59FA8028-2346-4246-854F-14DCFAB6AB56} = {C027050E-1E87-42B0-826E-38FCD6382E7E}
		{9ABCBAB4-05B4-47C5-B5D8-F201559FD096} = {C027050E-1E87-42B0-826E-38FCD6382E7E}
		{561754CB-295D-4D69-8DBC-BC069D1A636A} = {E69067E0-4911-4971-8702-3E7517C264E3}
		{236BB984-A2C6-4873-9160-8D6FE7DB0B34} = {C027050E-1E87-42B0-826E-38FCD6382E7E}
		{C3291F70-58A1-48AD-BA9A-A8A9B176EA70} = {236BB984-A2C6-4873-9160-8D6FE7DB0B34}
		{DB1936FB-7267-4EE8-8F96-E4BB79CCE7ED} = {236BB984-A2C6-4873-9160-8D6FE7DB0B34}
		{3F6348E2-4621-45C6-AD8D-91B8BE4C9072} = {236BB984-A2C6-4873-9160-8D6FE7DB0B34}
		{7AAE81D3-4848-4F34-A1F2-F8F9E24E5773} = {C027050E-1E87-42B0-826E-38FCD6382E7E}
		{1EAA1FC4-3E36-4CC8-B6C5-B32EDD3962C2} = {236BB984-A2C6-4873-9160-8D6FE7DB0B34}
		{50CF2C5D-4A13-4D16-8E65-441FE7155333} = {C027050E-1E87-42B0-826E-38FCD6382E7E}
		{CC1DC1E6-26BB-43D3-A156-4C60DC92DDB5} = {236BB984-A2C6-4873-9160-8D6FE7DB0B34}
		{22C79F18-F938-4A9E-A4B0-B77E8F87429D} = {236BB984-A2C6-4873-9160-8D6FE7DB0B34}
		{44643D7F-1C71-41C1-B452-B2DC5E088A58} = {D6BBA38D-CC37-4F3E-B3AC-88F99BFCBCFA}
		{9F71F0DA-1D72-4E96-93B7-5AC2C9CB6EDE} = {D6BBA38D-CC37-4F3E-B3AC-88F99BFCBCFA}
		{EEEFAB61-F404-4957-AC24-A3BF81C5E4ED} = {D6BBA38D-CC37-4F3E-B3AC-88F99BFCBCFA}
		{C6DAB3EE-E9A7-47FC-9B33-A8F4250C219B} = {9BEFC765-25C0-4BF0-896C-587AC470F73A}
		{CAC5582E-F5A0-42EA-85DE-325A7C0651D8} = {9BEFC765-25C0-4BF0-896C-587AC470F73A}
		{F2104B29-1AF3-4434-BA9C-78D0F2A4635F} = {CAC5582E-F5A0-42EA-85DE-325A7C0651D8}
		{80818BD9-AA06-4F52-8CF2-4A9401BFC59E} = {9BEFC765-25C0-4BF0-896C-587AC470F73A}
		{267292A0-C262-43E7-AFB1-1F63439FD465} = {80818BD9-AA06-4F52-8CF2-4A9401BFC59E}
		{16150492-838D-4376-8E74-88F569E6050D} = {CAC5582E-F5A0-42EA-85DE-325A7C0651D8}
		{2800312A-1970-47FB-87B3-DD7E96405D85} = {80818BD9-AA06-4F52-8CF2-4A9401BFC59E}
		{187F6B99-C04B-4093-9CDF-13D8FC994817} = {9BEFC765-25C0-4BF0-896C-587AC470F73A}
		{364E3CFB-CCAA-4AAF-AA03-D6E2D9749228} = {13510A00-7425-417D-976B-682001D3FE52}
		{9351732D-B6EC-4DB2-BD75-F18E880B3815} = {13510A00-7425-417D-976B-682001D3FE52}
		{D1075B79-925A-436F-8C53-09BD4D5787E4} = {13510A00-7425-417D-976B-682001D3FE52}
		{EBC3ABF4-E788-4242-A949-D366FC128B0E} = {13510A00-7425-417D-976B-682001D3FE52}
		{3AA64883-8227-4F60-8839-E97223CE680B} = {0C59B1BA-0A0D-4B82-BD64-149C775C379B}
		{2A3ECC0A-08FE-4E18-8282-C3F355E0789F} = {415F8C84-7E86-4306-9173-7A5AEE6A5A67}
	EndGlobalSection
EndGlobal
