<?xml version="1.0" encoding="utf-8"?>
<Project ToolsVersion="4.0" xmlns="http://schemas.microsoft.com/developer/msbuild/2003">
  <ItemGroup>
    <Text Include="ReadMe.txt" />
  </ItemGroup>
  <ItemGroup>
    <Filter Include="SWGUI">
      <UniqueIdentifier>{e9d5caa6-af62-4385-8920-d9e98a01281d}</UniqueIdentifier>
    </Filter>
    <Filter Include="Common">
      <UniqueIdentifier>{f7a56bac-4e13-4ed8-b2c7-94e76cb1397b}</UniqueIdentifier>
    </Filter>
  </ItemGroup>
  <ItemGroup>
    <ClInclude Include="..\..\EngineCode\Common\memory_leaks.h">
      <Filter>Common</Filter>
    </ClInclude>
    <ClInclude Include="..\..\EngineCode\Common\types_definitions.h">
      <Filter>Common</Filter>
    </ClInclude>
    <ClInclude Include="..\..\EngineCode\SWEngineGUI\AbstractButton.h">
      <Filter>SWGUI</Filter>
    </ClInclude>
    <ClInclude Include="..\..\EngineCode\SWEngineGUI\AbstractItem.h">
      <Filter>SWGUI</Filter>
    </ClInclude>
    <ClInclude Include="..\..\EngineCode\SWEngineGUI\AbstractMenu.h">
      <Filter>SWGUI</Filter>
    </ClInclude>
    <ClInclude Include="..\..\EngineCode\SWEngineGUI\AbstractText.h">
      <Filter>SWGUI</Filter>
    </ClInclude>
    <ClInclude Include="..\..\EngineCode\SWEngineGUI\AbstractTextInput.h">
      <Filter>SWGUI</Filter>
    </ClInclude>
    <ClInclude Include="..\..\EngineCode\SWEngineGUI\AbstractTexturedRegion.h">
      <Filter>SWGUI</Filter>
    </ClInclude>
    <ClInclude Include="..\..\EngineCode\SWEngineGUI\AbstractWindow.h">
      <Filter>SWGUI</Filter>
    </ClInclude>
    <ClInclude Include="..\..\EngineCode\SWEngineGUI\GUIEvent.h">
      <Filter>SWGUI</Filter>
    </ClInclude>
    <ClInclude Include="..\..\EngineCode\SWEngineGUI\Renderer.h">
      <Filter>SWGUI</Filter>
    </ClInclude>
    <ClInclude Include="..\..\EngineCode\SWEngineGUI\targetver.h">
      <Filter>SWGUI</Filter>
    </ClInclude>
    <ClInclude Include="..\..\EngineCode\SWEngineGUI\XGUI.h">
      <Filter>SWGUI</Filter>
    </ClInclude>
  </ItemGroup>
  <ItemGroup>
    <ClCompile Include="..\..\EngineCode\SWEngineGUI\AbstractButton.cpp">
      <Filter>SWGUI</Filter>
    </ClCompile>
    <ClCompile Include="..\..\EngineCode\SWEngineGUI\AbstractItem.cpp">
      <Filter>SWGUI</Filter>
    </ClCompile>
    <ClCompile Include="..\..\EngineCode\SWEngineGUI\AbstractMenu.cpp">
      <Filter>SWGUI</Filter>
    </ClCompile>
    <ClCompile Include="..\..\EngineCode\SWEngineGUI\AbstractText.cpp">
      <Filter>SWGUI</Filter>
    </ClCompile>
    <ClCompile Include="..\..\EngineCode\SWEngineGUI\AbstractTextInput.cpp">
      <Filter>SWGUI</Filter>
    </ClCompile>
    <ClCompile Include="..\..\EngineCode\SWEngineGUI\AbstractTexturedRegion.cpp">
      <Filter>SWGUI</Filter>
    </ClCompile>
    <ClCompile Include="..\..\EngineCode\SWEngineGUI\AbstractWindow.cpp">
      <Filter>SWGUI</Filter>
    </ClCompile>
    <ClCompile Include="..\..\EngineCode\SWEngineGUI\Control.cpp">
      <Filter>SWGUI</Filter>
    </ClCompile>
  </ItemGroup>
</Project>