<?xml version="1.0" encoding="utf-8"?>
<Project ToolsVersion="4.0" xmlns="http://schemas.microsoft.com/developer/msbuild/2003">
  <ItemGroup>
    <Filter Include="ExampleClasses">
      <UniqueIdentifier>{1d77e6d5-23ff-4718-b3bb-adee432f7317}</UniqueIdentifier>
    </Filter>
    <Filter Include="TestCases">
      <UniqueIdentifier>{1a637673-8cdd-432b-9ef9-d017d1ce3426}</UniqueIdentifier>
    </Filter>
  </ItemGroup>
  <ItemGroup>
    <ClCompile Include="..\..\..\EngineCode\Tests\TestPropertyWrapper\main.cpp" />
    <ClCompile Include="..\..\..\EngineCode\Tests\TestPropertyWrapper\ExampleClasses\Actor.cpp">
      <Filter>ExampleClasses</Filter>
    </ClCompile>
    <ClCompile Include="..\..\..\EngineCode\Tests\TestPropertyWrapper\ExampleClasses\CreateTestActor.cpp">
      <Filter>ExampleClasses</Filter>
    </ClCompile>
    <ClCompile Include="..\..\..\EngineCode\Tests\TestPropertyWrapper\TestCases\TestEngineObjectWrapper.cpp">
      <Filter>TestCases</Filter>
    </ClCompile>
  </ItemGroup>
  <ItemGroup>
    <ClInclude Include="..\..\..\EngineCode\Tests\TestPropertyWrapper\ExampleClasses\Actor.h">
      <Filter>ExampleClasses</Filter>
    </ClInclude>
    <ClInclude Include="..\..\..\EngineCode\Tests\TestPropertyWrapper\ExampleClasses\CreateTestActor.h">
      <Filter>ExampleClasses</Filter>
    </ClInclude>
  </ItemGroup>
</Project>