<?xml version="1.0" encoding="utf-8"?>
<Project ToolsVersion="4.0" xmlns="http://schemas.microsoft.com/developer/msbuild/2003">
  <ItemGroup>
    <Filter Include="Resource Files">
      <UniqueIdentifier>{67DA6AB6-F800-4c08-8B7A-83BB121AAD01}</UniqueIdentifier>
      <Extensions>rc;ico;cur;bmp;dlg;rc2;rct;bin;rgs;gif;jpg;jpeg;jpe;resx;tiff;tif;png;wav;mfcribbon-ms</Extensions>
    </Filter>
    <Filter Include="EngineCore">
      <UniqueIdentifier>{4FC737F1-C7A5-4376-A066-2A32D752A2FF}</UniqueIdentifier>
      <Extensions>cpp;c;cc;cxx;def;odl;idl;hpj;bat;asm;asmx</Extensions>
    </Filter>
    <Filter Include="EngineCore\MainEngine">
      <UniqueIdentifier>{f5108cd6-c6a5-4f66-b73f-3a93bc10eaa5}</UniqueIdentifier>
    </Filter>
    <Filter Include="EngineCore\GamePlay">
      <UniqueIdentifier>{8bba6272-7863-4e61-858e-e389e5eb0e6d}</UniqueIdentifier>
    </Filter>
    <Filter Include="EngineCore\Features">
      <UniqueIdentifier>{e1327c40-d2f8-4eca-8c02-727f4e70d31e}</UniqueIdentifier>
    </Filter>
    <Filter Include="EngineCore\Features\HosekSkylightModel">
      <UniqueIdentifier>{04e0e7ce-71ce-4577-a1ec-ea7432743dd2}</UniqueIdentifier>
    </Filter>
    <Filter Include="EngineCore\EngineHelpers">
      <UniqueIdentifier>{a92fa370-613c-48bf-9b89-7c4ae7f99d02}</UniqueIdentifier>
    </Filter>
    <Filter Include="EngineCore\SoundEngine">
      <UniqueIdentifier>{db0074be-24b2-40f8-add4-01a95ec3a7e1}</UniqueIdentifier>
    </Filter>
    <Filter Include="EngineCore\PhysicEngine">
      <UniqueIdentifier>{a639ee46-d361-41bb-b5dc-9824e223e87d}</UniqueIdentifier>
    </Filter>
    <Filter Include="EngineCore\ControllersEngine">
      <UniqueIdentifier>{e662f704-3493-494c-9f9a-78cc8e248b88}</UniqueIdentifier>
    </Filter>
    <Filter Include="EngineCore\DisplayEngine">
      <UniqueIdentifier>{3f99a4a6-a6b3-4938-be1a-674961b15ae0}</UniqueIdentifier>
    </Filter>
    <Filter Include="EngineCore\EventsManager">
      <UniqueIdentifier>{a2e514c0-c28f-4f55-b4a0-40c5c132317a}</UniqueIdentifier>
    </Filter>
    <Filter Include="EngineCore\UIEngine">
      <UniqueIdentifier>{6bba179b-7a11-4701-89a2-22900b92a635}</UniqueIdentifier>
    </Filter>
    <Filter Include="EngineCore\Actors">
      <UniqueIdentifier>{6569d299-6302-4020-9454-f49322687b3b}</UniqueIdentifier>
    </Filter>
    <Filter Include="EngineCore\MainEngine\Commands">
      <UniqueIdentifier>{0556bdca-3997-4844-9be5-b623dec5e803}</UniqueIdentifier>
    </Filter>
    <Filter Include="EngineCore\MainEngine\Initializers">
      <UniqueIdentifier>{01ad07dc-efd9-4c32-b9e1-f44bbf60d6a6}</UniqueIdentifier>
    </Filter>
    <Filter Include="EngineCore\Actors\BasicActors">
      <UniqueIdentifier>{b191242f-db02-46f7-9bea-32e16dfcc794}</UniqueIdentifier>
    </Filter>
    <Filter Include="EngineCore\UserApi">
      <UniqueIdentifier>{c0d0b2cf-cae1-4e71-ba4a-d7f677cc6d36}</UniqueIdentifier>
    </Filter>
    <Filter Include="EngineCore\UserApi\Input">
      <UniqueIdentifier>{c4d6fb7e-cb10-412b-9925-5a591c0d328d}</UniqueIdentifier>
    </Filter>
    <Filter Include="EngineCore\UserApi\Rendering">
      <UniqueIdentifier>{b0759e5c-4220-4f2a-9420-acbe85b9bdc1}</UniqueIdentifier>
    </Filter>
    <Filter Include="EngineCore\UserApi\Actors">
      <UniqueIdentifier>{4de6a447-a219-45ad-b390-2fe2f05f2eb6}</UniqueIdentifier>
    </Filter>
    <Filter Include="EngineCore\UserApi\Assets">
      <UniqueIdentifier>{2c1a2f9b-05ee-44e1-b030-ce3806629ee0}</UniqueIdentifier>
    </Filter>
    <Filter Include="EngineCore\PhysicEngine\Collisions">
      <UniqueIdentifier>{dacb917f-6284-4481-8b7e-d279bfa31024}</UniqueIdentifier>
    </Filter>
    <Filter Include="EngineCore\ControllersEngine\BaseClasses">
      <UniqueIdentifier>{9d051b8d-92c2-43d8-973c-a797373ca60c}</UniqueIdentifier>
    </Filter>
    <Filter Include="EngineCore\ControllersEngine\BasicControllers">
      <UniqueIdentifier>{d58b9d6c-cde4-4495-b503-06fc06b1d15c}</UniqueIdentifier>
    </Filter>
    <Filter Include="EngineCore\EventsManager\Events">
      <UniqueIdentifier>{506fcf2b-baa4-4f87-9a68-757ce8adc0d4}</UniqueIdentifier>
    </Filter>
    <Filter Include="EngineCore\ControllersEngine\BasicControllers\Editor">
      <UniqueIdentifier>{32d2f89a-54e2-47dc-96de-fd1865a06d32}</UniqueIdentifier>
    </Filter>
    <Filter Include="EngineCore\MainEngine\Diagnostics">
      <UniqueIdentifier>{68fcd04a-83f8-4914-b41b-aa84fc2f7147}</UniqueIdentifier>
    </Filter>
    <Filter Include="EngineCore\UserApi\Level">
      <UniqueIdentifier>{187abfab-e16d-4094-84b6-2da745147460}</UniqueIdentifier>
    </Filter>
    <Filter Include="EngineCore\ModelsManager">
      <UniqueIdentifier>{1767f2b9-5500-4542-ba8b-7bae84c40423}</UniqueIdentifier>
    </Filter>
    <Filter Include="EngineCore\ModelsManager\Loaders">
      <UniqueIdentifier>{d203582c-aafd-4270-be22-a0752570022c}</UniqueIdentifier>
    </Filter>
    <Filter Include="EngineCore\ModelsManager\Loaders\Texture">
      <UniqueIdentifier>{c14f3828-3c7c-4448-afbe-59abbd1c6763}</UniqueIdentifier>
    </Filter>
    <Filter Include="EngineCore\ModelsManager\Loaders\Texture\SOIL">
      <UniqueIdentifier>{2d188d8e-8868-4d2c-a9ae-439bd430e7b6}</UniqueIdentifier>
    </Filter>
    <Filter Include="EngineCore\ModelsManager\Loaders\Texture\Resampler">
      <UniqueIdentifier>{1d09ea1a-cc84-48b2-99e6-d99201bd9d2b}</UniqueIdentifier>
    </Filter>
    <Filter Include="EngineCore\ModelsManager\Loaders\Mesh">
      <UniqueIdentifier>{84cee6ae-45f7-4b5d-9cf3-5b9655b4d44c}</UniqueIdentifier>
    </Filter>
    <Filter Include="EngineCore\ModelsManager\Loaders\Mesh\SWMesh">
      <UniqueIdentifier>{5604a140-5fc9-42f2-a015-ca01e16356c3}</UniqueIdentifier>
    </Filter>
    <Filter Include="EngineCore\ModelsManager\Loaders\Material">
      <UniqueIdentifier>{2d3cb875-4168-4c4f-95e3-c21e5d5a27f3}</UniqueIdentifier>
    </Filter>
    <Filter Include="EngineCore\ModelsManager\Loaders\Material\SWMat">
      <UniqueIdentifier>{fe42bfd2-6dde-410e-a030-6618940b0d4e}</UniqueIdentifier>
    </Filter>
    <Filter Include="EngineCore\ModelsManager\Assets">
      <UniqueIdentifier>{7e4b9013-e940-473d-abbc-3f471b7cd163}</UniqueIdentifier>
    </Filter>
    <Filter Include="EngineCore\ModelsManager\Assets\Materials">
      <UniqueIdentifier>{02c96954-b96f-40f2-98ca-5f7c5acd504a}</UniqueIdentifier>
    </Filter>
    <Filter Include="EngineCore\ModelsManager\Assets\Meshes">
      <UniqueIdentifier>{6e42c9e4-6d88-482b-b844-023bf02166bb}</UniqueIdentifier>
    </Filter>
    <Filter Include="PrecompiledHeader">
      <UniqueIdentifier>{efbe35a6-cef9-471d-869b-dbcdabad4e14}</UniqueIdentifier>
    </Filter>
    <Filter Include="EngineCore\DisplayEngine\RenderPasses">
      <UniqueIdentifier>{594a6f7d-01cf-4c77-bc1d-e5158d50867d}</UniqueIdentifier>
    </Filter>
    <Filter Include="EngineCore\ModelsManager\Assets\Animations">
      <UniqueIdentifier>{a8e16bd8-754e-4cd4-b5bf-6d92576b7e77}</UniqueIdentifier>
    </Filter>
    <Filter Include="EngineCore\ModelsManager\Assets\Animations\SkeletalAnimation">
      <UniqueIdentifier>{5d7b0d4b-2473-475e-94e9-f86c051f9ef5}</UniqueIdentifier>
    </Filter>
    <Filter Include="EngineCore\DisplayEngine\RenderPasses\RenderingLogic">
      <UniqueIdentifier>{8032f393-d623-4fbd-adc7-4639818421cb}</UniqueIdentifier>
    </Filter>
    <Filter Include="EngineCore\DisplayEngine\RenderPasses\Shading">
      <UniqueIdentifier>{1a3dea75-5751-4905-9ada-cdb09196a1eb}</UniqueIdentifier>
    </Filter>
    <Filter Include="EngineCore\DisplayEngine\RenderPasses\SkyDome">
      <UniqueIdentifier>{68cef2f3-ab47-4b76-9658-a7f967f17d5c}</UniqueIdentifier>
    </Filter>
    <Filter Include="EngineCore\Actors\Components">
      <UniqueIdentifier>{468ac9aa-c852-4a0e-a5fa-8e3b8251f0f4}</UniqueIdentifier>
    </Filter>
    <Filter Include="EngineCore\Actors\Extended">
      <UniqueIdentifier>{c31dda04-50c1-4bf8-b83c-119a415a220b}</UniqueIdentifier>
    </Filter>
    <Filter Include="EngineCore\UserApi\Editor">
      <UniqueIdentifier>{c59dc3c3-921b-4307-b28d-19308d9f75d7}</UniqueIdentifier>
    </Filter>
  </ItemGroup>
  <ItemGroup>
    <ClInclude Include="$(EngineCoreSourceDir)SoundEngine\SoundEngine.h">
      <Filter>EngineCore\SoundEngine</Filter>
    </ClInclude>
    <ClInclude Include="$(EngineCoreSourceDir)Features\HosekSkylightModel\HosekSkyModel.h">
      <Filter>EngineCore\Features\HosekSkylightModel</Filter>
    </ClInclude>
    <ClInclude Include="$(EngineCoreSourceDir)Features\HosekSkylightModel\ArHosekSkyModelData_RGB.h">
      <Filter>EngineCore\Features\HosekSkylightModel</Filter>
    </ClInclude>
    <ClInclude Include="$(EngineCoreSourceDir)Features\HosekSkylightModel\HosekSkyDome.h">
      <Filter>EngineCore\Features\HosekSkylightModel</Filter>
    </ClInclude>
    <ClInclude Include="$(EngineCoreSourceDir)ControllersEngine\ControllersEngine.h">
      <Filter>EngineCore\ControllersEngine</Filter>
    </ClInclude>
    <ClInclude Include="$(EngineCoreSourceDir)targetver.h">
      <Filter>EngineCore</Filter>
    </ClInclude>
    <ClInclude Include="$(EngineCoreSourceDir)MainEngine\TimeManager.h">
      <Filter>EngineCore\MainEngine</Filter>
    </ClInclude>
    <ClInclude Include="$(EngineCoreSourceDir)EngineHelpers\PerformanceCheck.h">
      <Filter>EngineCore\EngineHelpers</Filter>
    </ClInclude>
    <ClInclude Include="$(EngineCoreSourceDir)PhysicEngine\PhysicEngine.h">
      <Filter>EngineCore\PhysicEngine</Filter>
    </ClInclude>
    <ClInclude Include="..\..\EngineCode\EngineCore\PhysicEngine\MovementEngine.h">
      <Filter>EngineCore\PhysicEngine</Filter>
    </ClInclude>
    <ClInclude Include="$(EngineCoreSourceDir)DisplayEngine\DisplayEngine.h">
      <Filter>EngineCore\DisplayEngine</Filter>
    </ClInclude>
    <ClInclude Include="$(EngineCoreSourceDir)DisplayEngine\ConstantBuffersFormat.h">
      <Filter>EngineCore\DisplayEngine</Filter>
    </ClInclude>
    <ClInclude Include="..\..\EngineCode\EngineCore\ModelsManager\DefaultAssets.h">
      <Filter>EngineCore\ModelsManager</Filter>
    </ClInclude>
    <ClInclude Include="..\..\EngineCode\EngineCore\MainEngine\Engine.h">
      <Filter>EngineCore\MainEngine</Filter>
    </ClInclude>
    <ClInclude Include="..\..\EngineCode\EngineCore\EventsManager\Event.h">
      <Filter>EngineCore\EventsManager</Filter>
    </ClInclude>
    <ClInclude Include="..\..\EngineCode\EngineCore\UIEngine\InputAbstractionLayer.h">
      <Filter>EngineCore\UIEngine</Filter>
    </ClInclude>
    <ClInclude Include="..\..\EngineCode\EngineCore\GamePlay\FableEngine.h">
      <Filter>EngineCore\GamePlay</Filter>
    </ClInclude>
    <ClInclude Include="..\..\EngineCode\EngineCore\Actors\ActorObjects.h">
      <Filter>EngineCore\Actors</Filter>
    </ClInclude>
    <ClInclude Include="..\..\EngineCode\EngineCore\ModelsManager\Loaders\ILoader.h">
      <Filter>EngineCore\ModelsManager\Loaders</Filter>
    </ClInclude>
    <ClInclude Include="..\..\EngineCode\EngineCore\GamePlay\IGamePlay.h">
      <Filter>EngineCore\GamePlay</Filter>
    </ClInclude>
    <ClInclude Include="..\..\EngineCode\EngineCore\MainEngine\EngineInterface.h">
      <Filter>EngineCore\MainEngine</Filter>
    </ClInclude>
    <ClInclude Include="..\..\EngineCode\EngineCore\DisplayEngine\RenderPass.h">
      <Filter>EngineCore\DisplayEngine</Filter>
    </ClInclude>
    <ClInclude Include="..\..\EngineCode\EngineCore\EventsManager\EventManager.h">
      <Filter>EngineCore\EventsManager</Filter>
    </ClInclude>
    <ClInclude Include="..\..\EngineCode\EngineCore\MainEngine\Commands\Command.h">
      <Filter>EngineCore\MainEngine\Commands</Filter>
    </ClInclude>
    <ClInclude Include="..\..\EngineCode\EngineCore\UIEngine\StandardAbstractionLayers.h">
      <Filter>EngineCore\UIEngine</Filter>
    </ClInclude>
    <ClInclude Include="..\..\EngineCode\EngineCore\ModelsManager\ResourceHelpers.h">
      <Filter>EngineCore\ModelsManager</Filter>
    </ClInclude>
    <ClInclude Include="..\..\EngineCode\EngineCore\Actors\ActorPreset.h">
      <Filter>EngineCore\Actors</Filter>
    </ClInclude>
    <ClInclude Include="..\..\EngineCode\EngineCore\Actors\ActorInfo.h">
      <Filter>EngineCore\Actors</Filter>
    </ClInclude>
    <ClInclude Include="..\..\EngineCode\EngineCore\Actors\ActorFactory.h">
      <Filter>EngineCore\Actors</Filter>
    </ClInclude>
    <ClInclude Include="..\..\EngineCode\EngineCore\Actors\ActorsManager.h">
      <Filter>EngineCore\Actors</Filter>
    </ClInclude>
    <ClInclude Include="..\..\EngineCode\EngineCore\MainEngine\EngineContext.h">
      <Filter>EngineCore\MainEngine</Filter>
    </ClInclude>
    <ClInclude Include="..\..\EngineCode\EngineCore\UserApi\ApiGroup.h">
      <Filter>EngineCore\UserApi</Filter>
    </ClInclude>
    <ClInclude Include="..\..\EngineCode\EngineCore\UserApi\Input\InputApi.h">
      <Filter>EngineCore\UserApi\Input</Filter>
    </ClInclude>
    <ClInclude Include="..\..\EngineCode\EngineCore\UserApi\Rendering\RenderApi.h">
      <Filter>EngineCore\UserApi\Rendering</Filter>
    </ClInclude>
    <ClInclude Include="..\..\EngineCode\EngineCore\UserApi\Actors\ActorsApi.h">
      <Filter>EngineCore\UserApi\Actors</Filter>
    </ClInclude>
    <ClInclude Include="..\..\EngineCode\EngineCore\UserApi\Actors\Assets.h">
      <Filter>EngineCore\UserApi\Actors</Filter>
    </ClInclude>
    <ClInclude Include="..\..\EngineCode\EngineCore\UserApi\Assets\AssetsApi.h">
      <Filter>EngineCore\UserApi\Assets</Filter>
    </ClInclude>
    <ClInclude Include="..\..\EngineCode\EngineCore\UserApi\Assets\Animations.h">
      <Filter>EngineCore\UserApi\Assets</Filter>
    </ClInclude>
    <ClInclude Include="..\..\EngineCode\EngineCore\UserApi\Assets\Buffers.h">
      <Filter>EngineCore\UserApi\Assets</Filter>
    </ClInclude>
    <ClInclude Include="..\..\EngineCode\EngineCore\UserApi\Assets\Materials.h">
      <Filter>EngineCore\UserApi\Assets</Filter>
    </ClInclude>
    <ClInclude Include="..\..\EngineCode\EngineCore\UserApi\Assets\RenderTargets.h">
      <Filter>EngineCore\UserApi\Assets</Filter>
    </ClInclude>
    <ClInclude Include="..\..\EngineCode\EngineCore\UserApi\Assets\Shaders.h">
      <Filter>EngineCore\UserApi\Assets</Filter>
    </ClInclude>
    <ClInclude Include="..\..\EngineCode\EngineCore\UserApi\Assets\Textures.h">
      <Filter>EngineCore\UserApi\Assets</Filter>
    </ClInclude>
    <ClInclude Include="..\..\EngineCode\EngineCore\Actors\BasicActors\CameraActor.h">
      <Filter>EngineCore\Actors\BasicActors</Filter>
    </ClInclude>
    <ClInclude Include="..\..\EngineCode\EngineCore\Actors\BasicActors\ComplexActor.h">
      <Filter>EngineCore\Actors\BasicActors</Filter>
    </ClInclude>
    <ClInclude Include="..\..\EngineCode\EngineCore\Actors\BasicActors\DynamicActor.h">
      <Filter>EngineCore\Actors\BasicActors</Filter>
    </ClInclude>
    <ClInclude Include="..\..\EngineCode\EngineCore\Actors\BasicActors\StaticActor.h">
      <Filter>EngineCore\Actors\BasicActors</Filter>
    </ClInclude>
    <ClInclude Include="..\..\EngineCode\EngineCore\PhysicEngine\CollisionEngine.h">
      <Filter>EngineCore\PhysicEngine</Filter>
    </ClInclude>
    <ClInclude Include="..\..\EngineCode\EngineCore\PhysicEngine\Collisions\CollisionOctree.h">
      <Filter>EngineCore\PhysicEngine\Collisions</Filter>
    </ClInclude>
    <ClInclude Include="..\..\EngineCode\EngineCore\PhysicEngine\Collisions\OctreeLeaf.h">
      <Filter>EngineCore\PhysicEngine\Collisions</Filter>
    </ClInclude>
    <ClInclude Include="..\..\EngineCode\EngineCore\PhysicEngine\Collisions\IOctreeNode.h">
      <Filter>EngineCore\PhysicEngine\Collisions</Filter>
    </ClInclude>
    <ClInclude Include="..\..\EngineCode\EngineCore\PhysicEngine\Collisions\OctreeNode.h">
      <Filter>EngineCore\PhysicEngine\Collisions</Filter>
    </ClInclude>
    <ClInclude Include="..\..\EngineCode\EngineCore\Actors\BasicActors\ActorBase.h">
      <Filter>EngineCore\Actors\BasicActors</Filter>
    </ClInclude>
    <ClInclude Include="..\..\EngineCode\EngineCore\Actors\BasicActors\PathNode.h">
      <Filter>EngineCore\Actors\BasicActors</Filter>
    </ClInclude>
    <ClInclude Include="..\..\EngineCode\EngineCore\Actors\BasicActors\SpawnPoint.h">
      <Filter>EngineCore\Actors\BasicActors</Filter>
    </ClInclude>
    <ClInclude Include="..\..\EngineCode\EngineCore\Actors\BasicActors\DirectionalLight.h">
      <Filter>EngineCore\Actors\BasicActors</Filter>
    </ClInclude>
    <ClInclude Include="..\..\EngineCode\EngineCore\Actors\BasicActors\LightBase.h">
      <Filter>EngineCore\Actors\BasicActors</Filter>
    </ClInclude>
    <ClInclude Include="..\..\EngineCode\EngineCore\Actors\BasicActors\PointLight.h">
      <Filter>EngineCore\Actors\BasicActors</Filter>
    </ClInclude>
    <ClInclude Include="..\..\EngineCode\EngineCore\Actors\BasicActors\SpotLight.h">
      <Filter>EngineCore\Actors\BasicActors</Filter>
    </ClInclude>
    <ClInclude Include="..\..\EngineCode\EngineCore\Actors\BasicActors\TriggerActor.h">
      <Filter>EngineCore\Actors\BasicActors</Filter>
    </ClInclude>
    <ClInclude Include="..\..\EngineCode\EngineCore\ControllersEngine\BasicControllers\SpectatorCameraController.h">
      <Filter>EngineCore\ControllersEngine\BasicControllers</Filter>
    </ClInclude>
    <ClInclude Include="..\..\EngineCode\EngineCore\ControllersEngine\BaseClasses\BaseAIController.h">
      <Filter>EngineCore\ControllersEngine\BaseClasses</Filter>
    </ClInclude>
    <ClInclude Include="..\..\EngineCode\EngineCore\ControllersEngine\BaseClasses\BaseInputController.h">
      <Filter>EngineCore\ControllersEngine\BaseClasses</Filter>
    </ClInclude>
    <ClInclude Include="..\..\EngineCode\EngineCore\ControllersEngine\BaseClasses\IController.h">
      <Filter>EngineCore\ControllersEngine\BaseClasses</Filter>
    </ClInclude>
    <ClInclude Include="..\..\EngineCode\EngineCore\EventsManager\Signal.h">
      <Filter>EngineCore\EventsManager</Filter>
    </ClInclude>
    <ClInclude Include="..\..\EngineCode\EngineCore\EventsManager\Events\KeyUpEvent.h">
      <Filter>EngineCore\EventsManager\Events</Filter>
    </ClInclude>
    <ClInclude Include="..\..\EngineCode\EngineCore\EventsManager\Events\RenderOnceEndedEvent.h">
      <Filter>EngineCore\EventsManager\Events</Filter>
    </ClInclude>
    <ClInclude Include="..\..\EngineCode\EngineCore\EventsManager\Events\KeyDownEvent.h">
      <Filter>EngineCore\EventsManager\Events</Filter>
    </ClInclude>
    <ClInclude Include="..\..\EngineCode\EngineCore\UserApi\Actors\Communication.h">
      <Filter>EngineCore\UserApi\Actors</Filter>
    </ClInclude>
    <ClInclude Include="..\..\EngineCode\EngineCore\ControllersEngine\BasicControllers\Editor\GizmoController.h">
      <Filter>EngineCore\ControllersEngine\BasicControllers\Editor</Filter>
    </ClInclude>
    <ClInclude Include="..\..\EngineCode\EngineCore\ControllersEngine\IControllersState.h">
      <Filter>EngineCore\ControllersEngine</Filter>
    </ClInclude>
    <ClInclude Include="..\..\EngineCode\EngineCore\EngineHelpers\Intersections.h">
      <Filter>EngineCore\EngineHelpers</Filter>
    </ClInclude>
    <ClInclude Include="..\..\EngineCode\EngineCore\UserApi\Level\LevelApi.h">
      <Filter>EngineCore\UserApi\Level</Filter>
    </ClInclude>
    <ClInclude Include="..\..\EngineCode\EngineCore\UserApi\Level\SerializationApi.h">
      <Filter>EngineCore\UserApi\Level</Filter>
    </ClInclude>
    <ClInclude Include="..\..\EngineCode\EngineCore\EngineHelpers\ActorsCommonFunctions.h">
      <Filter>EngineCore\EngineHelpers</Filter>
    </ClInclude>
    <ClInclude Include="..\..\EngineCode\EngineCore\Actors\ActorPointer.h">
      <Filter>EngineCore\Actors</Filter>
    </ClInclude>
    <ClInclude Include="$(EngineCoreSourceDir)ModelsManager\Loaders\FBX_files_loader\FBX_loader.h">
      <Filter>EngineCore\ModelsManager\Loaders\Mesh</Filter>
    </ClInclude>
    <ClInclude Include="..\..\EngineCode\EngineCore\ModelsManager\Loaders\Texture\TextureLoader.h">
      <Filter>EngineCore\ModelsManager\Loaders\Texture</Filter>
    </ClInclude>
    <ClInclude Include="..\..\EngineCode\EngineCore\ModelsManager\Loaders\Texture\SOIL\etc1_utils.h">
      <Filter>EngineCore\ModelsManager\Loaders\Texture\SOIL</Filter>
    </ClInclude>
    <ClInclude Include="..\..\EngineCode\EngineCore\ModelsManager\Loaders\Texture\SOIL\image_DXT.h">
      <Filter>EngineCore\ModelsManager\Loaders\Texture\SOIL</Filter>
    </ClInclude>
    <ClInclude Include="..\..\EngineCode\EngineCore\ModelsManager\Loaders\Texture\SOIL\image_helper.h">
      <Filter>EngineCore\ModelsManager\Loaders\Texture\SOIL</Filter>
    </ClInclude>
    <ClInclude Include="..\..\EngineCode\EngineCore\ModelsManager\Loaders\Texture\SOIL\jo_jpeg.h">
      <Filter>EngineCore\ModelsManager\Loaders\Texture\SOIL</Filter>
    </ClInclude>
    <ClInclude Include="..\..\EngineCode\EngineCore\ModelsManager\Loaders\Texture\SOIL\pkm_helper.h">
      <Filter>EngineCore\ModelsManager\Loaders\Texture\SOIL</Filter>
    </ClInclude>
    <ClInclude Include="..\..\EngineCode\EngineCore\ModelsManager\Loaders\Texture\SOIL\pvr_helper.h">
      <Filter>EngineCore\ModelsManager\Loaders\Texture\SOIL</Filter>
    </ClInclude>
    <ClInclude Include="..\..\EngineCode\EngineCore\ModelsManager\Loaders\Texture\SOIL\stb_image.h">
      <Filter>EngineCore\ModelsManager\Loaders\Texture\SOIL</Filter>
    </ClInclude>
    <ClInclude Include="..\..\EngineCode\EngineCore\ModelsManager\Loaders\Texture\SOIL\stb_image_write.h">
      <Filter>EngineCore\ModelsManager\Loaders\Texture\SOIL</Filter>
    </ClInclude>
    <ClInclude Include="..\..\EngineCode\EngineCore\ModelsManager\Loaders\Texture\SOIL\stbi_DDS.h">
      <Filter>EngineCore\ModelsManager\Loaders\Texture\SOIL</Filter>
    </ClInclude>
    <ClInclude Include="..\..\EngineCode\EngineCore\ModelsManager\Loaders\Texture\SOIL\stbi_DDS_c.h">
      <Filter>EngineCore\ModelsManager\Loaders\Texture\SOIL</Filter>
    </ClInclude>
    <ClInclude Include="..\..\EngineCode\EngineCore\ModelsManager\Loaders\Texture\SOIL\stbi_ext.h">
      <Filter>EngineCore\ModelsManager\Loaders\Texture\SOIL</Filter>
    </ClInclude>
    <ClInclude Include="..\..\EngineCode\EngineCore\ModelsManager\Loaders\Texture\SOIL\stbi_ext_c.h">
      <Filter>EngineCore\ModelsManager\Loaders\Texture\SOIL</Filter>
    </ClInclude>
    <ClInclude Include="..\..\EngineCode\EngineCore\ModelsManager\Loaders\Texture\SOIL\stbi_pkm.h">
      <Filter>EngineCore\ModelsManager\Loaders\Texture\SOIL</Filter>
    </ClInclude>
    <ClInclude Include="..\..\EngineCode\EngineCore\ModelsManager\Loaders\Texture\SOIL\stbi_pkm_c.h">
      <Filter>EngineCore\ModelsManager\Loaders\Texture\SOIL</Filter>
    </ClInclude>
    <ClInclude Include="..\..\EngineCode\EngineCore\ModelsManager\Loaders\Texture\SOIL\stbi_pvr.h">
      <Filter>EngineCore\ModelsManager\Loaders\Texture\SOIL</Filter>
    </ClInclude>
    <ClInclude Include="..\..\EngineCode\EngineCore\ModelsManager\Loaders\Texture\SOIL\stbi_pvr_c.h">
      <Filter>EngineCore\ModelsManager\Loaders\Texture\SOIL</Filter>
    </ClInclude>
    <ClInclude Include="..\..\EngineCode\EngineCore\ModelsManager\Loaders\Texture\Resampler\resampler.h">
      <Filter>EngineCore\ModelsManager\Loaders\Texture\Resampler</Filter>
    </ClInclude>
    <ClInclude Include="..\..\EngineCode\EngineCore\ModelsManager\Loaders\Texture\MipMapGenerator.h">
      <Filter>EngineCore\ModelsManager\Loaders\Texture</Filter>
    </ClInclude>
    <ClInclude Include="..\..\EngineCode\EngineCore\ModelsManager\Assets\Meshes\MeshAsset.h">
      <Filter>EngineCore\ModelsManager\Assets\Meshes</Filter>
    </ClInclude>
    <ClInclude Include="..\..\EngineCode\EngineCore\ModelsManager\Assets\Materials\MaterialAsset.h">
      <Filter>EngineCore\ModelsManager\Assets\Materials</Filter>
    </ClInclude>
    <ClInclude Include="..\..\EngineCode\EngineCore\ModelsManager\Assets\Materials\ShadingModelData.h">
      <Filter>EngineCore\ModelsManager\Assets\Materials</Filter>
    </ClInclude>
    <ClInclude Include="..\..\EngineCode\EngineCore\ModelsManager\Assets\Materials\PhongMaterialData.h">
      <Filter>EngineCore\ModelsManager\Assets\Materials</Filter>
    </ClInclude>
    <ClInclude Include="..\..\EngineCode\EngineCore\ModelsManager\Assets\Meshes\MeshAssetInitData.h">
      <Filter>EngineCore\ModelsManager\Assets\Meshes</Filter>
    </ClInclude>
    <ClInclude Include="..\..\EngineCode\EngineCore\ModelsManager\Assets\Meshes\MeshPart.h">
      <Filter>EngineCore\ModelsManager\Assets\Meshes</Filter>
    </ClInclude>
    <ClInclude Include="..\..\EngineCode\EngineCore\ModelsManager\Assets\Materials\MaterialAssetInitData.h">
      <Filter>EngineCore\ModelsManager\Assets\Materials</Filter>
    </ClInclude>
    <ClInclude Include="..\..\EngineCode\EngineCore\ModelsManager\Assets\Materials\MaterialInfo.h">
      <Filter>EngineCore\ModelsManager\Assets\Materials</Filter>
    </ClInclude>
    <ClInclude Include="..\..\EngineCode\EngineCore\ModelsManager\Loaders\Mesh\SWMesh\SWMeshLoader.h">
      <Filter>EngineCore\ModelsManager\Loaders\Mesh\SWMesh</Filter>
    </ClInclude>
    <ClInclude Include="..\..\EngineCode\EngineCore\ModelsManager\Loaders\Mesh\SWMesh\SWMeshHeader.h">
      <Filter>EngineCore\ModelsManager\Loaders\Mesh\SWMesh</Filter>
    </ClInclude>
    <ClInclude Include="..\..\EngineCode\EngineCore\ModelsManager\Loaders\Material\SWMat\SWMaterialLoader.h">
      <Filter>EngineCore\ModelsManager\Loaders\Material\SWMat</Filter>
    </ClInclude>
    <ClInclude Include="..\..\EngineCode\EngineCore\DisplayEngine\LightModule.h">
      <Filter>EngineCore\DisplayEngine</Filter>
    </ClInclude>
    <ClInclude Include="..\..\EngineCode\EngineCore\UserApi\Rendering\LightsApi.h">
      <Filter>EngineCore\UserApi\Rendering</Filter>
    </ClInclude>
    <ClInclude Include="..\..\EngineCode\EngineCore\ModelsManager\AssetsManager.h">
      <Filter>EngineCore\ModelsManager</Filter>
    </ClInclude>
    <ClInclude Include="..\..\EngineCode\EngineCore\ModelsManager\Loaders\FBX_files_loader\FbxHelperStructs.h">
      <Filter>EngineCore\ModelsManager\Loaders\Mesh</Filter>
    </ClInclude>
    <ClInclude Include="..\..\EngineCode\EngineCore\DisplayEngine\RenderContext.h">
      <Filter>EngineCore\DisplayEngine</Filter>
    </ClInclude>
    <ClInclude Include="..\..\EngineCode\EngineCore\stdafx.h">
      <Filter>PrecompiledHeader</Filter>
    </ClInclude>
    <ClInclude Include="$(EngineCoreSourceDir)Resource.h">
      <Filter>Resource Files</Filter>
    </ClInclude>
    <ClInclude Include="..\..\EngineCode\EngineCore\DisplayEngine\RenderPasses\IRenderPass.h">
      <Filter>EngineCore\DisplayEngine\RenderPasses</Filter>
    </ClInclude>
    <ClInclude Include="..\..\EngineCode\EngineCore\DisplayEngine\RenderPasses\IPostProcessingPass.h">
      <Filter>EngineCore\DisplayEngine\RenderPasses</Filter>
    </ClInclude>
    <ClInclude Include="..\..\EngineCode\EngineCore\ModelsManager\Assets\Animations\Skeletal\AnimationAsset.h">
      <Filter>EngineCore\ModelsManager\Assets\Animations\SkeletalAnimation</Filter>
    </ClInclude>
    <ClInclude Include="..\..\EngineCode\EngineCore\ModelsManager\Assets\Animations\Skeletal\Bone.h">
      <Filter>EngineCore\ModelsManager\Assets\Animations\SkeletalAnimation</Filter>
    </ClInclude>
    <ClInclude Include="..\..\EngineCode\EngineCore\ModelsManager\Assets\Animations\Skeletal\SkeletonAsset.h">
      <Filter>EngineCore\ModelsManager\Assets\Animations\SkeletalAnimation</Filter>
    </ClInclude>
    <ClInclude Include="..\..\EngineCode\EngineCore\ModelsManager\Assets\Animations\Key.h">
      <Filter>EngineCore\ModelsManager\Assets\Animations</Filter>
    </ClInclude>
    <ClInclude Include="..\..\EngineCode\EngineCore\ModelsManager\Assets\Animations\KeySet.h">
      <Filter>EngineCore\ModelsManager\Assets\Animations</Filter>
    </ClInclude>
    <ClInclude Include="..\..\EngineCode\EngineCore\DisplayEngine\RenderPasses\IRenderingLogicPass.h">
      <Filter>EngineCore\DisplayEngine\RenderPasses</Filter>
    </ClInclude>
    <ClInclude Include="..\..\EngineCode\EngineCore\DisplayEngine\RenderPasses\IShadowPass.h">
      <Filter>EngineCore\DisplayEngine\RenderPasses</Filter>
    </ClInclude>
    <ClInclude Include="..\..\EngineCode\EngineCore\DisplayEngine\RenderPasses\IShadingPass.h">
      <Filter>EngineCore\DisplayEngine\RenderPasses</Filter>
    </ClInclude>
    <ClInclude Include="..\..\EngineCode\EngineCore\DisplayEngine\RenderPasses\Shading\ForwardRendering.h">
      <Filter>EngineCore\DisplayEngine\RenderPasses\Shading</Filter>
    </ClInclude>
    <ClInclude Include="..\..\EngineCode\EngineCore\DisplayEngine\RenderPasses\RenderingLogic\DefaultLogic.h">
      <Filter>EngineCore\DisplayEngine\RenderPasses\RenderingLogic</Filter>
    </ClInclude>
    <ClInclude Include="..\..\EngineCode\EngineCore\DisplayEngine\RenderPasses\RenderingHelpers.h">
      <Filter>EngineCore\DisplayEngine\RenderPasses</Filter>
    </ClInclude>
    <ClInclude Include="..\..\EngineCode\EngineCore\DisplayEngine\RenderPasses\RenderPassFactory.h">
      <Filter>EngineCore\DisplayEngine\RenderPasses</Filter>
    </ClInclude>
    <ClInclude Include="..\..\EngineCode\EngineCore\DisplayEngine\RenderPasses\SkyDome\HosekSkyDomePass.h">
      <Filter>EngineCore\DisplayEngine\RenderPasses\SkyDome</Filter>
    </ClInclude>
    <ClInclude Include="..\..\EngineCode\EngineCore\Actors\Components\TransformComponent.h">
      <Filter>EngineCore\Actors\Components</Filter>
    </ClInclude>
    <ClInclude Include="..\..\EngineCode\EngineCore\Actors\Components\VisibleComponent.h">
      <Filter>EngineCore\Actors\Components</Filter>
    </ClInclude>
    <ClInclude Include="..\..\EngineCode\EngineCore\EngineHelpers\Math.h">
      <Filter>EngineCore\EngineHelpers</Filter>
    </ClInclude>
    <ClInclude Include="..\..\EngineCode\EngineCore\ModelsManager\Assets\PipelineBinding.h">
      <Filter>EngineCore\ModelsManager\Assets</Filter>
    </ClInclude>
    <ClInclude Include="..\..\EngineCode\EngineCore\ModelsManager\Assets\BufferUpdaterBase.h">
      <Filter>EngineCore\ModelsManager\Assets</Filter>
    </ClInclude>
    <ClInclude Include="..\..\EngineCode\EngineCore\MainEngine\Initializers\Config.h">
      <Filter>EngineCore\MainEngine\Initializers</Filter>
    </ClInclude>
    <ClInclude Include="..\..\EngineCode\EngineCore\Actors\Extended\SkyDome.h">
      <Filter>EngineCore\Actors\Extended</Filter>
    </ClInclude>
    <ClInclude Include="..\..\EngineCode\EngineCore\UserApi\Assets\Meshes.h">
      <Filter>EngineCore\UserApi\Assets</Filter>
    </ClInclude>
    <ClInclude Include="..\..\EngineCode\EngineCore\UIEngine\UIEngine.h">
      <Filter>EngineCore\UIEngine</Filter>
    </ClInclude>
    <ClInclude Include="..\..\EngineCode\EngineCore\UserApi\Editor\EditorApi.h">
      <Filter>EngineCore\UserApi\Editor</Filter>
    </ClInclude>
    <ClInclude Include="..\..\EngineCode\EngineCore\Actors\BasicActors\CameraData.h">
      <Filter>EngineCore\Actors\BasicActors</Filter>
    </ClInclude>
    <ClInclude Include="..\..\EngineCode\EngineCore\MainEngine\Types.h">
      <Filter>EngineCore\MainEngine</Filter>
    </ClInclude>
  </ItemGroup>
  <ItemGroup>
    <ClCompile Include="$(EngineCoreSourceDir)SoundEngine\SoundEngine.cpp">
      <Filter>EngineCore\SoundEngine</Filter>
    </ClCompile>
    <ClCompile Include="$(EngineCoreSourceDir)ControllersEngine\ControllersEngine.cpp">
      <Filter>EngineCore\ControllersEngine</Filter>
    </ClCompile>
    <ClCompile Include="$(EngineCoreSourceDir)Features\HosekSkylightModel\HosekSkylightModel.cpp">
      <Filter>EngineCore\Features\HosekSkylightModel</Filter>
    </ClCompile>
    <ClCompile Include="$(EngineCoreSourceDir)Features\HosekSkylightModel\HosekSkyDome.cpp">
      <Filter>EngineCore\Features\HosekSkylightModel</Filter>
    </ClCompile>
    <ClCompile Include="$(EngineCoreSourceDir)MainEngine\TimeManager.cpp">
      <Filter>EngineCore\MainEngine</Filter>
    </ClCompile>
    <ClCompile Include="$(EngineCoreSourceDir)EngineHelpers\PerformanceCheck.cpp">
      <Filter>EngineCore\EngineHelpers</Filter>
    </ClCompile>
    <ClCompile Include="$(EngineCoreSourceDir)PhysicEngine\PhysicEngine.cpp">
      <Filter>EngineCore\PhysicEngine</Filter>
    </ClCompile>
    <ClCompile Include="..\..\EngineCode\EngineCore\PhysicEngine\MovementEngine.cpp">
      <Filter>EngineCore\PhysicEngine</Filter>
    </ClCompile>
    <ClCompile Include="$(EngineCoreSourceDir)DisplayEngine\DisplayEngine.cpp">
      <Filter>EngineCore\DisplayEngine</Filter>
    </ClCompile>
    <ClCompile Include="..\..\EngineCode\EngineCore\ModelsManager\DefaultAssets.cpp">
      <Filter>EngineCore\ModelsManager</Filter>
    </ClCompile>
    <ClCompile Include="..\..\EngineCode\EngineCore\MainEngine\EngineInterface.cpp">
      <Filter>EngineCore\MainEngine</Filter>
    </ClCompile>
    <ClCompile Include="..\..\EngineCode\EngineCore\MainEngine\Engine.cpp">
      <Filter>EngineCore\MainEngine</Filter>
    </ClCompile>
    <ClCompile Include="..\..\EngineCode\EngineCore\EventsManager\Event.cpp">
      <Filter>EngineCore\EventsManager</Filter>
    </ClCompile>
    <ClCompile Include="..\..\EngineCode\EngineCore\UIEngine\InputAbstractionLayer.cpp">
      <Filter>EngineCore\UIEngine</Filter>
    </ClCompile>
    <ClCompile Include="..\..\EngineCode\EngineCore\GamePlay\FableEngine.cpp">
      <Filter>EngineCore\GamePlay</Filter>
    </ClCompile>
    <ClCompile Include="..\..\EngineCode\EngineCore\DisplayEngine\RenderPass.cpp">
      <Filter>EngineCore\DisplayEngine</Filter>
    </ClCompile>
    <ClCompile Include="..\..\EngineCode\EngineCore\EventsManager\EventManager.cpp">
      <Filter>EngineCore\EventsManager</Filter>
    </ClCompile>
    <ClCompile Include="..\..\EngineCode\EngineCore\UIEngine\StandardAbstractionLayer.cpp">
      <Filter>EngineCore\UIEngine</Filter>
    </ClCompile>
    <ClCompile Include="..\..\EngineCode\EngineCore\Actors\ActorFactory.cpp">
      <Filter>EngineCore\Actors</Filter>
    </ClCompile>
    <ClCompile Include="..\..\EngineCode\EngineCore\Actors\ActorsManager.cpp">
      <Filter>EngineCore\Actors</Filter>
    </ClCompile>
    <ClCompile Include="..\..\EngineCode\EngineCore\MainEngine\Initializers\AssetsInitializer.cpp">
      <Filter>EngineCore\MainEngine\Initializers</Filter>
    </ClCompile>
    <ClCompile Include="..\..\EngineCode\EngineCore\MainEngine\Initializers\DisplayerInitializer.cpp">
      <Filter>EngineCore\MainEngine\Initializers</Filter>
    </ClCompile>
    <ClCompile Include="..\..\EngineCode\EngineCore\MainEngine\Initializers\ActorClassesInitializer.cpp">
      <Filter>EngineCore\MainEngine\Initializers</Filter>
    </ClCompile>
    <ClCompile Include="..\..\EngineCode\EngineCore\UserApi\ApiGroup.cpp">
      <Filter>EngineCore\UserApi</Filter>
    </ClCompile>
    <ClCompile Include="..\..\EngineCode\EngineCore\UserApi\Input\InputApi.cpp">
      <Filter>EngineCore\UserApi\Input</Filter>
    </ClCompile>
    <ClCompile Include="..\..\EngineCode\EngineCore\UserApi\Rendering\RenderApi.cpp">
      <Filter>EngineCore\UserApi\Rendering</Filter>
    </ClCompile>
    <ClCompile Include="..\..\EngineCode\EngineCore\UserApi\Actors\ActorsApi.cpp">
      <Filter>EngineCore\UserApi\Actors</Filter>
    </ClCompile>
    <ClCompile Include="..\..\EngineCode\EngineCore\UserApi\Actors\Assets.cpp">
      <Filter>EngineCore\UserApi\Actors</Filter>
    </ClCompile>
    <ClCompile Include="..\..\EngineCode\EngineCore\UserApi\Assets\AssetsApi.cpp">
      <Filter>EngineCore\UserApi\Assets</Filter>
    </ClCompile>
    <ClCompile Include="..\..\EngineCode\EngineCore\UserApi\Assets\Animations.cpp">
      <Filter>EngineCore\UserApi\Assets</Filter>
    </ClCompile>
    <ClCompile Include="..\..\EngineCode\EngineCore\UserApi\Assets\Buffers.cpp">
      <Filter>EngineCore\UserApi\Assets</Filter>
    </ClCompile>
    <ClCompile Include="..\..\EngineCode\EngineCore\UserApi\Assets\Materials.cpp">
      <Filter>EngineCore\UserApi\Assets</Filter>
    </ClCompile>
    <ClCompile Include="..\..\EngineCode\EngineCore\UserApi\Assets\RenderTargets.cpp">
      <Filter>EngineCore\UserApi\Assets</Filter>
    </ClCompile>
    <ClCompile Include="..\..\EngineCode\EngineCore\UserApi\Assets\Shaders.cpp">
      <Filter>EngineCore\UserApi\Assets</Filter>
    </ClCompile>
    <ClCompile Include="..\..\EngineCode\EngineCore\UserApi\Assets\Textures.cpp">
      <Filter>EngineCore\UserApi\Assets</Filter>
    </ClCompile>
    <ClCompile Include="..\..\EngineCode\EngineCore\Actors\BasicActors\CameraActor.cpp">
      <Filter>EngineCore\Actors\BasicActors</Filter>
    </ClCompile>
    <ClCompile Include="..\..\EngineCode\EngineCore\Actors\BasicActors\ComplexActor.cpp">
      <Filter>EngineCore\Actors\BasicActors</Filter>
    </ClCompile>
    <ClCompile Include="..\..\EngineCode\EngineCore\Actors\BasicActors\DynamicActor.cpp">
      <Filter>EngineCore\Actors\BasicActors</Filter>
    </ClCompile>
    <ClCompile Include="..\..\EngineCode\EngineCore\Actors\BasicActors\StaticActor.cpp">
      <Filter>EngineCore\Actors\BasicActors</Filter>
    </ClCompile>
    <ClCompile Include="..\..\EngineCode\EngineCore\PhysicEngine\CollisionEngine.cpp">
      <Filter>EngineCore\PhysicEngine</Filter>
    </ClCompile>
    <ClCompile Include="..\..\EngineCode\EngineCore\PhysicEngine\Collisions\OctreeLeaf.cpp">
      <Filter>EngineCore\PhysicEngine\Collisions</Filter>
    </ClCompile>
    <ClCompile Include="..\..\EngineCode\EngineCore\PhysicEngine\Collisions\CollisionOctree.cpp">
      <Filter>EngineCore\PhysicEngine\Collisions</Filter>
    </ClCompile>
    <ClCompile Include="..\..\EngineCode\EngineCore\PhysicEngine\Collisions\OctreeNode.cpp">
      <Filter>EngineCore\PhysicEngine\Collisions</Filter>
    </ClCompile>
    <ClCompile Include="..\..\EngineCode\EngineCore\Actors\BasicActors\ActorBase.cpp">
      <Filter>EngineCore\Actors\BasicActors</Filter>
    </ClCompile>
    <ClCompile Include="..\..\EngineCode\EngineCore\Actors\BasicActors\PathNode.cpp">
      <Filter>EngineCore\Actors\BasicActors</Filter>
    </ClCompile>
    <ClCompile Include="..\..\EngineCode\EngineCore\Actors\BasicActors\SpawnPoint.cpp">
      <Filter>EngineCore\Actors\BasicActors</Filter>
    </ClCompile>
    <ClCompile Include="..\..\EngineCode\EngineCore\Actors\BasicActors\DirectionalLight.cpp">
      <Filter>EngineCore\Actors\BasicActors</Filter>
    </ClCompile>
    <ClCompile Include="..\..\EngineCode\EngineCore\Actors\BasicActors\LightBase.cpp">
      <Filter>EngineCore\Actors\BasicActors</Filter>
    </ClCompile>
    <ClCompile Include="..\..\EngineCode\EngineCore\Actors\BasicActors\PointLight.cpp">
      <Filter>EngineCore\Actors\BasicActors</Filter>
    </ClCompile>
    <ClCompile Include="..\..\EngineCode\EngineCore\Actors\BasicActors\SpotLight.cpp">
      <Filter>EngineCore\Actors\BasicActors</Filter>
    </ClCompile>
    <ClCompile Include="..\..\EngineCode\EngineCore\Actors\BasicActors\TriggerActor.cpp">
      <Filter>EngineCore\Actors\BasicActors</Filter>
    </ClCompile>
    <ClCompile Include="..\..\EngineCode\EngineCore\ControllersEngine\BasicControllers\SpectatorCameraController.cpp">
      <Filter>EngineCore\ControllersEngine\BasicControllers</Filter>
    </ClCompile>
    <ClCompile Include="..\..\EngineCode\EngineCore\ControllersEngine\BaseClasses\BaseAIController.cpp">
      <Filter>EngineCore\ControllersEngine\BaseClasses</Filter>
    </ClCompile>
    <ClCompile Include="..\..\EngineCode\EngineCore\ControllersEngine\BaseClasses\BaseInputController.cpp">
      <Filter>EngineCore\ControllersEngine\BaseClasses</Filter>
    </ClCompile>
    <ClCompile Include="..\..\EngineCode\EngineCore\ControllersEngine\BaseClasses\IController.cpp">
      <Filter>EngineCore\ControllersEngine\BaseClasses</Filter>
    </ClCompile>
    <ClCompile Include="..\..\EngineCode\EngineCore\UserApi\Actors\Communication.cpp">
      <Filter>EngineCore\UserApi\Actors</Filter>
    </ClCompile>
    <ClCompile Include="..\..\EngineCode\EngineCore\ControllersEngine\BasicControllers\Editor\GizmoController.cpp">
      <Filter>EngineCore\ControllersEngine\BasicControllers\Editor</Filter>
    </ClCompile>
    <ClCompile Include="..\..\EngineCode\EngineCore\ControllersEngine\IControllersState.cpp">
      <Filter>EngineCore\ControllersEngine</Filter>
    </ClCompile>
    <ClCompile Include="..\..\EngineCode\EngineCore\EngineHelpers\Intersections.cpp">
      <Filter>EngineCore\EngineHelpers</Filter>
    </ClCompile>
    <ClCompile Include="..\..\EngineCode\EngineCore\UserApi\Level\LevelApi.cpp">
      <Filter>EngineCore\UserApi\Level</Filter>
    </ClCompile>
    <ClCompile Include="..\..\EngineCode\EngineCore\UserApi\Level\SerializationApi.cpp">
      <Filter>EngineCore\UserApi\Level</Filter>
    </ClCompile>
    <ClCompile Include="..\..\EngineCode\EngineCore\EngineHelpers\ActorsCommonFunctions.cpp">
      <Filter>EngineCore\EngineHelpers</Filter>
    </ClCompile>
    <ClCompile Include="$(EngineCoreSourceDir)ModelsManager\Loaders\FBX_files_loader\FBX_loader.cpp">
      <Filter>EngineCore\ModelsManager\Loaders\Mesh</Filter>
    </ClCompile>
    <ClCompile Include="..\..\EngineCode\EngineCore\ModelsManager\Loaders\Texture\TextureLoader.cpp">
      <Filter>EngineCore\ModelsManager\Loaders\Texture</Filter>
    </ClCompile>
    <ClCompile Include="..\..\EngineCode\EngineCore\ModelsManager\Loaders\Texture\SOIL\image_DXT.c">
      <Filter>EngineCore\ModelsManager\Loaders\Texture\SOIL</Filter>
    </ClCompile>
    <ClCompile Include="..\..\EngineCode\EngineCore\ModelsManager\Loaders\Texture\SOIL\image_helper.c">
      <Filter>EngineCore\ModelsManager\Loaders\Texture\SOIL</Filter>
    </ClCompile>
    <ClCompile Include="..\..\EngineCode\EngineCore\ModelsManager\Loaders\Texture\SOIL\etc1_utils.cpp">
      <Filter>EngineCore\ModelsManager\Loaders\Texture\SOIL</Filter>
    </ClCompile>
    <ClCompile Include="..\..\EngineCode\EngineCore\ModelsManager\Loaders\Texture\Resampler\resampler.cpp">
      <Filter>EngineCore\ModelsManager\Loaders\Texture\Resampler</Filter>
    </ClCompile>
    <ClCompile Include="..\..\EngineCode\EngineCore\ModelsManager\Loaders\Texture\MipMapGenerator.cpp">
      <Filter>EngineCore\ModelsManager\Loaders\Texture</Filter>
    </ClCompile>
    <ClCompile Include="..\..\EngineCode\EngineCore\ModelsManager\Assets\Meshes\MeshAsset.cpp">
      <Filter>EngineCore\ModelsManager\Assets\Meshes</Filter>
    </ClCompile>
    <ClCompile Include="..\..\EngineCode\EngineCore\ModelsManager\Assets\Materials\MaterialAsset.cpp">
      <Filter>EngineCore\ModelsManager\Assets\Materials</Filter>
    </ClCompile>
    <ClCompile Include="..\..\EngineCode\EngineCore\ModelsManager\Loaders\Mesh\SWMesh\SWMeshLoader.cpp">
      <Filter>EngineCore\ModelsManager\Loaders\Mesh\SWMesh</Filter>
    </ClCompile>
    <ClCompile Include="..\..\EngineCode\EngineCore\ModelsManager\Loaders\Material\SWMat\SWMaterialLoader.cpp">
      <Filter>EngineCore\ModelsManager\Loaders\Material\SWMat</Filter>
    </ClCompile>
    <ClCompile Include="..\..\EngineCode\EngineCore\ModelsManager\Assets\Materials\ShadingModels.cpp">
      <Filter>EngineCore\ModelsManager\Assets\Materials</Filter>
    </ClCompile>
    <ClCompile Include="..\..\EngineCode\EngineCore\DisplayEngine\LightModule.cpp">
      <Filter>EngineCore\DisplayEngine</Filter>
    </ClCompile>
    <ClCompile Include="..\..\EngineCode\EngineCore\UserApi\Rendering\LightsApi.cpp">
      <Filter>EngineCore\UserApi\Rendering</Filter>
    </ClCompile>
    <ClCompile Include="..\..\EngineCode\EngineCore\ModelsManager\AssetsManager.cpp">
      <Filter>EngineCore\ModelsManager</Filter>
    </ClCompile>
    <ClCompile Include="$(EngineCoreSourceDir)stdafx.cpp">
      <Filter>PrecompiledHeader</Filter>
    </ClCompile>
    <ClCompile Include="..\..\EngineCode\EngineCore\ModelsManager\Assets\Animations\Skeletal\AnimationAsset.cpp">
      <Filter>EngineCore\ModelsManager\Assets\Animations\SkeletalAnimation</Filter>
    </ClCompile>
    <ClCompile Include="..\..\EngineCode\EngineCore\ModelsManager\Assets\Animations\Skeletal\SkeletonAsset.cpp">
      <Filter>EngineCore\ModelsManager\Assets\Animations\SkeletalAnimation</Filter>
    </ClCompile>
    <ClCompile Include="..\..\EngineCode\EngineCore\DisplayEngine\RenderPasses\Shading\ForwardRendering.cpp">
      <Filter>EngineCore\DisplayEngine\RenderPasses\Shading</Filter>
    </ClCompile>
    <ClCompile Include="..\..\EngineCode\EngineCore\DisplayEngine\RenderPasses\RenderingLogic\DefaultLogic.cpp">
      <Filter>EngineCore\DisplayEngine\RenderPasses\RenderingLogic</Filter>
    </ClCompile>
    <ClCompile Include="..\..\EngineCode\EngineCore\DisplayEngine\RenderPasses\RenderingHelpers.cpp">
      <Filter>EngineCore\DisplayEngine\RenderPasses</Filter>
    </ClCompile>
    <ClCompile Include="..\..\EngineCode\EngineCore\DisplayEngine\RenderPasses\RenderPassFactory.cpp">
      <Filter>EngineCore\DisplayEngine\RenderPasses</Filter>
    </ClCompile>
    <ClCompile Include="..\..\EngineCode\EngineCore\DisplayEngine\RenderPasses\SkyDome\HosekSkyDomePass.cpp">
      <Filter>EngineCore\DisplayEngine\RenderPasses\SkyDome</Filter>
    </ClCompile>
    <ClCompile Include="..\..\EngineCode\EngineCore\Actors\Components\VisibleComponent.cpp">
      <Filter>EngineCore\Actors\Components</Filter>
    </ClCompile>
    <ClCompile Include="..\..\EngineCode\EngineCore\EngineHelpers\Math.cpp">
      <Filter>EngineCore\EngineHelpers</Filter>
    </ClCompile>
    <ClCompile Include="..\..\EngineCode\EngineCore\Actors\Components\TransformComponent.cpp">
      <Filter>EngineCore\Actors\Components</Filter>
    </ClCompile>
    <ClCompile Include="..\..\EngineCode\EngineCore\ModelsManager\Assets\PipelineBinding.cpp">
      <Filter>EngineCore\ModelsManager\Assets</Filter>
    </ClCompile>
    <ClCompile Include="..\..\EngineCode\EngineCore\MainEngine\Initializers\Config.cpp">
      <Filter>EngineCore\MainEngine\Initializers</Filter>
    </ClCompile>
    <ClCompile Include="..\..\EngineCode\EngineCore\UserApi\Assets\Meshes.cpp">
      <Filter>EngineCore\UserApi\Assets</Filter>
    </ClCompile>
    <ClCompile Include="..\..\EngineCode\EngineCore\UIEngine\UIEngine.cpp">
      <Filter>EngineCore\UIEngine</Filter>
    </ClCompile>
    <ClCompile Include="..\..\EngineCode\EngineCore\UIEngine\UIEngineAbstractionLayers.cpp">
      <Filter>EngineCore\UIEngine</Filter>
    </ClCompile>
    <ClCompile Include="..\..\EngineCode\EngineCore\UserApi\Editor\EditorApi.cpp">
      <Filter>EngineCore\UserApi\Editor</Filter>
    </ClCompile>
  </ItemGroup>
  <ItemGroup>
    <ResourceCompile Include="$(EngineCoreSourceDir)SW_engine.rc">
      <Filter>Resource Files</Filter>
    </ResourceCompile>
  </ItemGroup>
  <ItemGroup>
    <None Include="..\..\EngineCode\EngineCore\UserApi\Actors\ActorsApi.inl">
      <Filter>EngineCore\UserApi\Actors</Filter>
    </None>
    <None Include="..\..\EngineCode\EngineCore\ModelsManager\Loaders\Material\SWMat\SWMaterialLoader.inl">
      <Filter>EngineCore\ModelsManager\Loaders\Material\SWMat</Filter>
    </None>
    <None Include="..\..\EngineCode\EngineCore\ModelsManager\Loaders\FBX_files_loader\FbxLoader.inl">
      <Filter>EngineCore\ModelsManager\Loaders\Mesh</Filter>
    </None>
  </ItemGroup>
</Project>