<?xml version="1.0" encoding="utf-8"?>
<Project ToolsVersion="4.0" xmlns="http://schemas.microsoft.com/developer/msbuild/2003">
  <ItemGroup>
    <Filter Include="Common">
      <UniqueIdentifier>{6bbf6f00-d615-4387-bd32-34d75dbe3c8a}</UniqueIdentifier>
    </Filter>
    <Filter Include="Common\System">
      <UniqueIdentifier>{9a9d5d16-2c1d-4bd1-a77c-907b65bafa57}</UniqueIdentifier>
    </Filter>
    <Filter Include="Common\Serialization">
      <UniqueIdentifier>{e7c2cdf4-2fe4-4ee4-b162-459d41685f0e}</UniqueIdentifier>
    </Filter>
    <Filter Include="Common\Serialization\SW">
      <UniqueIdentifier>{7242cb35-1237-4317-8693-8cd707b9eeeb}</UniqueIdentifier>
    </Filter>
    <Filter Include="Common\Multithreading">
      <UniqueIdentifier>{51b20355-f991-4120-b2a0-f4d99c4c042f}</UniqueIdentifier>
    </Filter>
    <Filter Include="Common\Properties">
      <UniqueIdentifier>{379ee1bb-f92b-4042-837e-0f7fb9c76861}</UniqueIdentifier>
    </Filter>
    <Filter Include="Common\Properties\Containers">
      <UniqueIdentifier>{d17437eb-55c8-4f8d-a0be-b1bb3d9a87d3}</UniqueIdentifier>
    </Filter>
  </ItemGroup>
  <ItemGroup>
    <ClInclude Include="..\..\EngineCode\Common\Delegate.h">
      <Filter>Common</Filter>
    </ClInclude>
    <ClInclude Include="..\..\EngineCode\Common\EngineObject.h">
      <Filter>Common</Filter>
    </ClInclude>
    <ClInclude Include="..\..\EngineCode\Common\MacrosSwitches.h">
      <Filter>Common</Filter>
    </ClInclude>
    <ClInclude Include="..\..\EngineCode\Common\MemoryChunk.h">
      <Filter>Common</Filter>
    </ClInclude>
    <ClInclude Include="..\..\EngineCode\Common\MemoryLeaks.h">
      <Filter>Common</Filter>
    </ClInclude>
    <ClInclude Include="..\..\EngineCode\Common\Nullable.h">
      <Filter>Common</Filter>
    </ClInclude>
    <ClInclude Include="..\..\EngineCode\Common\ObjectDeleter.h">
      <Filter>Common</Filter>
    </ClInclude>
    <ClInclude Include="..\..\EngineCode\Common\RTTR.h">
      <Filter>Common</Filter>
    </ClInclude>
    <ClInclude Include="..\..\EngineCode\Common\SWEngineInclude.h">
      <Filter>Common</Filter>
    </ClInclude>
    <ClInclude Include="..\..\EngineCode\Common\TypesDefinitions.h">
      <Filter>Common</Filter>
    </ClInclude>
    <ClInclude Include="..\..\EngineCode\Common\System\Path.h">
      <Filter>Common\System</Filter>
    </ClInclude>
    <ClInclude Include="..\..\EngineCode\Common\Serialization\SW\EngineSerializationContext.h">
      <Filter>Common\Serialization\SW</Filter>
    </ClInclude>
    <ClInclude Include="..\..\EngineCode\Common\Serialization\SW\Serialization.h">
      <Filter>Common\Serialization\SW</Filter>
    </ClInclude>
    <ClInclude Include="..\..\EngineCode\Common\Serialization\Deserializer.h">
      <Filter>Common\Serialization</Filter>
    </ClInclude>
    <ClInclude Include="..\..\EngineCode\Common\Serialization\SerializationContext.h">
      <Filter>Common\Serialization</Filter>
    </ClInclude>
    <ClInclude Include="..\..\EngineCode\Common\Serialization\Serializer.h">
      <Filter>Common\Serialization</Filter>
    </ClInclude>
    <ClInclude Include="..\..\EngineCode\Common\Multithreading\SpinLock.h">
      <Filter>Common\Multithreading</Filter>
    </ClInclude>
    <ClInclude Include="..\..\EngineCode\Common\Multithreading\SpinLockedQueue.h">
      <Filter>Common\Multithreading</Filter>
    </ClInclude>
    <ClInclude Include="..\..\EngineCode\Common\Properties\Containers\ICollection.h">
      <Filter>Common\Properties\Containers</Filter>
    </ClInclude>
    <ClInclude Include="..\..\EngineCode\Common\Properties\IEnableProperty.h">
      <Filter>Common\Properties</Filter>
    </ClInclude>
    <ClInclude Include="..\..\EngineCode\Common\Properties\Property.h">
      <Filter>Common\Properties</Filter>
    </ClInclude>
    <ClInclude Include="..\..\EngineCode\Common\Converters.h">
      <Filter>Common</Filter>
    </ClInclude>
  </ItemGroup>
  <ItemGroup>
    <ClCompile Include="..\..\EngineCode\Common\Serialization\SW\Serialization.cpp">
      <Filter>Common\Serialization\SW</Filter>
    </ClCompile>
    <ClCompile Include="..\..\EngineCode\Common\Converters.cpp">
      <Filter>Common</Filter>
    </ClCompile>
  </ItemGroup>
  <ItemGroup>
    <None Include="..\..\EngineCode\Common\Serialization\SW\Serialization.inl">
      <Filter>Common\Serialization\SW</Filter>
    </None>
  </ItemGroup>
</Project>