<?xml version="1.0" encoding="utf-8"?>
<Project ToolsVersion="4.0" xmlns="http://schemas.microsoft.com/developer/msbuild/2003">
  <ItemGroup>
    <Filter Include="LightmapsTool">
      <UniqueIdentifier>{5d98cff4-462d-49a5-b75c-b01d1ce4e7b9}</UniqueIdentifier>
    </Filter>
    <Filter Include="Common">
      <UniqueIdentifier>{0d7671c5-6635-4d92-b864-d44ef72d3a4f}</UniqueIdentifier>
    </Filter>
    <Filter Include="LightmapsTool\LigthmapWorkers">
      <UniqueIdentifier>{7a26cb1b-124d-4889-ad5f-4d118d59cbad}</UniqueIdentifier>
    </Filter>
  </ItemGroup>
  <ItemGroup>
    <ClCompile Include="..\..\EngineCode\EngineEditor\LightmapsTool\stdafx.cpp">
      <Filter>LightmapsTool</Filter>
    </ClCompile>
    <ClCompile Include="..\..\EngineCode\EngineEditor\LightmapsTool\LightmapLogic.cpp">
      <Filter>LightmapsTool</Filter>
    </ClCompile>
    <ClCompile Include="..\..\EngineCode\EngineEditor\LightmapsTool\LightmapWorkers\LightmapWorkerCPU.cpp">
      <Filter>LightmapsTool\LigthmapWorkers</Filter>
    </ClCompile>
  </ItemGroup>
  <ItemGroup>
    <ClInclude Include="..\..\EngineCode\EngineEditor\LightmapsTool\stdafx.h">
      <Filter>LightmapsTool</Filter>
    </ClInclude>
    <ClInclude Include="..\..\EngineCode\EngineEditor\LightmapsTool\targetver.h">
      <Filter>LightmapsTool</Filter>
    </ClInclude>
    <ClInclude Include="..\..\EngineCode\Common\SWEngineInclude.h">
      <Filter>Common</Filter>
    </ClInclude>
    <ClInclude Include="..\..\EngineCode\EngineEditor\LightmapsTool\LightmapLogic.h">
      <Filter>LightmapsTool</Filter>
    </ClInclude>
    <ClInclude Include="..\..\EngineCode\Common\MemoryChunk.h">
      <Filter>Common</Filter>
    </ClInclude>
    <ClInclude Include="..\..\EngineCode\EngineEditor\LightmapsTool\ExchangeDataStructs.h">
      <Filter>LightmapsTool</Filter>
    </ClInclude>
    <ClInclude Include="..\..\EngineCode\EngineEditor\LightmapsTool\LightmapWorker.h">
      <Filter>LightmapsTool</Filter>
    </ClInclude>
    <ClInclude Include="..\..\EngineCode\EngineEditor\LightmapsTool\LightmapWorkers\LightmapWorkerCPU.h">
      <Filter>LightmapsTool\LigthmapWorkers</Filter>
    </ClInclude>
    <ClInclude Include="..\..\EngineCode\EngineEditor\LightmapsTool\LightmapWorkers\LightmapWorkerCUDA.h">
      <Filter>LightmapsTool\LigthmapWorkers</Filter>
    </ClInclude>
    <ClInclude Include="..\..\EngineCode\EngineEditor\LightmapsTool\LightmapWorkers\cudaDirectXMath.h">
      <Filter>LightmapsTool\LigthmapWorkers</Filter>
    </ClInclude>
  </ItemGroup>
  <ItemGroup>
    <CudaCompile Include="..\..\EngineCode\EngineEditor\LightmapsTool\LightmapWorkers\LightmapWorkerCUDA.cu">
      <Filter>LightmapsTool\LigthmapWorkers</Filter>
    </CudaCompile>
  </ItemGroup>
</Project>