<?xml version="1.0" encoding="utf-8"?>
<Project ToolsVersion="4.0" xmlns="http://schemas.microsoft.com/developer/msbuild/2003">
  <ItemGroup>
    <Filter Include="GraphicAPI">
      <UniqueIdentifier>{7a7e0ae0-adaf-4049-afed-728845aa0f82}</UniqueIdentifier>
    </Filter>
    <Filter Include="Common">
      <UniqueIdentifier>{c83550c0-34a0-41ff-b4a8-186405bad331}</UniqueIdentifier>
    </Filter>
    <Filter Include="DX11API">
      <UniqueIdentifier>{ae039af9-e125-43c2-9c4b-8e5d1ce78570}</UniqueIdentifier>
    </Filter>
    <Filter Include="DX11API\DX11Resources">
      <UniqueIdentifier>{a5077a80-4283-4fc0-b644-5335e5ae17bd}</UniqueIdentifier>
    </Filter>
    <Filter Include="DX11API\DX11Renderer">
      <UniqueIdentifier>{441fdd6b-c1f3-4c05-9be9-657003788475}</UniqueIdentifier>
    </Filter>
    <Filter Include="DX11API\DX11Initializer">
      <UniqueIdentifier>{b75d6c25-6aa4-49fc-a15b-0750b2dace7b}</UniqueIdentifier>
    </Filter>
  </ItemGroup>
  <ItemGroup>
    <ClInclude Include="..\..\EngineCode\GraphicAPI\DX11API\DX11Resources\DX11Buffer.h">
      <Filter>DX11API\DX11Resources</Filter>
    </ClInclude>
    <ClInclude Include="..\..\EngineCode\GraphicAPI\DX11API\DX11Resources\DX11ComputeShader.h">
      <Filter>DX11API\DX11Resources</Filter>
    </ClInclude>
    <ClInclude Include="..\..\EngineCode\GraphicAPI\DX11API\DX11Resources\DX11PixelShader.h">
      <Filter>DX11API\DX11Resources</Filter>
    </ClInclude>
    <ClInclude Include="..\..\EngineCode\GraphicAPI\DX11API\DX11Resources\DX11RenderTarget.h">
      <Filter>DX11API\DX11Resources</Filter>
    </ClInclude>
    <ClInclude Include="..\..\EngineCode\GraphicAPI\DX11API\DX11Resources\DX11Texture.h">
      <Filter>DX11API\DX11Resources</Filter>
    </ClInclude>
    <ClInclude Include="..\..\EngineCode\GraphicAPI\DX11API\DX11Resources\DX11VertexShader.h">
      <Filter>DX11API\DX11Resources</Filter>
    </ClInclude>
    <ClInclude Include="..\..\EngineCode\Common\ObjectDeleter.h">
      <Filter>Common</Filter>
    </ClInclude>
    <ClInclude Include="..\..\EngineCode\GraphicAPI\DX11API\DX11Initializer\DX11APIObjects.h">
      <Filter>DX11API\DX11Initializer</Filter>
    </ClInclude>
    <ClInclude Include="..\..\EngineCode\GraphicAPI\DX11API\DX11Initializer\DX11ConstantsMapper.h">
      <Filter>DX11API\DX11Initializer</Filter>
    </ClInclude>
    <ClInclude Include="..\..\EngineCode\GraphicAPI\DX11API\DX11Resources\DX11InputLayout.h">
      <Filter>DX11API\DX11Resources</Filter>
    </ClInclude>
    <ClInclude Include="..\..\EngineCode\GraphicAPI\DX11API\DX11Resources\DX11InputLayoutDescriptor.h">
      <Filter>DX11API\DX11Resources</Filter>
    </ClInclude>
    <ClInclude Include="..\..\EngineCode\GraphicAPI\DX11API\DX11Renderer\DX11Renderer.h">
      <Filter>DX11API\DX11Renderer</Filter>
    </ClInclude>
    <ClInclude Include="..\..\EngineCode\GraphicAPI\DX11API\DX11Initializer\DX11Initializer.h">
      <Filter>DX11API\DX11Initializer</Filter>
    </ClInclude>
    <ClInclude Include="..\..\EngineCode\Common\TypesDefinitions.h">
      <Filter>Common</Filter>
    </ClInclude>
    <ClInclude Include="..\..\EngineCode\Common\MemoryLeaks.h">
      <Filter>Common</Filter>
    </ClInclude>
    <ClInclude Include="..\..\EngineCode\Common\MacrosSwitches.h">
      <Filter>Common</Filter>
    </ClInclude>
    <ClInclude Include="..\..\EngineCode\Common\EngineObject.h">
      <Filter>Common</Filter>
    </ClInclude>
    <ClInclude Include="..\..\EngineCode\GraphicAPI\DX11API\DX11Resources\DX11SwapChain.h">
      <Filter>DX11API\DX11Resources</Filter>
    </ClInclude>
    <ClInclude Include="..\..\EngineCode\GraphicAPI\GraphicAPIConstants.h">
      <Filter>GraphicAPI</Filter>
    </ClInclude>
    <ClInclude Include="..\..\EngineCode\GraphicAPI\IBuffer.h">
      <Filter>GraphicAPI</Filter>
    </ClInclude>
    <ClInclude Include="..\..\EngineCode\GraphicAPI\IGraphicAPIInitializer.h">
      <Filter>GraphicAPI</Filter>
    </ClInclude>
    <ClInclude Include="..\..\EngineCode\GraphicAPI\IRenderer.h">
      <Filter>GraphicAPI</Filter>
    </ClInclude>
    <ClInclude Include="..\..\EngineCode\GraphicAPI\IRenderTarget.h">
      <Filter>GraphicAPI</Filter>
    </ClInclude>
    <ClInclude Include="..\..\EngineCode\GraphicAPI\IShader.h">
      <Filter>GraphicAPI</Filter>
    </ClInclude>
    <ClInclude Include="..\..\EngineCode\GraphicAPI\IShaderInputLayout.h">
      <Filter>GraphicAPI</Filter>
    </ClInclude>
    <ClInclude Include="..\..\EngineCode\GraphicAPI\MeshResources.h">
      <Filter>GraphicAPI</Filter>
    </ClInclude>
    <ClInclude Include="..\..\EngineCode\GraphicAPI\ResourceObject.h">
      <Filter>GraphicAPI</Filter>
    </ClInclude>
    <ClInclude Include="..\..\EngineCode\GraphicAPI\ResourcePtr.h">
      <Filter>GraphicAPI</Filter>
    </ClInclude>
    <ClInclude Include="..\..\EngineCode\GraphicAPI\ResourcesFactory.h">
      <Filter>GraphicAPI</Filter>
    </ClInclude>
    <ClInclude Include="..\..\EngineCode\GraphicAPI\SwapChain.h">
      <Filter>GraphicAPI</Filter>
    </ClInclude>
    <ClInclude Include="..\..\EngineCode\GraphicAPI\BlendingState.h">
      <Filter>GraphicAPI</Filter>
    </ClInclude>
    <ClInclude Include="..\..\EngineCode\GraphicAPI\DepthStencilState.h">
      <Filter>GraphicAPI</Filter>
    </ClInclude>
    <ClInclude Include="..\..\EngineCode\GraphicAPI\RasterizerState.h">
      <Filter>GraphicAPI</Filter>
    </ClInclude>
    <ClInclude Include="..\..\EngineCode\GraphicAPI\DX11API\DX11Resources\DX11PipelineState.h">
      <Filter>DX11API\DX11Resources</Filter>
    </ClInclude>
  </ItemGroup>
  <ItemGroup>
    <ClCompile Include="..\..\EngineCode\GraphicAPI\DX11API\DX11Resources\DX11Buffer.cpp">
      <Filter>DX11API\DX11Resources</Filter>
    </ClCompile>
    <ClCompile Include="..\..\EngineCode\GraphicAPI\DX11API\DX11Resources\DX11ComputeShader.cpp">
      <Filter>DX11API\DX11Resources</Filter>
    </ClCompile>
    <ClCompile Include="..\..\EngineCode\GraphicAPI\DX11API\DX11Resources\DX11PixelShader.cpp">
      <Filter>DX11API\DX11Resources</Filter>
    </ClCompile>
    <ClCompile Include="..\..\EngineCode\GraphicAPI\DX11API\DX11Resources\DX11RenderTarget.cpp">
      <Filter>DX11API\DX11Resources</Filter>
    </ClCompile>
    <ClCompile Include="..\..\EngineCode\GraphicAPI\DX11API\DX11Resources\DX11Texture.cpp">
      <Filter>DX11API\DX11Resources</Filter>
    </ClCompile>
    <ClCompile Include="..\..\EngineCode\GraphicAPI\DX11API\DX11Resources\DX11VertexShader.cpp">
      <Filter>DX11API\DX11Resources</Filter>
    </ClCompile>
    <ClCompile Include="..\..\EngineCode\GraphicAPI\DX11API\DX11Initializer\DX11APIObjects.cpp">
      <Filter>DX11API\DX11Initializer</Filter>
    </ClCompile>
    <ClCompile Include="..\..\EngineCode\GraphicAPI\DX11API\DX11Resources\ResourcesFactory.cpp">
      <Filter>DX11API\DX11Resources</Filter>
    </ClCompile>
    <ClCompile Include="..\..\EngineCode\GraphicAPI\DX11API\DX11Initializer\DX11ConstantsMapper.cpp">
      <Filter>DX11API\DX11Initializer</Filter>
    </ClCompile>
    <ClCompile Include="..\..\EngineCode\GraphicAPI\DX11API\DX11Resources\DX11InputLayout.cpp">
      <Filter>DX11API\DX11Resources</Filter>
    </ClCompile>
    <ClCompile Include="..\..\EngineCode\GraphicAPI\DX11API\DX11Resources\DX11InputLayoutDescriptor.cpp">
      <Filter>DX11API\DX11Resources</Filter>
    </ClCompile>
    <ClCompile Include="..\..\EngineCode\GraphicAPI\DX11API\DX11Renderer\DX11Renderer.cpp">
      <Filter>DX11API\DX11Renderer</Filter>
    </ClCompile>
    <ClCompile Include="..\..\EngineCode\GraphicAPI\DX11API\DX11Initializer\DX11Initializer.cpp">
      <Filter>DX11API\DX11Initializer</Filter>
    </ClCompile>
    <ClCompile Include="..\..\EngineCode\GraphicAPI\DX11API\DX11Resources\DX11SwapChain.cpp">
      <Filter>DX11API\DX11Resources</Filter>
    </ClCompile>
    <ClCompile Include="..\..\EngineCode\GraphicAPI\DX11API\DX11Resources\DX11PipelineState.cpp">
      <Filter>DX11API\DX11Resources</Filter>
    </ClCompile>
  </ItemGroup>
</Project>