<?xml version="1.0" encoding="utf-8"?>
<Project ToolsVersion="4.0" xmlns="http://schemas.microsoft.com/developer/msbuild/2003">
  <ItemGroup>
    <Filter Include="GraphicAPI">
      <UniqueIdentifier>{03fac0dd-ea83-40f7-8e23-4d016d096233}</UniqueIdentifier>
    </Filter>
    <Filter Include="PrecompiledHeader">
      <UniqueIdentifier>{543e23dc-c721-48fc-8b12-546418fd0ca1}</UniqueIdentifier>
    </Filter>
  </ItemGroup>
  <ItemGroup>
    <ClInclude Include="..\..\EngineCode\GraphicAPI\GraphicAPIConstants.h">
      <Filter>GraphicAPI</Filter>
    </ClInclude>
    <ClInclude Include="..\..\EngineCode\GraphicAPI\IBuffer.h">
      <Filter>GraphicAPI</Filter>
    </ClInclude>
    <ClInclude Include="..\..\EngineCode\GraphicAPI\IGraphicAPIInitializer.h">
      <Filter>GraphicAPI</Filter>
    </ClInclude>
    <ClInclude Include="..\..\EngineCode\GraphicAPI\IRenderer.h">
      <Filter>GraphicAPI</Filter>
    </ClInclude>
    <ClInclude Include="..\..\EngineCode\GraphicAPI\IRenderTarget.h">
      <Filter>GraphicAPI</Filter>
    </ClInclude>
    <ClInclude Include="..\..\EngineCode\GraphicAPI\IShader.h">
      <Filter>GraphicAPI</Filter>
    </ClInclude>
    <ClInclude Include="..\..\EngineCode\GraphicAPI\IShaderInputLayout.h">
      <Filter>GraphicAPI</Filter>
    </ClInclude>
    <ClInclude Include="..\..\EngineCode\GraphicAPI\MeshResources.h">
      <Filter>GraphicAPI</Filter>
    </ClInclude>
    <ClInclude Include="..\..\EngineCode\GraphicAPI\ResourceObject.h">
      <Filter>GraphicAPI</Filter>
    </ClInclude>
    <ClInclude Include="..\..\EngineCode\GraphicAPI\ResourcePtr.h">
      <Filter>GraphicAPI</Filter>
    </ClInclude>
    <ClInclude Include="..\..\EngineCode\GraphicAPI\ResourcesFactory.h">
      <Filter>GraphicAPI</Filter>
    </ClInclude>
    <ClInclude Include="..\..\EngineCode\GraphicAPI\SwapChain.h">
      <Filter>GraphicAPI</Filter>
    </ClInclude>
    <ClInclude Include="..\..\EngineCode\GraphicAPI\ResourceManager.h">
      <Filter>GraphicAPI</Filter>
    </ClInclude>
    <ClInclude Include="..\..\EngineCode\GraphicAPI\BufferInitData.h">
      <Filter>GraphicAPI</Filter>
    </ClInclude>
    <ClInclude Include="..\..\EngineCode\GraphicAPI\BlendingState.h">
      <Filter>GraphicAPI</Filter>
    </ClInclude>
    <ClInclude Include="..\..\EngineCode\GraphicAPI\RasterizerState.h">
      <Filter>GraphicAPI</Filter>
    </ClInclude>
    <ClInclude Include="..\..\EngineCode\GraphicAPI\DepthStencilState.h">
      <Filter>GraphicAPI</Filter>
    </ClInclude>
    <ClInclude Include="..\..\EngineCode\GraphicAPI\stdafx.h">
      <Filter>PrecompiledHeader</Filter>
    </ClInclude>
    <ClInclude Include="..\..\EngineCode\GraphicAPI\RenderCommands.h">
      <Filter>GraphicAPI</Filter>
    </ClInclude>
  </ItemGroup>
  <ItemGroup>
    <ClCompile Include="..\..\EngineCode\GraphicAPI\MeshResources.cpp">
      <Filter>GraphicAPI</Filter>
    </ClCompile>
    <ClCompile Include="..\..\EngineCode\GraphicAPI\ResourceManager.cpp">
      <Filter>GraphicAPI</Filter>
    </ClCompile>
    <ClCompile Include="..\..\EngineCode\GraphicAPI\stdafx.cpp">
      <Filter>PrecompiledHeader</Filter>
    </ClCompile>
  </ItemGroup>
</Project>