<?xml version="1.0" encoding="utf-8"?>
<Project ToolsVersion="4.0" xmlns="http://schemas.microsoft.com/developer/msbuild/2003">
  <ItemGroup>
    <Filter Include="EditorPlugin">
      <UniqueIdentifier>{38eb21fc-9451-4c8b-8875-689600f8eed4}</UniqueIdentifier>
    </Filter>
    <Filter Include="Resources">
      <UniqueIdentifier>{8c85da9f-c09a-46fa-a488-91a0612f8822}</UniqueIdentifier>
    </Filter>
    <Filter Include="EditorPlugin\Properties">
      <UniqueIdentifier>{2be8624a-4ed5-4770-ba18-77a3ce317d08}</UniqueIdentifier>
    </Filter>
    <Filter Include="EditorPlugin\Actors">
      <UniqueIdentifier>{71478c14-da7c-41db-9654-9d676d5f623a}</UniqueIdentifier>
    </Filter>
  </ItemGroup>
  <ItemGroup>
    <ClCompile Include="..\..\EngineCode\EngineEditor\EditorPlugin\dllmain.cpp">
      <Filter>EditorPlugin</Filter>
    </ClCompile>
    <ClCompile Include="..\..\EngineCode\EngineEditor\EditorPlugin\EditorPlugin.cpp">
      <Filter>EditorPlugin</Filter>
    </ClCompile>
    <ClCompile Include="..\..\EngineCode\EngineEditor\EditorPlugin\Properties\PropertyWrapper.cpp">
      <Filter>EditorPlugin\Properties</Filter>
    </ClCompile>
    <ClCompile Include="..\..\EngineCode\EngineEditor\EditorPlugin\Actors\ActorClassMetaInfo.cpp">
      <Filter>EditorPlugin\Actors</Filter>
    </ClCompile>
    <ClCompile Include="..\..\EngineCode\EngineEditor\EditorPlugin\Actors\ActorWrapper.cpp">
      <Filter>EditorPlugin\Actors</Filter>
    </ClCompile>
  </ItemGroup>
  <ItemGroup>
    <ClInclude Include="..\..\EngineCode\EngineEditor\EditorPlugin\targetver.h">
      <Filter>EditorPlugin</Filter>
    </ClInclude>
    <ClInclude Include="..\..\EngineCode\EngineEditor\EditorPlugin\EditorPlugin.h">
      <Filter>EditorPlugin</Filter>
    </ClInclude>
    <ClInclude Include="..\..\EngineCode\EngineEditor\EditorPlugin\Resource.h">
      <Filter>Resources</Filter>
    </ClInclude>
    <ClInclude Include="..\..\EngineCode\EngineEditor\EditorPlugin\Properties\PropertyWrapper.h">
      <Filter>EditorPlugin\Properties</Filter>
    </ClInclude>
    <ClInclude Include="..\..\EngineCode\EngineEditor\EditorPlugin\Properties\PropertyHelper.h">
      <Filter>EditorPlugin\Properties</Filter>
    </ClInclude>
    <ClInclude Include="..\..\EngineCode\EngineEditor\EditorPlugin\Actors\ActorClassMetaInfo.h">
      <Filter>EditorPlugin\Actors</Filter>
    </ClInclude>
    <ClInclude Include="..\..\EngineCode\EngineEditor\EditorPlugin\EnginePointerProvider.h">
      <Filter>EditorPlugin</Filter>
    </ClInclude>
    <ClInclude Include="..\..\EngineCode\EngineEditor\EditorPlugin\Actors\ActorWrapper.h">
      <Filter>EditorPlugin\Actors</Filter>
    </ClInclude>
  </ItemGroup>
  <ItemGroup>
    <None Include="..\..\EngineCode\EngineEditor\EditorPlugin\SW_engine.aps">
      <Filter>Resources</Filter>
    </None>
  </ItemGroup>
  <ItemGroup>
    <ResourceCompile Include="..\..\EngineCode\EngineEditor\EditorPlugin\SW_engine.rc">
      <Filter>Resources</Filter>
    </ResourceCompile>
  </ItemGroup>
</Project>