<?xml version="1.0" encoding="utf-8"?>
<Project ToolsVersion="4.0" xmlns="http://schemas.microsoft.com/developer/msbuild/2003">
  <ItemGroup>
    <Filter Include="Source Files">
      <UniqueIdentifier>{4FC737F1-C7A5-4376-A066-2A32D752A2FF}</UniqueIdentifier>
      <Extensions>cpp;c;cc;cxx;def;odl;idl;hpj;bat;asm;asmx</Extensions>
    </Filter>
    <Filter Include="Resource Files">
      <UniqueIdentifier>{67DA6AB6-F800-4c08-8B7A-83BB121AAD01}</UniqueIdentifier>
      <Extensions>rc;ico;cur;bmp;dlg;rc2;rct;bin;rgs;gif;jpg;jpeg;jpe;resx;tiff;tif;png;wav;mfcribbon-ms</Extensions>
    </Filter>
    <Filter Include="Source Files\ModelsManagment">
      <UniqueIdentifier>{1767f2b9-5500-4542-ba8b-7bae84c40423}</UniqueIdentifier>
    </Filter>
    <Filter Include="Source Files\Input_GUI">
      <UniqueIdentifier>{6bba179b-7a11-4701-89a2-22900b92a635}</UniqueIdentifier>
    </Filter>
    <Filter Include="Source Files\Physic_Collisions">
      <UniqueIdentifier>{2a60f048-e5ee-422c-b713-88dcae0e30dc}</UniqueIdentifier>
    </Filter>
    <Filter Include="Source Files\MainEngine">
      <UniqueIdentifier>{f5108cd6-c6a5-4f66-b73f-3a93bc10eaa5}</UniqueIdentifier>
    </Filter>
    <Filter Include="Source Files\Sound">
      <UniqueIdentifier>{db0074be-24b2-40f8-add4-01a95ec3a7e1}</UniqueIdentifier>
    </Filter>
    <Filter Include="Source Files\GamePlay">
      <UniqueIdentifier>{8bba6272-7863-4e61-858e-e389e5eb0e6d}</UniqueIdentifier>
    </Filter>
    <Filter Include="Source Files\Controllers">
      <UniqueIdentifier>{e662f704-3493-494c-9f9a-78cc8e248b88}</UniqueIdentifier>
    </Filter>
    <Filter Include="Source Files\Features">
      <UniqueIdentifier>{e1327c40-d2f8-4eca-8c02-727f4e70d31e}</UniqueIdentifier>
    </Filter>
    <Filter Include="Source Files\Features\HosekSkylightModel">
      <UniqueIdentifier>{04e0e7ce-71ce-4577-a1ec-ea7432743dd2}</UniqueIdentifier>
    </Filter>
  </ItemGroup>
  <ItemGroup>
    <Text Include="ReadMe.txt" />
  </ItemGroup>
  <ItemGroup>
    <ClInclude Include="Engine\ObjectDeleter.h">
      <Filter>Source Files\MainEngine</Filter>
    </ClInclude>
    <ClInclude Include="Engine\SoundEngine\SoundEngine.h">
      <Filter>Source Files\Sound</Filter>
    </ClInclude>
    <ClInclude Include="Engine\PhysicEngine\PhysicEngine.h">
      <Filter>Source Files\Physic_Collisions</Filter>
    </ClInclude>
    <ClInclude Include="Engine\CollisionEngine\CollisionEngine.h">
      <Filter>Source Files\Physic_Collisions</Filter>
    </ClInclude>
    <ClInclude Include="Engine\MovementEngine\MovementEngine.h">
      <Filter>Source Files\Physic_Collisions</Filter>
    </ClInclude>
    <ClInclude Include="Engine\ModelsManager\ResourceContainer.h">
      <Filter>Source Files\ModelsManagment</Filter>
    </ClInclude>
    <ClInclude Include="Engine\ModelsManager\Loaders\FBX_files_loader\FBX_loader.h">
      <Filter>Source Files\ModelsManagment</Filter>
    </ClInclude>
    <ClInclude Include="Engine\ModelsManager\Loaders\loader_interface.h">
      <Filter>Source Files\ModelsManagment</Filter>
    </ClInclude>
    <ClInclude Include="Engine\ModelsManager\meshes_textures_materials.h">
      <Filter>Source Files\ModelsManagment</Filter>
    </ClInclude>
    <ClInclude Include="Engine\ModelsManager\ModelsManager.h">
      <Filter>Source Files\ModelsManagment</Filter>
    </ClInclude>
    <ClInclude Include="Engine\DisplayEngine\ConstantBuffersFormat.h">
      <Filter>Source Files\MainEngine</Filter>
    </ClInclude>
    <ClInclude Include="Engine\DisplayEngine\DisplayEngine.h">
      <Filter>Source Files\MainEngine</Filter>
    </ClInclude>
    <ClInclude Include="Engine\DX11_interfaces_container.h">
      <Filter>Source Files\MainEngine</Filter>
    </ClInclude>
    <ClInclude Include="Engine\Engine.h">
      <Filter>Source Files\MainEngine</Filter>
    </ClInclude>
    <ClInclude Include="Interfaces\EngineInterface.h">
      <Filter>Source Files\MainEngine</Filter>
    </ClInclude>
    <ClInclude Include="SW_engine.h">
      <Filter>Source Files\MainEngine</Filter>
    </ClInclude>
    <ClInclude Include="Engine\UI_Engine\UI_Engine.h">
      <Filter>Source Files\Input_GUI</Filter>
    </ClInclude>
    <ClInclude Include="Engine\UI_Engine\InputAbstractionLayer.h">
      <Filter>Source Files\Input_GUI</Filter>
    </ClInclude>
    <ClInclude Include="Interfaces\GamePlay.h">
      <Filter>Source Files\GamePlay</Filter>
    </ClInclude>
    <ClInclude Include="Engine\FableEngine\FableEngine.h">
      <Filter>Source Files\GamePlay</Filter>
    </ClInclude>
    <ClInclude Include="Engine\DisplayEngine\SkyDome.h">
      <Filter>Source Files\Features</Filter>
    </ClInclude>
    <ClInclude Include="Engine\Features\HosekSkylightModel\HosekSkyModel.h">
      <Filter>Source Files\Features\HosekSkylightModel</Filter>
    </ClInclude>
    <ClInclude Include="Engine\Features\HosekSkylightModel\ArHosekSkyModelData_RGB.h">
      <Filter>Source Files\Features\HosekSkylightModel</Filter>
    </ClInclude>
    <ClInclude Include="Engine\Features\HosekSkylightModel\HosekSkyDome.h">
      <Filter>Source Files\Features\HosekSkylightModel</Filter>
    </ClInclude>
    <ClInclude Include="Engine\ControllersEngine\ControllersEngine.h">
      <Filter>Source Files\Controllers</Filter>
    </ClInclude>
    <ClInclude Include="Engine\ControllersEngine\camera_controller_PROTOTYPE.h">
      <Filter>Source Files\Controllers</Filter>
    </ClInclude>
    <ClInclude Include="Engine\stdafx.h">
      <Filter>Source Files</Filter>
    </ClInclude>
    <ClInclude Include="Engine\targetver.h">
      <Filter>Source Files</Filter>
    </ClInclude>
    <ClInclude Include="Engine\Resource.h">
      <Filter>Source Files</Filter>
    </ClInclude>
    <ClInclude Include="Engine\memory_leaks.h">
      <Filter>Source Files</Filter>
    </ClInclude>
    <ClInclude Include="Engine\macros_switches.h">
      <Filter>Source Files</Filter>
    </ClInclude>
    <ClInclude Include="Engine\Engine\Events\Event.h">
      <Filter>Source Files</Filter>
    </ClInclude>
    <ClInclude Include="Engine\Interfaces\basic_interfaces.h">
      <Filter>Source Files</Filter>
    </ClInclude>
    <ClInclude Include="Engine\types_definitions.h">
      <Filter>Source Files</Filter>
    </ClInclude>
    <ClInclude Include="Engine\FableEngine\ActorCreator.h">
      <Filter>Source Files\GamePlay</Filter>
    </ClInclude>
  </ItemGroup>
  <ItemGroup>
    <ClCompile Include="Engine\ModelsManager\MaterialObject.cpp">
      <Filter>Source Files\ModelsManagment</Filter>
    </ClCompile>
    <ClCompile Include="Engine\ModelsManager\Model3DFromFile.cpp">
      <Filter>Source Files\ModelsManagment</Filter>
    </ClCompile>
    <ClCompile Include="Engine\ModelsManager\ModelsManager.cpp">
      <Filter>Source Files\ModelsManagment</Filter>
    </ClCompile>
    <ClCompile Include="Engine\ModelsManager\TextureObject.cpp">
      <Filter>Source Files\ModelsManagment</Filter>
    </ClCompile>
    <ClCompile Include="Engine\ModelsManager\Loaders\FBX_files_loader\FBX_loader.cpp">
      <Filter>Source Files\ModelsManagment</Filter>
    </ClCompile>
    <ClCompile Include="Engine\UI_Engine\UI_Engine.cpp">
      <Filter>Source Files\Input_GUI</Filter>
    </ClCompile>
    <ClCompile Include="Engine\CollisionEngine\CollisionEngine.cpp">
      <Filter>Source Files\Physic_Collisions</Filter>
    </ClCompile>
    <ClCompile Include="Engine\PhysicEngine\PhysicEngine.cpp">
      <Filter>Source Files\Physic_Collisions</Filter>
    </ClCompile>
    <ClCompile Include="Engine\MovementEngine\MovementEngine.cpp">
      <Filter>Source Files\Physic_Collisions</Filter>
    </ClCompile>
    <ClCompile Include="Engine\EngineInterface.cpp">
      <Filter>Source Files\MainEngine</Filter>
    </ClCompile>
    <ClCompile Include="Engine\SoundEngine\SoundEngine.cpp">
      <Filter>Source Files\Sound</Filter>
    </ClCompile>
    <ClCompile Include="Engine\DisplayEngine\DisplayEngine.cpp">
      <Filter>Source Files\MainEngine</Filter>
    </ClCompile>
    <ClCompile Include="Engine\FableEngine\FableEngine.cpp">
      <Filter>Source Files\GamePlay</Filter>
    </ClCompile>
    <ClCompile Include="Engine\UI_Engine\InputAbstractionLayer.cpp">
      <Filter>Source Files\Input_GUI</Filter>
    </ClCompile>
    <ClCompile Include="Engine\UI_Engine\UI_Engine_AbstractionLayers.cpp">
      <Filter>Source Files\Input_GUI</Filter>
    </ClCompile>
    <ClCompile Include="Engine\ControllersEngine\ControllersEngine.cpp">
      <Filter>Source Files\Controllers</Filter>
    </ClCompile>
    <ClCompile Include="Engine\ControllersEngine\camera_controller_PROTOTYPE.cpp">
      <Filter>Source Files\Controllers</Filter>
    </ClCompile>
    <ClCompile Include="Engine\Engine_window_functions.cpp">
      <Filter>Source Files\MainEngine</Filter>
    </ClCompile>
    <ClCompile Include="Engine\Engine.cpp">
      <Filter>Source Files\MainEngine</Filter>
    </ClCompile>
    <ClCompile Include="Engine\ModelsManager\VertexShaderObject.cpp">
      <Filter>Source Files\ModelsManagment</Filter>
    </ClCompile>
    <ClCompile Include="Engine\ModelsManager\PixelShaderObject.cpp">
      <Filter>Source Files\ModelsManagment</Filter>
    </ClCompile>
    <ClCompile Include="Engine\ModelsManager\BufferObject.cpp">
      <Filter>Source Files\ModelsManagment</Filter>
    </ClCompile>
    <ClCompile Include="Engine\DX11_interfaces_container.cpp">
      <Filter>Source Files\MainEngine</Filter>
    </ClCompile>
    <ClCompile Include="Engine\ModelsManager\vertex_layouts.cpp">
      <Filter>Source Files\ModelsManagment</Filter>
    </ClCompile>
    <ClCompile Include="Engine\ModelsManager\MeshPartObject.cpp">
      <Filter>Source Files\ModelsManagment</Filter>
    </ClCompile>
    <ClCompile Include="Engine\Features\HosekSkylightModel\HosekSkylightModel.cpp">
      <Filter>Source Files\Features\HosekSkylightModel</Filter>
    </ClCompile>
    <ClCompile Include="Engine\Features\HosekSkylightModel\HosekSkyDome.cpp">
      <Filter>Source Files\Features\HosekSkylightModel</Filter>
    </ClCompile>
    <ClCompile Include="Engine\stdafx.cpp">
      <Filter>Source Files</Filter>
    </ClCompile>
    <ClCompile Include="Engine\Interfaces\basic_interfaces.cpp">
      <Filter>Source Files</Filter>
    </ClCompile>
    <ClCompile Include="Engine\SW_engine.cpp">
      <Filter>Source Files\MainEngine</Filter>
    </ClCompile>
    <ClCompile Include="Engine\Events\Event.cpp">
      <Filter>Source Files</Filter>
    </ClCompile>
    <ClCompile Include="Engine\macros_switches.cpp">
      <Filter>Source Files</Filter>
    </ClCompile>
    <ClCompile Include="Engine\FableEngine\ActorCreator.cpp">
      <Filter>Source Files\GamePlay</Filter>
    </ClCompile>
  </ItemGroup>
  <ItemGroup>
    <Image Include="small.ico">
      <Filter>Resource Files</Filter>
    </Image>
    <Image Include="SW_engine.ico">
      <Filter>Resource Files</Filter>
    </Image>
  </ItemGroup>
  <ItemGroup>
    <ResourceCompile Include="Engine\SW_engine.rc">
      <Filter>Resource Files</Filter>
    </ResourceCompile>
  </ItemGroup>
</Project>