<?xml version="1.0" encoding="utf-8"?>
<Project ToolsVersion="4.0" xmlns="http://schemas.microsoft.com/developer/msbuild/2003">
  <ItemGroup>
    <Filter Include="Common">
      <UniqueIdentifier>{f7a56bac-4e13-4ed8-b2c7-94e76cb1397b}</UniqueIdentifier>
    </Filter>
    <Filter Include="EngineGUI">
      <UniqueIdentifier>{e9d5caa6-af62-4385-8920-d9e98a01281d}</UniqueIdentifier>
    </Filter>
  </ItemGroup>
  <ItemGroup>
    <ClInclude Include="..\..\EngineCode\Common\memory_leaks.h">
      <Filter>Common</Filter>
    </ClInclude>
    <ClInclude Include="..\..\EngineCode\EngineGUI\AbstractButton.h">
      <Filter>EngineGUI</Filter>
    </ClInclude>
    <ClInclude Include="..\..\EngineCode\EngineGUI\AbstractItem.h">
      <Filter>EngineGUI</Filter>
    </ClInclude>
    <ClInclude Include="..\..\EngineCode\EngineGUI\AbstractMenu.h">
      <Filter>EngineGUI</Filter>
    </ClInclude>
    <ClInclude Include="..\..\EngineCode\EngineGUI\AbstractText.h">
      <Filter>EngineGUI</Filter>
    </ClInclude>
    <ClInclude Include="..\..\EngineCode\EngineGUI\AbstractTextInput.h">
      <Filter>EngineGUI</Filter>
    </ClInclude>
    <ClInclude Include="..\..\EngineCode\EngineGUI\AbstractTexturedRegion.h">
      <Filter>EngineGUI</Filter>
    </ClInclude>
    <ClInclude Include="..\..\EngineCode\EngineGUI\AbstractWindow.h">
      <Filter>EngineGUI</Filter>
    </ClInclude>
    <ClInclude Include="..\..\EngineCode\EngineGUI\GUIEvent.h">
      <Filter>EngineGUI</Filter>
    </ClInclude>
    <ClInclude Include="..\..\EngineCode\EngineGUI\targetver.h">
      <Filter>EngineGUI</Filter>
    </ClInclude>
    <ClInclude Include="..\..\EngineCode\EngineGUI\XGUI.h">
      <Filter>EngineGUI</Filter>
    </ClInclude>
    <ClInclude Include="..\..\EngineCode\EngineGUI\Renderer.h">
      <Filter>EngineGUI</Filter>
    </ClInclude>
    <ClInclude Include="..\..\EngineCode\Common\TypesDefinitions.h">
      <Filter>Common</Filter>
    </ClInclude>
  </ItemGroup>
  <ItemGroup>
    <ClCompile Include="..\..\EngineCode\EngineGUI\AbstractButton.cpp">
      <Filter>EngineGUI</Filter>
    </ClCompile>
    <ClCompile Include="..\..\EngineCode\EngineGUI\AbstractItem.cpp">
      <Filter>EngineGUI</Filter>
    </ClCompile>
    <ClCompile Include="..\..\EngineCode\EngineGUI\AbstractMenu.cpp">
      <Filter>EngineGUI</Filter>
    </ClCompile>
    <ClCompile Include="..\..\EngineCode\EngineGUI\AbstractText.cpp">
      <Filter>EngineGUI</Filter>
    </ClCompile>
    <ClCompile Include="..\..\EngineCode\EngineGUI\AbstractTextInput.cpp">
      <Filter>EngineGUI</Filter>
    </ClCompile>
    <ClCompile Include="..\..\EngineCode\EngineGUI\AbstractTexturedRegion.cpp">
      <Filter>EngineGUI</Filter>
    </ClCompile>
    <ClCompile Include="..\..\EngineCode\EngineGUI\AbstractWindow.cpp">
      <Filter>EngineGUI</Filter>
    </ClCompile>
    <ClCompile Include="..\..\EngineCode\EngineGUI\Control.cpp">
      <Filter>EngineGUI</Filter>
    </ClCompile>
  </ItemGroup>
</Project>